// !$*UTF8*$!
{
	archiveVersion = 1;
	classes = {
	};
	objectVersion = 77;
	objects = {

/* Begin PBXBuildFile section */
		B3CD89C02FB1F1A40042B68B /* AppDelegate.swift in Sources */ = {isa = PBXBuildFile; fileRef = B3CD89BF2FB1F1A40042B68B /* AppDelegate.swift */; };
		B3CD89C22FB1F1A40042B68B /* SceneDelegate.swift in Sources */ = {isa = PBXBuildFile; fileRef = B3CD89C12FB1F1A40042B68B /* SceneDelegate.swift */; };
		B3CD89C52FB1F1A40042B68B /* LaunchScreen.storyboard in Resources */ = {isa = PBXBuildFile; fileRef = B3CD89C32FB1F1A40042B68B /* LaunchScreen.storyboard */; };
		B3CD89C82FB1F1A40042B68B /* Main.storyboard in Resources */ = {isa = PBXBuildFile; fileRef = B3CD89C62FB1F1A40042B68B /* Main.storyboard */; };
		B3CD89D12FB1F1A40042B68B /* AppDelegate.swift in Sources */ = {isa = PBXBuildFile; fileRef = B3CD89D02FB1F1A40042B68B /* AppDelegate.swift */; };
		B3CD89D42FB1F1A40042B68B /* Main.storyboard in Resources */ = {isa = PBXBuildFile; fileRef = B3CD89D22FB1F1A40042B68B /* Main.storyboard */; };
		B3CD89DB2FB1F1A40042B68B /* Teams but (actually) good Extension.appex in Embed Foundation Extensions */ = {isa = PBXBuildFile; fileRef = B3CD89DA2FB1F1A40042B68B /* Teams but (actually) good Extension.appex */; settings = {ATTRIBUTES = (RemoveHeadersOnCopy, ); }; };
		B3CD89E52FB1F1A40042B68B /* Teams but (actually) good Extension.appex in Embed Foundation Extensions */ = {isa = PBXBuildFile; fileRef = B3CD89E42FB1F1A40042B68B /* Teams but (actually) good Extension.appex */; settings = {ATTRIBUTES = (RemoveHeadersOnCopy, ); }; };
		B3CD89EA2FB1F1A50042B68B /* Main.html in Resources */ = {isa = PBXBuildFile; fileRef = B3CD89AF2FB1F1A40042B68B /* Main.html */; };
		B3CD89EB2FB1F1A50042B68B /* Main.html in Resources */ = {isa = PBXBuildFile; fileRef = B3CD89AF2FB1F1A40042B68B /* Main.html */; };
		B3CD89EC2FB1F1A50042B68B /* Icon.png in Resources */ = {isa = PBXBuildFile; fileRef = B3CD89B12FB1F1A40042B68B /* Icon.png */; };
		B3CD89ED2FB1F1A50042B68B /* Icon.png in Resources */ = {isa = PBXBuildFile; fileRef = B3CD89B12FB1F1A40042B68B /* Icon.png */; };
		B3CD89EE2FB1F1A50042B68B /* Style.css in Resources */ = {isa = PBXBuildFile; fileRef = B3CD89B22FB1F1A40042B68B /* Style.css */; };
		B3CD89EF2FB1F1A50042B68B /* Style.css in Resources */ = {isa = PBXBuildFile; fileRef = B3CD89B22FB1F1A40042B68B /* Style.css */; };
		B3CD89F02FB1F1A50042B68B /* Script.js in Resources */ = {isa = PBXBuildFile; fileRef = B3CD89B32FB1F1A40042B68B /* Script.js */; };
		B3CD89F12FB1F1A50042B68B /* Script.js in Resources */ = {isa = PBXBuildFile; fileRef = B3CD89B32FB1F1A40042B68B /* Script.js */; };
		B3CD89F22FB1F1A50042B68B /* ViewController.swift in Sources */ = {isa = PBXBuildFile; fileRef = B3CD89B42FB1F1A40042B68B /* ViewController.swift */; };
		B3CD89F32FB1F1A50042B68B /* ViewController.swift in Sources */ = {isa = PBXBuildFile; fileRef = B3CD89B42FB1F1A40042B68B /* ViewController.swift */; };
		B3CD89F42FB1F1A50042B68B /* Assets.xcassets in Resources */ = {isa = PBXBuildFile; fileRef = B3CD89B52FB1F1A40042B68B /* Assets.xcassets */; };
		B3CD89F52FB1F1A50042B68B /* Assets.xcassets in Resources */ = {isa = PBXBuildFile; fileRef = B3CD89B52FB1F1A40042B68B /* Assets.xcassets */; };
		B3CD89F62FB1F1A50042B68B /* SafariWebExtensionHandler.swift in Sources */ = {isa = PBXBuildFile; fileRef = B3CD89B72FB1F1A40042B68B /* SafariWebExtensionHandler.swift */; };
		B3CD89F72FB1F1A50042B68B /* SafariWebExtensionHandler.swift in Sources */ = {isa = PBXBuildFile; fileRef = B3CD89B72FB1F1A40042B68B /* SafariWebExtensionHandler.swift */; };
		B3CD8A122FB1F1A50042B68B /* manifest.safari.json in Resources */ = {isa = PBXBuildFile; fileRef = B3CD8A092FB1F1A50042B68B /* manifest.safari.json */; };
		B3CD8A132FB1F1A50042B68B /* popup.js in Resources */ = {isa = PBXBuildFile; fileRef = B3CD8A0A2FB1F1A50042B68B /* popup.js */; };
		B3CD8A142FB1F1A50042B68B /* background.js in Resources */ = {isa = PBXBuildFile; fileRef = B3CD8A0B2FB1F1A50042B68B /* background.js */; };
		B3CD8A152FB1F1A50042B68B /* popup.html in Resources */ = {isa = PBXBuildFile; fileRef = B3CD8A0C2FB1F1A50042B68B /* popup.html */; };
		B3CD8A162FB1F1A50042B68B /* injection.js in Resources */ = {isa = PBXBuildFile; fileRef = B3CD8A0D2FB1F1A50042B68B /* injection.js */; };
		B3CD8A172FB1F1A50042B68B /* manifest.firefox.json in Resources */ = {isa = PBXBuildFile; fileRef = B3CD8A0E2FB1F1A50042B68B /* manifest.firefox.json */; };
		B3CD8A182FB1F1A50042B68B /* manifest.chrome.json in Resources */ = {isa = PBXBuildFile; fileRef = B3CD8A0F2FB1F1A50042B68B /* manifest.chrome.json */; };
		B3CD8A192FB1F1A50042B68B /* icons in Resources */ = {isa = PBXBuildFile; fileRef = B3CD8A102FB1F1A50042B68B /* icons */; };
		B3CD8A1A2FB1F1A50042B68B /* manifest.json in Resources */ = {isa = PBXBuildFile; fileRef = B3CD8A112FB1F1A50042B68B /* manifest.json */; };
		B3CD8A1B2FB1F1A50042B68B /* manifest.safari.json in Resources */ = {isa = PBXBuildFile; fileRef = B3CD8A092FB1F1A50042B68B /* manifest.safari.json */; };
		B3CD8A1C2FB1F1A50042B68B /* popup.js in Resources */ = {isa = PBXBuildFile; fileRef = B3CD8A0A2FB1F1A50042B68B /* popup.js */; };
		B3CD8A1D2FB1F1A50042B68B /* background.js in Resources */ = {isa = PBXBuildFile; fileRef = B3CD8A0B2FB1F1A50042B68B /* background.js */; };
		B3CD8A1E2FB1F1A50042B68B /* popup.html in Resources */ = {isa = PBXBuildFile; fileRef = B3CD8A0C2FB1F1A50042B68B /* popup.html */; };
		B3CD8A1F2FB1F1A50042B68B /* injection.js in Resources */ = {isa = PBXBuildFile; fileRef = B3CD8A0D2FB1F1A50042B68B /* injection.js */; };
		B3CD8A202FB1F1A50042B68B /* manifest.firefox.json in Resources */ = {isa = PBXBuildFile; fileRef = B3CD8A0E2FB1F1A50042B68B /* manifest.firefox.json */; };
		B3CD8A212FB1F1A50042B68B /* manifest.chrome.json in Resources */ = {isa = PBXBuildFile; fileRef = B3CD8A0F2FB1F1A50042B68B /* manifest.chrome.json */; };
		B3CD8A222FB1F1A50042B68B /* icons in Resources */ = {isa = PBXBuildFile; fileRef = B3CD8A102FB1F1A50042B68B /* icons */; };
		B3CD8A232FB1F1A50042B68B /* manifest.json in Resources */ = {isa = PBXBuildFile; fileRef = B3CD8A112FB1F1A50042B68B /* manifest.json */; };
/* End PBXBuildFile section */

/* Begin PBXContainerItemProxy section */
		B3CD89DC2FB1F1A40042B68B /* PBXContainerItemProxy */ = {
			isa = PBXContainerItemProxy;
			containerPortal = B3CD89A92FB1F1A30042B68B /* Project object */;
			proxyType = 1;
			remoteGlobalIDString = B3CD89D92FB1F1A40042B68B;
			remoteInfo = "Teams but (actually) good Extension (iOS)";
		};
		B3CD89E62FB1F1A40042B68B /* PBXContainerItemProxy */ = {
			isa = PBXContainerItemProxy;
			containerPortal = B3CD89A92FB1F1A30042B68B /* Project object */;
			proxyType = 1;
			remoteGlobalIDString = B3CD89E32FB1F1A40042B68B;
			remoteInfo = "Teams but (actually) good Extension (macOS)";
		};
/* End PBXContainerItemProxy section */

/* Begin PBXCopyFilesBuildPhase section */
		B3CD89FD2FB1F1A50042B68B /* Embed Foundation Extensions */ = {
			isa = PBXCopyFilesBuildPhase;
			buildActionMask = 2147483647;
			dstPath = "";
			dstSubfolderSpec = 13;
			files = (
				B3CD89DB2FB1F1A40042B68B /* Teams but (actually) good Extension.appex in Embed Foundation Extensions */,
			);
			name = "Embed Foundation Extensions";
			runOnlyForDeploymentPostprocessing = 0;
		};
		B3CD8A042FB1F1A50042B68B /* Embed Foundation Extensions */ = {
			isa = PBXCopyFilesBuildPhase;
			buildActionMask = 2147483647;
			dstPath = "";
			dstSubfolderSpec = 13;
			files = (
				B3CD89E52FB1F1A40042B68B /* Teams but (actually) good Extension.appex in Embed Foundation Extensions */,
			);
			name = "Embed Foundation Extensions";
			runOnlyForDeploymentPostprocessing = 0;
		};
/* End PBXCopyFilesBuildPhase section */

/* Begin PBXFileReference section */
		B3CD89B02FB1F1A40042B68B /* Base */ = {isa = PBXFileReference; lastKnownFileType = text.html; name = Base; path = Base.lproj/Main.html; sourceTree = "<group>"; };
		B3CD89B12FB1F1A40042B68B /* Icon.png */ = {isa = PBXFileReference; lastKnownFileType = image.png; path = Icon.png; sourceTree = "<group>"; };
		B3CD89B22FB1F1A40042B68B /* Style.css */ = {isa = PBXFileReference; lastKnownFileType = text.css; path = Style.css; sourceTree = "<group>"; };
		B3CD89B32FB1F1A40042B68B /* Script.js */ = {isa = PBXFileReference; lastKnownFileType = sourcecode.javascript; path = Script.js; sourceTree = "<group>"; };
		B3CD89B42FB1F1A40042B68B /* ViewController.swift */ = {isa = PBXFileReference; lastKnownFileType = sourcecode.swift; path = ViewController.swift; sourceTree = "<group>"; };
		B3CD89B52FB1F1A40042B68B /* Assets.xcassets */ = {isa = PBXFileReference; lastKnownFileType = folder.assetcatalog; path = Assets.xcassets; sourceTree = "<group>"; };
		B3CD89B72FB1F1A40042B68B /* SafariWebExtensionHandler.swift */ = {isa = PBXFileReference; lastKnownFileType = sourcecode.swift; path = SafariWebExtensionHandler.swift; sourceTree = "<group>"; };
		B3CD89BC2FB1F1A40042B68B /* Teams but (actually) good.app */ = {isa = PBXFileReference; explicitFileType = wrapper.application; includeInIndex = 0; path = "Teams but (actually) good.app"; sourceTree = BUILT_PRODUCTS_DIR; };
		B3CD89BF2FB1F1A40042B68B /* AppDelegate.swift */ = {isa = PBXFileReference; lastKnownFileType = sourcecode.swift; path = AppDelegate.swift; sourceTree = "<group>"; };
		B3CD89C12FB1F1A40042B68B /* SceneDelegate.swift */ = {isa = PBXFileReference; lastKnownFileType = sourcecode.swift; path = SceneDelegate.swift; sourceTree = "<group>"; };
		B3CD89C42FB1F1A40042B68B /* Base */ = {isa = PBXFileReference; lastKnownFileType = file.storyboard; name = Base; path = Base.lproj/LaunchScreen.storyboard; sourceTree = "<group>"; };
		B3CD89C72FB1F1A40042B68B /* Base */ = {isa = PBXFileReference; lastKnownFileType = file.storyboard; name = Base; path = Base.lproj/Main.storyboard; sourceTree = "<group>"; };
		B3CD89C92FB1F1A40042B68B /* Info.plist */ = {isa = PBXFileReference; lastKnownFileType = text.plist.xml; path = Info.plist; sourceTree = "<group>"; };
		B3CD89CE2FB1F1A40042B68B /* Teams but (actually) good.app */ = {isa = PBXFileReference; explicitFileType = wrapper.application; includeInIndex = 0; path = "Teams but (actually) good.app"; sourceTree = BUILT_PRODUCTS_DIR; };
		B3CD89D02FB1F1A40042B68B /* AppDelegate.swift */ = {isa = PBXFileReference; lastKnownFileType = sourcecode.swift; path = AppDelegate.swift; sourceTree = "<group>"; };
		B3CD89D32FB1F1A40042B68B /* Base */ = {isa = PBXFileReference; lastKnownFileType = file.storyboard; name = Base; path = Base.lproj/Main.storyboard; sourceTree = "<group>"; };
		B3CD89D52FB1F1A40042B68B /* Info.plist */ = {isa = PBXFileReference; lastKnownFileType = text.plist.xml; path = Info.plist; sourceTree = "<group>"; };
		B3CD89DA2FB1F1A40042B68B /* Teams but (actually) good Extension.appex */ = {isa = PBXFileReference; explicitFileType = "wrapper.app-extension"; includeInIndex = 0; path = "Teams but (actually) good Extension.appex"; sourceTree = BUILT_PRODUCTS_DIR; };
		B3CD89DF2FB1F1A40042B68B /* Info.plist */ = {isa = PBXFileReference; lastKnownFileType = text.plist.xml; path = Info.plist; sourceTree = "<group>"; };
		B3CD89E42FB1F1A40042B68B /* Teams but (actually) good Extension.appex */ = {isa = PBXFileReference; explicitFileType = "wrapper.app-extension"; includeInIndex = 0; path = "Teams but (actually) good Extension.appex"; sourceTree = BUILT_PRODUCTS_DIR; };
		B3CD89E92FB1F1A40042B68B /* Info.plist */ = {isa = PBXFileReference; lastKnownFileType = text.plist.xml; path = Info.plist; sourceTree = "<group>"; };
		B3CD8A092FB1F1A50042B68B /* manifest.safari.json */ = {isa = PBXFileReference; lastKnownFileType = text.json; name = manifest.safari.json; path = ../../../extension/manifest.safari.json; sourceTree = "<group>"; };
		B3CD8A0A2FB1F1A50042B68B /* popup.js */ = {isa = PBXFileReference; lastKnownFileType = sourcecode.javascript; name = popup.js; path = ../../../extension/popup.js; sourceTree = "<group>"; };
		B3CD8A0B2FB1F1A50042B68B /* background.js */ = {isa = PBXFileReference; lastKnownFileType = sourcecode.javascript; name = background.js; path = ../../../extension/background.js; sourceTree = "<group>"; };
		B3CD8A0C2FB1F1A50042B68B /* popup.html */ = {isa = PBXFileReference; lastKnownFileType = text.html; name = popup.html; path = ../../../extension/popup.html; sourceTree = "<group>"; };
		B3CD8A0D2FB1F1A50042B68B /* injection.js */ = {isa = PBXFileReference; lastKnownFileType = sourcecode.javascript; name = injection.js; path = ../../../extension/injection.js; sourceTree = "<group>"; };
		B3CD8A0E2FB1F1A50042B68B /* manifest.firefox.json */ = {isa = PBXFileReference; lastKnownFileType = text.json; name = manifest.firefox.json; path = ../../../extension/manifest.firefox.json; sourceTree = "<group>"; };
		B3CD8A0F2FB1F1A50042B68B /* manifest.chrome.json */ = {isa = PBXFileReference; lastKnownFileType = text.json; name = manifest.chrome.json; path = ../../../extension/manifest.chrome.json; sourceTree = "<group>"; };
		B3CD8A102FB1F1A50042B68B /* icons */ = {isa = PBXFileReference; lastKnownFileType = folder; name = icons; path = ../../../extension/icons; sourceTree = "<group>"; };
		B3CD8A112FB1F1A50042B68B /* manifest.json */ = {isa = PBXFileReference; lastKnownFileType = text.json; name = manifest.json; path = ../../../extension/manifest.json; sourceTree = "<group>"; };
/* End PBXFileReference section */

/* Begin PBXFrameworksBuildPhase section */
		B3CD89B92FB1F1A40042B68B /* Frameworks */ = {
			isa = PBXFrameworksBuildPhase;
			buildActionMask = 2147483647;
			files = (
			);
			runOnlyForDeploymentPostprocessing = 0;
		};
		B3CD89CB2FB1F1A40042B68B /* Frameworks */ = {
			isa = PBXFrameworksBuildPhase;
			buildActionMask = 2147483647;
			files = (
			);
			runOnlyForDeploymentPostprocessing = 0;
		};
		B3CD89D72FB1F1A40042B68B /* Frameworks */ = {
			isa = PBXFrameworksBuildPhase;
			buildActionMask = 2147483647;
			files = (
			);
			runOnlyForDeploymentPostprocessing = 0;
		};
		B3CD89E12FB1F1A40042B68B /* Frameworks */ = {
			isa = PBXFrameworksBuildPhase;
			buildActionMask = 2147483647;
			files = (
			);
			runOnlyForDeploymentPostprocessing = 0;
		};
/* End PBXFrameworksBuildPhase section */

/* Begin PBXGroup section */
		B3CD89A82FB1F1A30042B68B = {
			isa = PBXGroup;
			children = (
				B3CD89AD2FB1F1A40042B68B /* Shared (App) */,
				B3CD89B62FB1F1A40042B68B /* Shared (Extension) */,
				B3CD89BE2FB1F1A40042B68B /* iOS (App) */,
				B3CD89CF2FB1F1A40042B68B /* macOS (App) */,
				B3CD89DE2FB1F1A40042B68B /* iOS (Extension) */,
				B3CD89E82FB1F1A40042B68B /* macOS (Extension) */,
				B3CD89BD2FB1F1A40042B68B /* Products */,
			);
			sourceTree = "<group>";
		};
		B3CD89AD2FB1F1A40042B68B /* Shared (App) */ = {
			isa = PBXGroup;
			children = (
				B3CD89B42FB1F1A40042B68B /* ViewController.swift */,
				B3CD89B52FB1F1A40042B68B /* Assets.xcassets */,
				B3CD89AE2FB1F1A40042B68B /* Resources */,
			);
			path = "Shared (App)";
			sourceTree = "<group>";
		};
		B3CD89AE2FB1F1A40042B68B /* Resources */ = {
			isa = PBXGroup;
			children = (
				B3CD89AF2FB1F1A40042B68B /* Main.html */,
				B3CD89B12FB1F1A40042B68B /* Icon.png */,
				B3CD89B22FB1F1A40042B68B /* Style.css */,
				B3CD89B32FB1F1A40042B68B /* Script.js */,
			);
			path = Resources;
			sourceTree = "<group>";
		};
		B3CD89B62FB1F1A40042B68B /* Shared (Extension) */ = {
			isa = PBXGroup;
			children = (
				B3CD8A082FB1F1A50042B68B /* Resources */,
				B3CD89B72FB1F1A40042B68B /* SafariWebExtensionHandler.swift */,
			);
			path = "Shared (Extension)";
			sourceTree = "<group>";
		};
		B3CD89BD2FB1F1A40042B68B /* Products */ = {
			isa = PBXGroup;
			children = (
				B3CD89BC2FB1F1A40042B68B /* Teams but (actually) good.app */,
				B3CD89CE2FB1F1A40042B68B /* Teams but (actually) good.app */,
				B3CD89DA2FB1F1A40042B68B /* Teams but (actually) good Extension.appex */,
				B3CD89E42FB1F1A40042B68B /* Teams but (actually) good Extension.appex */,
			);
			name = Products;
			sourceTree = "<group>";
		};
		B3CD89BE2FB1F1A40042B68B /* iOS (App) */ = {
			isa = PBXGroup;
			children = (
				B3CD89BF2FB1F1A40042B68B /* AppDelegate.swift */,
				B3CD89C12FB1F1A40042B68B /* SceneDelegate.swift */,
				B3CD89C32FB1F1A40042B68B /* LaunchScreen.storyboard */,
				B3CD89C62FB1F1A40042B68B /* Main.storyboard */,
				B3CD89C92FB1F1A40042B68B /* Info.plist */,
			);
			path = "iOS (App)";
			sourceTree = "<group>";
		};
		B3CD89CF2FB1F1A40042B68B /* macOS (App) */ = {
			isa = PBXGroup;
			children = (
				B3CD89D02FB1F1A40042B68B /* AppDelegate.swift */,
				B3CD89D22FB1F1A40042B68B /* Main.storyboard */,
				B3CD89D52FB1F1A40042B68B /* Info.plist */,
			);
			path = "macOS (App)";
			sourceTree = "<group>";
		};
		B3CD89DE2FB1F1A40042B68B /* iOS (Extension) */ = {
			isa = PBXGroup;
			children = (
				B3CD89DF2FB1F1A40042B68B /* Info.plist */,
			);
			path = "iOS (Extension)";
			sourceTree = "<group>";
		};
		B3CD89E82FB1F1A40042B68B /* macOS (Extension) */ = {
			isa = PBXGroup;
			children = (
				B3CD89E92FB1F1A40042B68B /* Info.plist */,
			);
			path = "macOS (Extension)";
			sourceTree = "<group>";
		};
		B3CD8A082FB1F1A50042B68B /* Resources */ = {
			isa = PBXGroup;
			children = (
				B3CD8A092FB1F1A50042B68B /* manifest.safari.json */,
				B3CD8A0A2FB1F1A50042B68B /* popup.js */,
				B3CD8A0B2FB1F1A50042B68B /* background.js */,
				B3CD8A0C2FB1F1A50042B68B /* popup.html */,
				B3CD8A0D2FB1F1A50042B68B /* injection.js */,
				B3CD8A0E2FB1F1A50042B68B /* manifest.firefox.json */,
				B3CD8A0F2FB1F1A50042B68B /* manifest.chrome.json */,
				B3CD8A102FB1F1A50042B68B /* icons */,
				B3CD8A112FB1F1A50042B68B /* manifest.json */,
			);
			name = Resources;
			path = "Shared (Extension)";
			sourceTree = SOURCE_ROOT;
		};
/* End PBXGroup section */

/* Begin PBXNativeTarget section */
		B3CD89BB2FB1F1A40042B68B /* Teams but (actually) good (iOS) */ = {
			isa = PBXNativeTarget;
			buildConfigurationList = B3CD89FE2FB1F1A50042B68B /* Build configuration list for PBXNativeTarget "Teams but (actually) good (iOS)" */;
			buildPhases = (
				B3CD89B82FB1F1A40042B68B /* Sources */,
				B3CD89B92FB1F1A40042B68B /* Frameworks */,
				B3CD89BA2FB1F1A40042B68B /* Resources */,
				B3CD89FD2FB1F1A50042B68B /* Embed Foundation Extensions */,
			);
			buildRules = (
			);
			dependencies = (
				B3CD89DD2FB1F1A40042B68B /* PBXTargetDependency */,
			);
			name = "Teams but (actually) good (iOS)";
			packageProductDependencies = (
			);
			productName = "Teams but (actually) good (iOS)";
			productReference = B3CD89BC2FB1F1A40042B68B /* Teams but (actually) good.app */;
			productType = "com.apple.product-type.application";
		};
		B3CD89CD2FB1F1A40042B68B /* Teams but (actually) good (macOS) */ = {
			isa = PBXNativeTarget;
			buildConfigurationList = B3CD8A052FB1F1A50042B68B /* Build configuration list for PBXNativeTarget "Teams but (actually) good (macOS)" */;
			buildPhases = (
				B3CD89CA2FB1F1A40042B68B /* Sources */,
				B3CD89CB2FB1F1A40042B68B /* Frameworks */,
				B3CD89CC2FB1F1A40042B68B /* Resources */,
				B3CD8A042FB1F1A50042B68B /* Embed Foundation Extensions */,
			);
			buildRules = (
			);
			dependencies = (
				B3CD89E72FB1F1A40042B68B /* PBXTargetDependency */,
			);
			name = "Teams but (actually) good (macOS)";
			packageProductDependencies = (
			);
			productName = "Teams but (actually) good (macOS)";
			productReference = B3CD89CE2FB1F1A40042B68B /* Teams but (actually) good.app */;
			productType = "com.apple.product-type.application";
		};
		B3CD89D92FB1F1A40042B68B /* Teams but (actually) good Extension (iOS) */ = {
			isa = PBXNativeTarget;
			buildConfigurationList = B3CD89FA2FB1F1A50042B68B /* Build configuration list for PBXNativeTarget "Teams but (actually) good Extension (iOS)" */;
			buildPhases = (
				B3CD89D62FB1F1A40042B68B /* Sources */,
				B3CD89D72FB1F1A40042B68B /* Frameworks */,
				B3CD89D82FB1F1A40042B68B /* Resources */,
			);
			buildRules = (
			);
			dependencies = (
			);
			name = "Teams but (actually) good Extension (iOS)";
			packageProductDependencies = (
			);
			productName = "Teams but (actually) good Extension (iOS)";
			productReference = B3CD89DA2FB1F1A40042B68B /* Teams but (actually) good Extension.appex */;
			productType = "com.apple.product-type.app-extension";
		};
		B3CD89E32FB1F1A40042B68B /* Teams but (actually) good Extension (macOS) */ = {
			isa = PBXNativeTarget;
			buildConfigurationList = B3CD8A012FB1F1A50042B68B /* Build configuration list for PBXNativeTarget "Teams but (actually) good Extension (macOS)" */;
			buildPhases = (
				B3CD89E02FB1F1A40042B68B /* Sources */,
				B3CD89E12FB1F1A40042B68B /* Frameworks */,
				B3CD89E22FB1F1A40042B68B /* Resources */,
			);
			buildRules = (
			);
			dependencies = (
			);
			name = "Teams but (actually) good Extension (macOS)";
			packageProductDependencies = (
			);
			productName = "Teams but (actually) good Extension (macOS)";
			productReference = B3CD89E42FB1F1A40042B68B /* Teams but (actually) good Extension.appex */;
			productType = "com.apple.product-type.app-extension";
		};
/* End PBXNativeTarget section */

/* Begin PBXProject section */
		B3CD89A92FB1F1A30042B68B /* Project object */ = {
			isa = PBXProject;
			attributes = {
				BuildIndependentTargetsInParallel = 1;
				LastSwiftUpdateCheck = 2640;
				LastUpgradeCheck = 2640;
				TargetAttributes = {
					B3CD89BB2FB1F1A40042B68B = {
						CreatedOnToolsVersion = 26.4.1;
					};
					B3CD89CD2FB1F1A40042B68B = {
						CreatedOnToolsVersion = 26.4.1;
					};
					B3CD89D92FB1F1A40042B68B = {
						CreatedOnToolsVersion = 26.4.1;
					};
					B3CD89E32FB1F1A40042B68B = {
						CreatedOnToolsVersion = 26.4.1;
					};
				};
			};
			buildConfigurationList = B3CD89AC2FB1F1A30042B68B /* Build configuration list for PBXProject "Teams but (actually) good" */;
			developmentRegion = en;
			hasScannedForEncodings = 0;
			knownRegions = (
				en,
				Base,
			);
			mainGroup = B3CD89A82FB1F1A30042B68B;
			minimizedProjectReferenceProxies = 1;
			preferredProjectObjectVersion = 77;
			productRefGroup = B3CD89BD2FB1F1A40042B68B /* Products */;
			projectDirPath = "";
			projectRoot = "";
			targets = (
				B3CD89BB2FB1F1A40042B68B /* Teams but (actually) good (iOS) */,
				B3CD89CD2FB1F1A40042B68B /* Teams but (actually) good (macOS) */,
				B3CD89D92FB1F1A40042B68B /* Teams but (actually) good Extension (iOS) */,
				B3CD89E32FB1F1A40042B68B /* Teams but (actually) good Extension (macOS) */,
			);
		};
/* End PBXProject section */

/* Begin PBXResourcesBuildPhase section */
		B3CD89BA2FB1F1A40042B68B /* Resources */ = {
			isa = PBXResourcesBuildPhase;
			buildActionMask = 2147483647;
			files = (
				B3CD89EC2FB1F1A50042B68B /* Icon.png in Resources */,
				B3CD89C52FB1F1A40042B68B /* LaunchScreen.storyboard in Resources */,
				B3CD89EA2FB1F1A50042B68B /* Main.html in Resources */,
				B3CD89F02FB1F1A50042B68B /* Script.js in Resources */,
				B3CD89F42FB1F1A50042B68B /* Assets.xcassets in Resources */,
				B3CD89C82FB1F1A40042B68B /* Main.storyboard in Resources */,
				B3CD89EE2FB1F1A50042B68B /* Style.css in Resources */,
			);
			runOnlyForDeploymentPostprocessing = 0;
		};
		B3CD89CC2FB1F1A40042B68B /* Resources */ = {
			isa = PBXResourcesBuildPhase;
			buildActionMask = 2147483647;
			files = (
				B3CD89ED2FB1F1A50042B68B /* Icon.png in Resources */,
				B3CD89EF2FB1F1A50042B68B /* Style.css in Resources */,
				B3CD89D42FB1F1A40042B68B /* Main.storyboard in Resources */,
				B3CD89F12FB1F1A50042B68B /* Script.js in Resources */,
				B3CD89F52FB1F1A50042B68B /* Assets.xcassets in Resources */,
				B3CD89EB2FB1F1A50042B68B /* Main.html in Resources */,
			);
			runOnlyForDeploymentPostprocessing = 0;
		};
		B3CD89D82FB1F1A40042B68B /* Resources */ = {
			isa = PBXResourcesBuildPhase;
			buildActionMask = 2147483647;
			files = (
				B3CD8A212FB1F1A50042B68B /* manifest.chrome.json in Resources */,
				B3CD8A222FB1F1A50042B68B /* icons in Resources */,
				B3CD8A1B2FB1F1A50042B68B /* manifest.safari.json in Resources */,
				B3CD8A1E2FB1F1A50042B68B /* popup.html in Resources */,
				B3CD8A232FB1F1A50042B68B /* manifest.json in Resources */,
				B3CD8A1D2FB1F1A50042B68B /* background.js in Resources */,
				B3CD8A202FB1F1A50042B68B /* manifest.firefox.json in Resources */,
				B3CD8A1C2FB1F1A50042B68B /* popup.js in Resources */,
				B3CD8A1F2FB1F1A50042B68B /* injection.js in Resources */,
			);
			runOnlyForDeploymentPostprocessing = 0;
		};
		B3CD89E22FB1F1A40042B68B /* Resources */ = {
			isa = PBXResourcesBuildPhase;
			buildActionMask = 2147483647;
			files = (
				B3CD8A182FB1F1A50042B68B /* manifest.chrome.json in Resources */,
				B3CD8A192FB1F1A50042B68B /* icons in Resources */,
				B3CD8A122FB1F1A50042B68B /* manifest.safari.json in Resources */,
				B3CD8A152FB1F1A50042B68B /* popup.html in Resources */,
				B3CD8A1A2FB1F1A50042B68B /* manifest.json in Resources */,
				B3CD8A142FB1F1A50042B68B /* background.js in Resources */,
				B3CD8A172FB1F1A50042B68B /* manifest.firefox.json in Resources */,
				B3CD8A132FB1F1A50042B68B /* popup.js in Resources */,
				B3CD8A162FB1F1A50042B68B /* injection.js in Resources */,
			);
			runOnlyForDeploymentPostprocessing = 0;
		};
/* End PBXResourcesBuildPhase section */

/* Begin PBXSourcesBuildPhase section */
		B3CD89B82FB1F1A40042B68B /* Sources */ = {
			isa = PBXSourcesBuildPhase;
			buildActionMask = 2147483647;
			files = (
				B3CD89F22FB1F1A50042B68B /* ViewController.swift in Sources */,
				B3CD89C02FB1F1A40042B68B /* AppDelegate.swift in Sources */,
				B3CD89C22FB1F1A40042B68B /* SceneDelegate.swift in Sources */,
			);
			runOnlyForDeploymentPostprocessing = 0;
		};
		B3CD89CA2FB1F1A40042B68B /* Sources */ = {
			isa = PBXSourcesBuildPhase;
			buildActionMask = 2147483647;
			files = (
				B3CD89F32FB1F1A50042B68B /* ViewController.swift in Sources */,
				B3CD89D12FB1F1A40042B68B /* AppDelegate.swift in Sources */,
			);
			runOnlyForDeploymentPostprocessing = 0;
		};
		B3CD89D62FB1F1A40042B68B /* Sources */ = {
			isa = PBXSourcesBuildPhase;
			buildActionMask = 2147483647;
			files = (
				B3CD89F62FB1F1A50042B68B /* SafariWebExtensionHandler.swift in Sources */,
			);
			runOnlyForDeploymentPostprocessing = 0;
		};
		B3CD89E02FB1F1A40042B68B /* Sources */ = {
			isa = PBXSourcesBuildPhase;
			buildActionMask = 2147483647;
			files = (
				B3CD89F72FB1F1A50042B68B /* SafariWebExtensionHandler.swift in Sources */,
			);
			runOnlyForDeploymentPostprocessing = 0;
		};
/* End PBXSourcesBuildPhase section */

/* Begin PBXTargetDependency section */
		B3CD89DD2FB1F1A40042B68B /* PBXTargetDependency */ = {
			isa = PBXTargetDependency;
			target = B3CD89D92FB1F1A40042B68B /* Teams but (actually) good Extension (iOS) */;
			targetProxy = B3CD89DC2FB1F1A40042B68B /* PBXContainerItemProxy */;
		};
		B3CD89E72FB1F1A40042B68B /* PBXTargetDependency */ = {
			isa = PBXTargetDependency;
			target = B3CD89E32FB1F1A40042B68B /* Teams but (actually) good Extension (macOS) */;
			targetProxy = B3CD89E62FB1F1A40042B68B /* PBXContainerItemProxy */;
		};
/* End PBXTargetDependency section */

/* Begin PBXVariantGroup section */
		B3CD89AF2FB1F1A40042B68B /* Main.html */ = {
			isa = PBXVariantGroup;
			children = (
				B3CD89B02FB1F1A40042B68B /* Base */,
			);
			name = Main.html;
			sourceTree = "<group>";
		};
		B3CD89C32FB1F1A40042B68B /* LaunchScreen.storyboard */ = {
			isa = PBXVariantGroup;
			children = (
				B3CD89C42FB1F1A40042B68B /* Base */,
			);
			name = LaunchScreen.storyboard;
			sourceTree = "<group>";
		};
		B3CD89C62FB1F1A40042B68B /* Main.storyboard */ = {
			isa = PBXVariantGroup;
			children = (
				B3CD89C72FB1F1A40042B68B /* Base */,
			);
			name = Main.storyboard;
			sourceTree = "<group>";
		};
		B3CD89D22FB1F1A40042B68B /* Main.storyboard */ = {
			isa = PBXVariantGroup;
			children = (
				B3CD89D32FB1F1A40042B68B /* Base */,
			);
			name = Main.storyboard;
			sourceTree = "<group>";
		};
/* End PBXVariantGroup section */

/* Begin XCBuildConfiguration section */
		B3CD89F82FB1F1A50042B68B /* Debug */ = {
			isa = XCBuildConfiguration;
			buildSettings = {
				ALWAYS_SEARCH_USER_PATHS = NO;
				ASSETCATALOG_COMPILER_GENERATE_SWIFT_ASSET_SYMBOL_EXTENSIONS = YES;
				CLANG_ANALYZER_NONNULL = YES;
				CLANG_ANALYZER_NUMBER_OBJECT_CONVERSION = YES_AGGRESSIVE;
				CLANG_CXX_LANGUAGE_STANDARD = "gnu++20";
				CLANG_ENABLE_MODULES = YES;
				CLANG_ENABLE_OBJC_ARC = YES;
				CLANG_ENABLE_OBJC_WEAK = YES;
				CLANG_WARN_BLOCK_CAPTURE_AUTORELEASING = YES;
				CLANG_WARN_BOOL_CONVERSION = YES;
				CLANG_WARN_COMMA = YES;
				CLANG_WARN_CONSTANT_CONVERSION = YES;
				CLANG_WARN_DEPRECATED_OBJC_IMPLEMENTATIONS = YES;
				CLANG_WARN_DIRECT_OBJC_ISA_USAGE = YES_ERROR;
				CLANG_WARN_DOCUMENTATION_COMMENTS = YES;
				CLANG_WARN_EMPTY_BODY = YES;
				CLANG_WARN_ENUM_CONVERSION = YES;
				CLANG_WARN_INFINITE_RECURSION = YES;
				CLANG_WARN_INT_CONVERSION = YES;
				CLANG_WARN_NON_LITERAL_NULL_CONVERSION = YES;
				CLANG_WARN_OBJC_IMPLICIT_RETAIN_SELF = YES;
				CLANG_WARN_OBJC_LITERAL_CONVERSION = YES;
				CLANG_WARN_OBJC_ROOT_CLASS = YES_ERROR;
				CLANG_WARN_QUOTED_INCLUDE_IN_FRAMEWORK_HEADER = YES;
				CLANG_WARN_RANGE_LOOP_ANALYSIS = YES;
				CLANG_WARN_STRICT_PROTOTYPES = YES;
				CLANG_WARN_SUSPICIOUS_MOVE = YES;
				CLANG_WARN_UNGUARDED_AVAILABILITY = YES_AGGRESSIVE;
				CLANG_WARN_UNREACHABLE_CODE = YES;
				CLANG_WARN__DUPLICATE_METHOD_MATCH = YES;
				COPY_PHASE_STRIP = NO;
				DEBUG_INFORMATION_FORMAT = dwarf;
				ENABLE_STRICT_OBJC_MSGSEND = YES;
				ENABLE_TESTABILITY = YES;
				ENABLE_USER_SCRIPT_SANDBOXING = YES;
				GCC_C_LANGUAGE_STANDARD = gnu17;
				GCC_DYNAMIC_NO_PIC = NO;
				GCC_NO_COMMON_BLOCKS = YES;
				GCC_OPTIMIZATION_LEVEL = 0;
				GCC_PREPROCESSOR_DEFINITIONS = (
					"DEBUG=1",
					"$(inherited)",
				);
				GCC_WARN_64_TO_32_BIT_CONVERSION = YES;
				GCC_WARN_ABOUT_RETURN_TYPE = YES_ERROR;
				GCC_WARN_UNDECLARED_SELECTOR = YES;
				GCC_WARN_UNINITIALIZED_AUTOS = YES_AGGRESSIVE;
				GCC_WARN_UNUSED_FUNCTION = YES;
				GCC_WARN_UNUSED_VARIABLE = YES;
				LOCALIZATION_PREFERS_STRING_CATALOGS = YES;
				MTL_ENABLE_DEBUG_INFO = INCLUDE_SOURCE;
				MTL_FAST_MATH = YES;
				ONLY_ACTIVE_ARCH = YES;
				SWIFT_ACTIVE_COMPILATION_CONDITIONS = "DEBUG $(inherited)";
				SWIFT_OPTIMIZATION_LEVEL = "-Onone";
			};
			name = Debug;
		};
		B3CD89F92FB1F1A50042B68B /* Release */ = {
			isa = XCBuildConfiguration;
			buildSettings = {
				ALWAYS_SEARCH_USER_PATHS = NO;
				ASSETCATALOG_COMPILER_GENERATE_SWIFT_ASSET_SYMBOL_EXTENSIONS = YES;
				CLANG_ANALYZER_NONNULL = YES;
				CLANG_ANALYZER_NUMBER_OBJECT_CONVERSION = YES_AGGRESSIVE;
				CLANG_CXX_LANGUAGE_STANDARD = "gnu++20";
				CLANG_ENABLE_MODULES = YES;
				CLANG_ENABLE_OBJC_ARC = YES;
				CLANG_ENABLE_OBJC_WEAK = YES;
				CLANG_WARN_BLOCK_CAPTURE_AUTORELEASING = YES;
				CLANG_WARN_BOOL_CONVERSION = YES;
				CLANG_WARN_COMMA = YES;
				CLANG_WARN_CONSTANT_CONVERSION = YES;
				CLANG_WARN_DEPRECATED_OBJC_IMPLEMENTATIONS = YES;
				CLANG_WARN_DIRECT_OBJC_ISA_USAGE = YES_ERROR;
				CLANG_WARN_DOCUMENTATION_COMMENTS = YES;
				CLANG_WARN_EMPTY_BODY = YES;
				CLANG_WARN_ENUM_CONVERSION = YES;
				CLANG_WARN_INFINITE_RECURSION = YES;
				CLANG_WARN_INT_CONVERSION = YES;
				CLANG_WARN_NON_LITERAL_NULL_CONVERSION = YES;
				CLANG_WARN_OBJC_IMPLICIT_RETAIN_SELF = YES;
				CLANG_WARN_OBJC_LITERAL_CONVERSION = YES;
				CLANG_WARN_OBJC_ROOT_CLASS = YES_ERROR;
				CLANG_WARN_QUOTED_INCLUDE_IN_FRAMEWORK_HEADER = YES;
				CLANG_WARN_RANGE_LOOP_ANALYSIS = YES;
				CLANG_WARN_STRICT_PROTOTYPES = YES;
				CLANG_WARN_SUSPICIOUS_MOVE = YES;
				CLANG_WARN_UNGUARDED_AVAILABILITY = YES_AGGRESSIVE;
				CLANG_WARN_UNREACHABLE_CODE = YES;
				CLANG_WARN__DUPLICATE_METHOD_MATCH = YES;
				COPY_PHASE_STRIP = NO;
				DEBUG_INFORMATION_FORMAT = "dwarf-with-dsym";
				ENABLE_NS_ASSERTIONS = NO;
				ENABLE_STRICT_OBJC_MSGSEND = YES;
				ENABLE_USER_SCRIPT_SANDBOXING = YES;
				GCC_C_LANGUAGE_STANDARD = gnu17;
				GCC_NO_COMMON_BLOCKS = YES;
				GCC_WARN_64_TO_32_BIT_CONVERSION = YES;
				GCC_WARN_ABOUT_RETURN_TYPE = YES_ERROR;
				GCC_WARN_UNDECLARED_SELECTOR = YES;
				GCC_WARN_UNINITIALIZED_AUTOS = YES_AGGRESSIVE;
				GCC_WARN_UNUSED_FUNCTION = YES;
				GCC_WARN_UNUSED_VARIABLE = YES;
				LOCALIZATION_PREFERS_STRING_CATALOGS = YES;
				MTL_ENABLE_DEBUG_INFO = NO;
				MTL_FAST_MATH = YES;
				SWIFT_COMPILATION_MODE = wholemodule;
			};
			name = Release;
		};
		B3CD89FB2FB1F1A50042B68B /* Debug */ = {
			isa = XCBuildConfiguration;
			buildSettings = {
				CODE_SIGN_STYLE = Automatic;
				CURRENT_PROJECT_VERSION = 1;
				DEVELOPMENT_TEAM = WB4C79N2JW;
				GENERATE_INFOPLIST_FILE = YES;
				INFOPLIST_FILE = "iOS (Extension)/Info.plist";
				INFOPLIST_KEY_CFBundleDisplayName = "Teams but (actually) good Extension";
				INFOPLIST_KEY_NSHumanReadableCopyright = "";
				IPHONEOS_DEPLOYMENT_TARGET = 15.0;
				LD_RUNPATH_SEARCH_PATHS = (
					"$(inherited)",
					"@executable_path/Frameworks",
					"@executable_path/../../Frameworks",
				);
				MARKETING_VERSION = 1.0;
				OTHER_LDFLAGS = (
					"-framework",
					SafariServices,
				);
				PRODUCT_BUNDLE_IDENTIFIER = "com.leonimust.teams-but-actually-good.Extension";
				PRODUCT_NAME = "Teams but (actually) good Extension";
				SDKROOT = iphoneos;
				SKIP_INSTALL = YES;
				STRING_CATALOG_GENERATE_SYMBOLS = YES;
				SWIFT_APPROACHABLE_CONCURRENCY = YES;
				SWIFT_EMIT_LOC_STRINGS = YES;
				SWIFT_UPCOMING_FEATURE_MEMBER_IMPORT_VISIBILITY = YES;
				SWIFT_VERSION = 5.0;
				TARGETED_DEVICE_FAMILY = "1,2";
			};
			name = Debug;
		};
		B3CD89FC2FB1F1A50042B68B /* Release */ = {
			isa = XCBuildConfiguration;
			buildSettings = {
				CODE_SIGN_STYLE = Automatic;
				CURRENT_PROJECT_VERSION = 1;
				DEVELOPMENT_TEAM = WB4C79N2JW;
				GENERATE_INFOPLIST_FILE = YES;
				INFOPLIST_FILE = "iOS (Extension)/Info.plist";
				INFOPLIST_KEY_CFBundleDisplayName = "Teams but (actually) good Extension";
				INFOPLIST_KEY_NSHumanReadableCopyright = "";
				IPHONEOS_DEPLOYMENT_TARGET = 15.0;
				LD_RUNPATH_SEARCH_PATHS = (
					"$(inherited)",
					"@executable_path/Frameworks",
					"@executable_path/../../Frameworks",
				);
				MARKETING_VERSION = 1.0;
				OTHER_LDFLAGS = (
					"-framework",
					SafariServices,
				);
				PRODUCT_BUNDLE_IDENTIFIER = "com.leonimust.teams-but-actually-good.Extension";
				PRODUCT_NAME = "Teams but (actually) good Extension";
				SDKROOT = iphoneos;
				SKIP_INSTALL = YES;
				STRING_CATALOG_GENERATE_SYMBOLS = YES;
				SWIFT_APPROACHABLE_CONCURRENCY = YES;
				SWIFT_EMIT_LOC_STRINGS = YES;
				SWIFT_UPCOMING_FEATURE_MEMBER_IMPORT_VISIBILITY = YES;
				SWIFT_VERSION = 5.0;
				TARGETED_DEVICE_FAMILY = "1,2";
				VALIDATE_PRODUCT = YES;
			};
			name = Release;
		};
		B3CD89FF2FB1F1A50042B68B /* Debug */ = {
			isa = XCBuildConfiguration;
			buildSettings = {
				ASSETCATALOG_COMPILER_APPICON_NAME = AppIcon;
				ASSETCATALOG_COMPILER_GLOBAL_ACCENT_COLOR_NAME = AccentColor;
				CODE_SIGN_STYLE = Automatic;
				CURRENT_PROJECT_VERSION = 1;
				DEVELOPMENT_TEAM = WB4C79N2JW;
				GENERATE_INFOPLIST_FILE = YES;
				INFOPLIST_FILE = "iOS (App)/Info.plist";
				INFOPLIST_KEY_CFBundleDisplayName = "Teams but (actually) good";
				INFOPLIST_KEY_UIApplicationSupportsIndirectInputEvents = YES;
				INFOPLIST_KEY_UILaunchStoryboardName = LaunchScreen;
				INFOPLIST_KEY_UIMainStoryboardFile = Main;
				INFOPLIST_KEY_UISupportedInterfaceOrientations = "UIInterfaceOrientationPortrait UIInterfaceOrientationLandscapeLeft UIInterfaceOrientationLandscapeRight";
				INFOPLIST_KEY_UISupportedInterfaceOrientations_iPad = "UIInterfaceOrientationPortrait UIInterfaceOrientationPortraitUpsideDown UIInterfaceOrientationLandscapeLeft UIInterfaceOrientationLandscapeRight";
				IPHONEOS_DEPLOYMENT_TARGET = 15.0;
				LD_RUNPATH_SEARCH_PATHS = (
					"$(inherited)",
					"@executable_path/Frameworks",
				);
				MARKETING_VERSION = 1.0;
				OTHER_LDFLAGS = (
					"-framework",
					SafariServices,
					"-framework",
					WebKit,
				);
				PRODUCT_BUNDLE_IDENTIFIER = "com.leonimust.teams-but-actually-good";
				PRODUCT_NAME = "Teams but (actually) good";
				SDKROOT = iphoneos;
				STRING_CATALOG_GENERATE_SYMBOLS = YES;
				SWIFT_APPROACHABLE_CONCURRENCY = YES;
				SWIFT_DEFAULT_ACTOR_ISOLATION = MainActor;
				SWIFT_EMIT_LOC_STRINGS = YES;
				SWIFT_UPCOMING_FEATURE_MEMBER_IMPORT_VISIBILITY = YES;
				SWIFT_VERSION = 5.0;
				TARGETED_DEVICE_FAMILY = "1,2";
			};
			name = Debug;
		};
		B3CD8A002FB1F1A50042B68B /* Release */ = {
			isa = XCBuildConfiguration;
			buildSettings = {
				ASSETCATALOG_COMPILER_APPICON_NAME = AppIcon;
				ASSETCATALOG_COMPILER_GLOBAL_ACCENT_COLOR_NAME = AccentColor;
				CODE_SIGN_STYLE = Automatic;
				CURRENT_PROJECT_VERSION = 1;
				DEVELOPMENT_TEAM = WB4C79N2JW;
				GENERATE_INFOPLIST_FILE = YES;
				INFOPLIST_FILE = "iOS (App)/Info.plist";
				INFOPLIST_KEY_CFBundleDisplayName = "Teams but (actually) good";
				INFOPLIST_KEY_UIApplicationSupportsIndirectInputEvents = YES;
				INFOPLIST_KEY_UILaunchStoryboardName = LaunchScreen;
				INFOPLIST_KEY_UIMainStoryboardFile = Main;
				INFOPLIST_KEY_UISupportedInterfaceOrientations = "UIInterfaceOrientationPortrait UIInterfaceOrientationLandscapeLeft UIInterfaceOrientationLandscapeRight";
				INFOPLIST_KEY_UISupportedInterfaceOrientations_iPad = "UIInterfaceOrientationPortrait UIInterfaceOrientationPortraitUpsideDown UIInterfaceOrientationLandscapeLeft UIInterfaceOrientationLandscapeRight";
				IPHONEOS_DEPLOYMENT_TARGET = 15.0;
				LD_RUNPATH_SEARCH_PATHS = (
					"$(inherited)",
					"@executable_path/Frameworks",
				);
				MARKETING_VERSION = 1.0;
				OTHER_LDFLAGS = (
					"-framework",
					SafariServices,
					"-framework",
					WebKit,
				);
				PRODUCT_BUNDLE_IDENTIFIER = "com.leonimust.teams-but-actually-good";
				PRODUCT_NAME = "Teams but (actually) good";
				SDKROOT = iphoneos;
				STRING_CATALOG_GENERATE_SYMBOLS = YES;
				SWIFT_APPROACHABLE_CONCURRENCY = YES;
				SWIFT_DEFAULT_ACTOR_ISOLATION = MainActor;
				SWIFT_EMIT_LOC_STRINGS = YES;
				SWIFT_UPCOMING_FEATURE_MEMBER_IMPORT_VISIBILITY = YES;
				SWIFT_VERSION = 5.0;
				TARGETED_DEVICE_FAMILY = "1,2";
				VALIDATE_PRODUCT = YES;
			};
			name = Release;
		};
		B3CD8A022FB1F1A50042B68B /* Debug */ = {
			isa = XCBuildConfiguration;
			buildSettings = {
				CODE_SIGN_STYLE = Automatic;
				CURRENT_PROJECT_VERSION = 1;
				DEVELOPMENT_TEAM = WB4C79N2JW;
				ENABLE_APP_SANDBOX = YES;
				ENABLE_HARDENED_RUNTIME = YES;
				ENABLE_USER_SELECTED_FILES = readonly;
				GENERATE_INFOPLIST_FILE = YES;
				INFOPLIST_FILE = "macOS (Extension)/Info.plist";
				INFOPLIST_KEY_CFBundleDisplayName = "Teams but (actually) good Extension";
				INFOPLIST_KEY_NSHumanReadableCopyright = "";
				LD_RUNPATH_SEARCH_PATHS = (
					"$(inherited)",
					"@executable_path/../Frameworks",
					"@executable_path/../../../../Frameworks",
				);
				MACOSX_DEPLOYMENT_TARGET = 10.14;
				MARKETING_VERSION = 1.0;
				OTHER_LDFLAGS = (
					"-framework",
					SafariServices,
				);
				PRODUCT_BUNDLE_IDENTIFIER = "com.leonimust.teams-but-actually-good.Extension";
				PRODUCT_NAME = "Teams but (actually) good Extension";
				SDKROOT = macosx;
				SKIP_INSTALL = YES;
				STRING_CATALOG_GENERATE_SYMBOLS = YES;
				SWIFT_APPROACHABLE_CONCURRENCY = YES;
				SWIFT_EMIT_LOC_STRINGS = YES;
				SWIFT_UPCOMING_FEATURE_MEMBER_IMPORT_VISIBILITY = YES;
				SWIFT_VERSION = 5.0;
			};
			name = Debug;
		};
		B3CD8A032FB1F1A50042B68B /* Release */ = {
			isa = XCBuildConfiguration;
			buildSettings = {
				CODE_SIGN_STYLE = Automatic;
				CURRENT_PROJECT_VERSION = 1;
				DEVELOPMENT_TEAM = WB4C79N2JW;
				ENABLE_APP_SANDBOX = YES;
				ENABLE_HARDENED_RUNTIME = YES;
				ENABLE_USER_SELECTED_FILES = readonly;
				GENERATE_INFOPLIST_FILE = YES;
				INFOPLIST_FILE = "macOS (Extension)/Info.plist";
				INFOPLIST_KEY_CFBundleDisplayName = "Teams but (actually) good Extension";
				INFOPLIST_KEY_NSHumanReadableCopyright = "";
				LD_RUNPATH_SEARCH_PATHS = (
					"$(inherited)",
					"@executable_path/../Frameworks",
					"@executable_path/../../../../Frameworks",
				);
				MACOSX_DEPLOYMENT_TARGET = 10.14;
				MARKETING_VERSION = 1.0;
				OTHER_LDFLAGS = (
					"-framework",
					SafariServices,
				);
				PRODUCT_BUNDLE_IDENTIFIER = "com.leonimust.teams-but-actually-good.Extension";
				PRODUCT_NAME = "Teams but (actually) good Extension";
				SDKROOT = macosx;
				SKIP_INSTALL = YES;
				STRING_CATALOG_GENERATE_SYMBOLS = YES;
				SWIFT_APPROACHABLE_CONCURRENCY = YES;
				SWIFT_EMIT_LOC_STRINGS = YES;
				SWIFT_UPCOMING_FEATURE_MEMBER_IMPORT_VISIBILITY = YES;
				SWIFT_VERSION = 5.0;
			};
			name = Release;
		};
		B3CD8A062FB1F1A50042B68B /* Debug */ = {
			isa = XCBuildConfiguration;
			buildSettings = {
				ASSETCATALOG_COMPILER_APPICON_NAME = AppIcon;
				ASSETCATALOG_COMPILER_GLOBAL_ACCENT_COLOR_NAME = AccentColor;
				CODE_SIGN_STYLE = Automatic;
				CURRENT_PROJECT_VERSION = 1;
				DEVELOPMENT_TEAM = WB4C79N2JW;
				ENABLE_APP_SANDBOX = YES;
				ENABLE_HARDENED_RUNTIME = YES;
				ENABLE_OUTGOING_NETWORK_CONNECTIONS = YES;
				ENABLE_USER_SELECTED_FILES = readonly;
				GENERATE_INFOPLIST_FILE = YES;
				INFOPLIST_FILE = "macOS (App)/Info.plist";
				INFOPLIST_KEY_CFBundleDisplayName = "Teams but (actually) good";
				INFOPLIST_KEY_NSMainStoryboardFile = Main;
				INFOPLIST_KEY_NSPrincipalClass = NSApplication;
				LD_RUNPATH_SEARCH_PATHS = (
					"$(inherited)",
					"@executable_path/../Frameworks",
				);
				MACOSX_DEPLOYMENT_TARGET = 10.14;
				MARKETING_VERSION = 1.0;
				OTHER_LDFLAGS = (
					"-framework",
					SafariServices,
					"-framework",
					WebKit,
				);
				PRODUCT_BUNDLE_IDENTIFIER = "com.leonimust.teams-but-actually-good";
				PRODUCT_NAME = "Teams but (actually) good";
				REGISTER_APP_GROUPS = YES;
				SDKROOT = macosx;
				STRING_CATALOG_GENERATE_SYMBOLS = YES;
				SWIFT_APPROACHABLE_CONCURRENCY = YES;
				SWIFT_DEFAULT_ACTOR_ISOLATION = MainActor;
				SWIFT_EMIT_LOC_STRINGS = YES;
				SWIFT_UPCOMING_FEATURE_MEMBER_IMPORT_VISIBILITY = YES;
				SWIFT_VERSION = 5.0;
			};
			name = Debug;
		};
		B3CD8A072FB1F1A50042B68B /* Release */ = {
			isa = XCBuildConfiguration;
			buildSettings = {
				ASSETCATALOG_COMPILER_APPICON_NAME = AppIcon;
				ASSETCATALOG_COMPILER_GLOBAL_ACCENT_COLOR_NAME = AccentColor;
				CODE_SIGN_STYLE = Automatic;
				CURRENT_PROJECT_VERSION = 1;
				DEVELOPMENT_TEAM = WB4C79N2JW;
				ENABLE_APP_SANDBOX = YES;
				ENABLE_HARDENED_RUNTIME = YES;
				ENABLE_OUTGOING_NETWORK_CONNECTIONS = YES;
				ENABLE_USER_SELECTED_FILES = readonly;
				GENERATE_INFOPLIST_FILE = YES;
				INFOPLIST_FILE = "macOS (App)/Info.plist";
				INFOPLIST_KEY_CFBundleDisplayName = "Teams but (actually) good";
				INFOPLIST_KEY_NSMainStoryboardFile = Main;
				INFOPLIST_KEY_NSPrincipalClass = NSApplication;
				LD_RUNPATH_SEARCH_PATHS = (
					"$(inherited)",
					"@executable_path/../Frameworks",
				);
				MACOSX_DEPLOYMENT_TARGET = 10.14;
				MARKETING_VERSION = 1.0;
				OTHER_LDFLAGS = (
					"-framework",
					SafariServices,
					"-framework",
					WebKit,
				);
				PRODUCT_BUNDLE_IDENTIFIER = "com.leonimust.teams-but-actually-good";
				PRODUCT_NAME = "Teams but (actually) good";
				REGISTER_APP_GROUPS = YES;
				SDKROOT = macosx;
				STRING_CATALOG_GENERATE_SYMBOLS = YES;
				SWIFT_APPROACHABLE_CONCURRENCY = YES;
				SWIFT_DEFAULT_ACTOR_ISOLATION = MainActor;
				SWIFT_EMIT_LOC_STRINGS = YES;
				SWIFT_UPCOMING_FEATURE_MEMBER_IMPORT_VISIBILITY = YES;
				SWIFT_VERSION = 5.0;
			};
			name = Release;
		};
/* End XCBuildConfiguration section */

/* Begin XCConfigurationList section */
		B3CD89AC2FB1F1A30042B68B /* Build configuration list for PBXProject "Teams but (actually) good" */ = {
			isa = XCConfigurationList;
			buildConfigurations = (
				B3CD89F82FB1F1A50042B68B /* Debug */,
				B3CD89F92FB1F1A50042B68B /* Release */,
			);
			defaultConfigurationIsVisible = 0;
			defaultConfigurationName = Release;
		};
		B3CD89FA2FB1F1A50042B68B /* Build configuration list for PBXNativeTarget "Teams but (actually) good Extension (iOS)" */ = {
			isa = XCConfigurationList;
			buildConfigurations = (
				B3CD89FB2FB1F1A50042B68B /* Debug */,
				B3CD89FC2FB1F1A50042B68B /* Release */,
			);
			defaultConfigurationIsVisible = 0;
			defaultConfigurationName = Release;
		};
		B3CD89FE2FB1F1A50042B68B /* Build configuration list for PBXNativeTarget "Teams but (actually) good (iOS)" */ = {
			isa = XCConfigurationList;
			buildConfigurations = (
				B3CD89FF2FB1F1A50042B68B /* Debug */,
				B3CD8A002FB1F1A50042B68B /* Release */,
			);
			defaultConfigurationIsVisible = 0;
			defaultConfigurationName = Release;
		};
		B3CD8A012FB1F1A50042B68B /* Build configuration list for PBXNativeTarget "Teams but (actually) good Extension (macOS)" */ = {
			isa = XCConfigurationList;
			buildConfigurations = (
				B3CD8A022FB1F1A50042B68B /* Debug */,
				B3CD8A032FB1F1A50042B68B /* Release */,
			);
			defaultConfigurationIsVisible = 0;
			defaultConfigurationName = Release;
		};
		B3CD8A052FB1F1A50042B68B /* Build configuration list for PBXNativeTarget "Teams but (actually) good (macOS)" */ = {
			isa = XCConfigurationList;
			buildConfigurations = (
				B3CD8A062FB1F1A50042B68B /* Debug */,
				B3CD8A072FB1F1A50042B68B /* Release */,
			);
			defaultConfigurationIsVisible = 0;
			defaultConfigurationName = Release;
		};
/* End XCConfigurationList section */
	};
	rootObject = B3CD89A92FB1F1A30042B68B /* Project object */;
}
