// !$*UTF8*$!
{
	archiveVersion = 1;
	classes = {
	};
	objectVersion = 77;
	objects = {

/* Begin PBXBuildFile section */
		B34D449A2FC982900066618B /* AppDelegate.swift in Sources */ = {isa = PBXBuildFile; fileRef = B34D44992FC982900066618B /* AppDelegate.swift */; };
		B34D449C2FC982900066618B /* SceneDelegate.swift in Sources */ = {isa = PBXBuildFile; fileRef = B34D449B2FC982900066618B /* SceneDelegate.swift */; };
		B34D449F2FC982900066618B /* LaunchScreen.storyboard in Resources */ = {isa = PBXBuildFile; fileRef = B34D449D2FC982900066618B /* LaunchScreen.storyboard */; };
		B34D44A22FC982900066618B /* Main.storyboard in Resources */ = {isa = PBXBuildFile; fileRef = B34D44A02FC982900066618B /* Main.storyboard */; };
		B34D44AB2FC982900066618B /* AppDelegate.swift in Sources */ = {isa = PBXBuildFile; fileRef = B34D44AA2FC982900066618B /* AppDelegate.swift */; };
		B34D44AE2FC982900066618B /* Main.storyboard in Resources */ = {isa = PBXBuildFile; fileRef = B34D44AC2FC982900066618B /* Main.storyboard */; };
		B34D44B52FC982900066618B /* Teams but (actually) good Extension.appex in Embed Foundation Extensions */ = {isa = PBXBuildFile; fileRef = B34D44B42FC982900066618B /* Teams but (actually) good Extension.appex */; settings = {ATTRIBUTES = (RemoveHeadersOnCopy, ); }; };
		B34D44BF2FC982900066618B /* Teams but (actually) good Extension.appex in Embed Foundation Extensions */ = {isa = PBXBuildFile; fileRef = B34D44BE2FC982900066618B /* Teams but (actually) good Extension.appex */; settings = {ATTRIBUTES = (RemoveHeadersOnCopy, ); }; };
		B34D44C42FC982900066618B /* Main.html in Resources */ = {isa = PBXBuildFile; fileRef = B34D44892FC9828F0066618B /* Main.html */; };
		B34D44C52FC982900066618B /* Main.html in Resources */ = {isa = PBXBuildFile; fileRef = B34D44892FC9828F0066618B /* Main.html */; };
		B34D44C62FC982900066618B /* Icon.png in Resources */ = {isa = PBXBuildFile; fileRef = B34D448B2FC9828F0066618B /* Icon.png */; };
		B34D44C72FC982900066618B /* Icon.png in Resources */ = {isa = PBXBuildFile; fileRef = B34D448B2FC9828F0066618B /* Icon.png */; };
		B34D44C82FC982900066618B /* Style.css in Resources */ = {isa = PBXBuildFile; fileRef = B34D448C2FC9828F0066618B /* Style.css */; };
		B34D44C92FC982900066618B /* Style.css in Resources */ = {isa = PBXBuildFile; fileRef = B34D448C2FC9828F0066618B /* Style.css */; };
		B34D44CA2FC982900066618B /* Script.js in Resources */ = {isa = PBXBuildFile; fileRef = B34D448D2FC9828F0066618B /* Script.js */; };
		B34D44CB2FC982900066618B /* Script.js in Resources */ = {isa = PBXBuildFile; fileRef = B34D448D2FC9828F0066618B /* Script.js */; };
		B34D44CC2FC982900066618B /* ViewController.swift in Sources */ = {isa = PBXBuildFile; fileRef = B34D448E2FC9828F0066618B /* ViewController.swift */; };
		B34D44CD2FC982900066618B /* ViewController.swift in Sources */ = {isa = PBXBuildFile; fileRef = B34D448E2FC9828F0066618B /* ViewController.swift */; };
		B34D44CE2FC982900066618B /* Assets.xcassets in Resources */ = {isa = PBXBuildFile; fileRef = B34D448F2FC982900066618B /* Assets.xcassets */; };
		B34D44CF2FC982900066618B /* Assets.xcassets in Resources */ = {isa = PBXBuildFile; fileRef = B34D448F2FC982900066618B /* Assets.xcassets */; };
		B34D44D02FC982900066618B /* SafariWebExtensionHandler.swift in Sources */ = {isa = PBXBuildFile; fileRef = B34D44912FC982900066618B /* SafariWebExtensionHandler.swift */; };
		B34D44D12FC982900066618B /* SafariWebExtensionHandler.swift in Sources */ = {isa = PBXBuildFile; fileRef = B34D44912FC982900066618B /* SafariWebExtensionHandler.swift */; };
		B34D44EC2FC982910066618B /* manifest.safari.json in Resources */ = {isa = PBXBuildFile; fileRef = B34D44E32FC982910066618B /* manifest.safari.json */; };
		B34D44ED2FC982910066618B /* popup.js in Resources */ = {isa = PBXBuildFile; fileRef = B34D44E42FC982910066618B /* popup.js */; };
		B34D44EE2FC982910066618B /* background.js in Resources */ = {isa = PBXBuildFile; fileRef = B34D44E52FC982910066618B /* background.js */; };
		B34D44EF2FC982910066618B /* popup.html in Resources */ = {isa = PBXBuildFile; fileRef = B34D44E62FC982910066618B /* popup.html */; };
		B34D44F02FC982910066618B /* injection.js in Resources */ = {isa = PBXBuildFile; fileRef = B34D44E72FC982910066618B /* injection.js */; };
		B34D44F12FC982910066618B /* manifest.firefox.json in Resources */ = {isa = PBXBuildFile; fileRef = B34D44E82FC982910066618B /* manifest.firefox.json */; };
		B34D44F22FC982910066618B /* manifest.chrome.json in Resources */ = {isa = PBXBuildFile; fileRef = B34D44E92FC982910066618B /* manifest.chrome.json */; };
		B34D44F32FC982910066618B /* icons in Resources */ = {isa = PBXBuildFile; fileRef = B34D44EA2FC982910066618B /* icons */; };
		B34D44F42FC982910066618B /* manifest.json in Resources */ = {isa = PBXBuildFile; fileRef = B34D44EB2FC982910066618B /* manifest.json */; };
		B34D44F52FC982910066618B /* manifest.safari.json in Resources */ = {isa = PBXBuildFile; fileRef = B34D44E32FC982910066618B /* manifest.safari.json */; };
		B34D44F62FC982910066618B /* popup.js in Resources */ = {isa = PBXBuildFile; fileRef = B34D44E42FC982910066618B /* popup.js */; };
		B34D44F72FC982910066618B /* background.js in Resources */ = {isa = PBXBuildFile; fileRef = B34D44E52FC982910066618B /* background.js */; };
		B34D44F82FC982910066618B /* popup.html in Resources */ = {isa = PBXBuildFile; fileRef = B34D44E62FC982910066618B /* popup.html */; };
		B34D44F92FC982910066618B /* injection.js in Resources */ = {isa = PBXBuildFile; fileRef = B34D44E72FC982910066618B /* injection.js */; };
		B34D44FA2FC982910066618B /* manifest.firefox.json in Resources */ = {isa = PBXBuildFile; fileRef = B34D44E82FC982910066618B /* manifest.firefox.json */; };
		B34D44FB2FC982910066618B /* manifest.chrome.json in Resources */ = {isa = PBXBuildFile; fileRef = B34D44E92FC982910066618B /* manifest.chrome.json */; };
		B34D44FC2FC982910066618B /* icons in Resources */ = {isa = PBXBuildFile; fileRef = B34D44EA2FC982910066618B /* icons */; };
		B34D44FD2FC982910066618B /* manifest.json in Resources */ = {isa = PBXBuildFile; fileRef = B34D44EB2FC982910066618B /* manifest.json */; };
/* End PBXBuildFile section */

/* Begin PBXContainerItemProxy section */
		B34D44B62FC982900066618B /* PBXContainerItemProxy */ = {
			isa = PBXContainerItemProxy;
			containerPortal = B34D44832FC9828E0066618B /* Project object */;
			proxyType = 1;
			remoteGlobalIDString = B34D44B32FC982900066618B;
			remoteInfo = "Teams but (actually) good Extension (iOS)";
		};
		B34D44C02FC982900066618B /* PBXContainerItemProxy */ = {
			isa = PBXContainerItemProxy;
			containerPortal = B34D44832FC9828E0066618B /* Project object */;
			proxyType = 1;
			remoteGlobalIDString = B34D44BD2FC982900066618B;
			remoteInfo = "Teams but (actually) good Extension (macOS)";
		};
/* End PBXContainerItemProxy section */

/* Begin PBXCopyFilesBuildPhase section */
		B34D44D72FC982900066618B /* Embed Foundation Extensions */ = {
			isa = PBXCopyFilesBuildPhase;
			buildActionMask = 2147483647;
			dstPath = "";
			dstSubfolderSpec = 13;
			files = (
				B34D44B52FC982900066618B /* Teams but (actually) good Extension.appex in Embed Foundation Extensions */,
			);
			name = "Embed Foundation Extensions";
			runOnlyForDeploymentPostprocessing = 0;
		};
		B34D44DE2FC982900066618B /* Embed Foundation Extensions */ = {
			isa = PBXCopyFilesBuildPhase;
			buildActionMask = 2147483647;
			dstPath = "";
			dstSubfolderSpec = 13;
			files = (
				B34D44BF2FC982900066618B /* Teams but (actually) good Extension.appex in Embed Foundation Extensions */,
			);
			name = "Embed Foundation Extensions";
			runOnlyForDeploymentPostprocessing = 0;
		};
/* End PBXCopyFilesBuildPhase section */

/* Begin PBXFileReference section */
		B34D448A2FC9828F0066618B /* Base */ = {isa = PBXFileReference; lastKnownFileType = text.html; name = Base; path = Base.lproj/Main.html; sourceTree = "<group>"; };
		B34D448B2FC9828F0066618B /* Icon.png */ = {isa = PBXFileReference; lastKnownFileType = image.png; path = Icon.png; sourceTree = "<group>"; };
		B34D448C2FC9828F0066618B /* Style.css */ = {isa = PBXFileReference; lastKnownFileType = text.css; path = Style.css; sourceTree = "<group>"; };
		B34D448D2FC9828F0066618B /* Script.js */ = {isa = PBXFileReference; lastKnownFileType = sourcecode.javascript; path = Script.js; sourceTree = "<group>"; };
		B34D448E2FC9828F0066618B /* ViewController.swift */ = {isa = PBXFileReference; lastKnownFileType = sourcecode.swift; path = ViewController.swift; sourceTree = "<group>"; };
		B34D448F2FC982900066618B /* Assets.xcassets */ = {isa = PBXFileReference; lastKnownFileType = folder.assetcatalog; path = Assets.xcassets; sourceTree = "<group>"; };
		B34D44912FC982900066618B /* SafariWebExtensionHandler.swift */ = {isa = PBXFileReference; lastKnownFileType = sourcecode.swift; path = SafariWebExtensionHandler.swift; sourceTree = "<group>"; };
		B34D44962FC982900066618B /* Teams but (actually) good.app */ = {isa = PBXFileReference; explicitFileType = wrapper.application; includeInIndex = 0; path = "Teams but (actually) good.app"; sourceTree = BUILT_PRODUCTS_DIR; };
		B34D44992FC982900066618B /* AppDelegate.swift */ = {isa = PBXFileReference; lastKnownFileType = sourcecode.swift; path = AppDelegate.swift; sourceTree = "<group>"; };
		B34D449B2FC982900066618B /* SceneDelegate.swift */ = {isa = PBXFileReference; lastKnownFileType = sourcecode.swift; path = SceneDelegate.swift; sourceTree = "<group>"; };
		B34D449E2FC982900066618B /* Base */ = {isa = PBXFileReference; lastKnownFileType = file.storyboard; name = Base; path = Base.lproj/LaunchScreen.storyboard; sourceTree = "<group>"; };
		B34D44A12FC982900066618B /* Base */ = {isa = PBXFileReference; lastKnownFileType = file.storyboard; name = Base; path = Base.lproj/Main.storyboard; sourceTree = "<group>"; };
		B34D44A32FC982900066618B /* Info.plist */ = {isa = PBXFileReference; lastKnownFileType = text.plist.xml; path = Info.plist; sourceTree = "<group>"; };
		B34D44A82FC982900066618B /* Teams but (actually) good.app */ = {isa = PBXFileReference; explicitFileType = wrapper.application; includeInIndex = 0; path = "Teams but (actually) good.app"; sourceTree = BUILT_PRODUCTS_DIR; };
		B34D44AA2FC982900066618B /* AppDelegate.swift */ = {isa = PBXFileReference; lastKnownFileType = sourcecode.swift; path = AppDelegate.swift; sourceTree = "<group>"; };
		B34D44AD2FC982900066618B /* Base */ = {isa = PBXFileReference; lastKnownFileType = file.storyboard; name = Base; path = Base.lproj/Main.storyboard; sourceTree = "<group>"; };
		B34D44AF2FC982900066618B /* Info.plist */ = {isa = PBXFileReference; lastKnownFileType = text.plist.xml; path = Info.plist; sourceTree = "<group>"; };
		B34D44B42FC982900066618B /* Teams but (actually) good Extension.appex */ = {isa = PBXFileReference; explicitFileType = "wrapper.app-extension"; includeInIndex = 0; path = "Teams but (actually) good Extension.appex"; sourceTree = BUILT_PRODUCTS_DIR; };
		B34D44B92FC982900066618B /* Info.plist */ = {isa = PBXFileReference; lastKnownFileType = text.plist.xml; path = Info.plist; sourceTree = "<group>"; };
		B34D44BE2FC982900066618B /* Teams but (actually) good Extension.appex */ = {isa = PBXFileReference; explicitFileType = "wrapper.app-extension"; includeInIndex = 0; path = "Teams but (actually) good Extension.appex"; sourceTree = BUILT_PRODUCTS_DIR; };
		B34D44C32FC982900066618B /* Info.plist */ = {isa = PBXFileReference; lastKnownFileType = text.plist.xml; path = Info.plist; sourceTree = "<group>"; };
		B34D44E32FC982910066618B /* manifest.safari.json */ = {isa = PBXFileReference; lastKnownFileType = text.json; name = manifest.safari.json; path = ../../../extension/manifest.safari.json; sourceTree = "<group>"; };
		B34D44E42FC982910066618B /* popup.js */ = {isa = PBXFileReference; lastKnownFileType = sourcecode.javascript; name = popup.js; path = ../../../extension/popup.js; sourceTree = "<group>"; };
		B34D44E52FC982910066618B /* background.js */ = {isa = PBXFileReference; lastKnownFileType = sourcecode.javascript; name = background.js; path = ../../../extension/background.js; sourceTree = "<group>"; };
		B34D44E62FC982910066618B /* popup.html */ = {isa = PBXFileReference; lastKnownFileType = text.html; name = popup.html; path = ../../../extension/popup.html; sourceTree = "<group>"; };
		B34D44E72FC982910066618B /* injection.js */ = {isa = PBXFileReference; lastKnownFileType = sourcecode.javascript; name = injection.js; path = ../../../extension/injection.js; sourceTree = "<group>"; };
		B34D44E82FC982910066618B /* manifest.firefox.json */ = {isa = PBXFileReference; lastKnownFileType = text.json; name = manifest.firefox.json; path = ../../../extension/manifest.firefox.json; sourceTree = "<group>"; };
		B34D44E92FC982910066618B /* manifest.chrome.json */ = {isa = PBXFileReference; lastKnownFileType = text.json; name = manifest.chrome.json; path = ../../../extension/manifest.chrome.json; sourceTree = "<group>"; };
		B34D44EA2FC982910066618B /* icons */ = {isa = PBXFileReference; lastKnownFileType = folder; name = icons; path = ../../../extension/icons; sourceTree = "<group>"; };
		B34D44EB2FC982910066618B /* manifest.json */ = {isa = PBXFileReference; lastKnownFileType = text.json; name = manifest.json; path = ../../../extension/manifest.json; sourceTree = "<group>"; };
/* End PBXFileReference section */

/* Begin PBXFrameworksBuildPhase section */
		B34D44932FC982900066618B /* Frameworks */ = {
			isa = PBXFrameworksBuildPhase;
			buildActionMask = 2147483647;
			files = (
			);
			runOnlyForDeploymentPostprocessing = 0;
		};
		B34D44A52FC982900066618B /* Frameworks */ = {
			isa = PBXFrameworksBuildPhase;
			buildActionMask = 2147483647;
			files = (
			);
			runOnlyForDeploymentPostprocessing = 0;
		};
		B34D44B12FC982900066618B /* Frameworks */ = {
			isa = PBXFrameworksBuildPhase;
			buildActionMask = 2147483647;
			files = (
			);
			runOnlyForDeploymentPostprocessing = 0;
		};
		B34D44BB2FC982900066618B /* Frameworks */ = {
			isa = PBXFrameworksBuildPhase;
			buildActionMask = 2147483647;
			files = (
			);
			runOnlyForDeploymentPostprocessing = 0;
		};
/* End PBXFrameworksBuildPhase section */

/* Begin PBXGroup section */
		B34D44822FC9828E0066618B = {
			isa = PBXGroup;
			children = (
				B34D44872FC9828F0066618B /* Shared (App) */,
				B34D44902FC982900066618B /* Shared (Extension) */,
				B34D44982FC982900066618B /* iOS (App) */,
				B34D44A92FC982900066618B /* macOS (App) */,
				B34D44B82FC982900066618B /* iOS (Extension) */,
				B34D44C22FC982900066618B /* macOS (Extension) */,
				B34D44972FC982900066618B /* Products */,
			);
			sourceTree = "<group>";
		};
		B34D44872FC9828F0066618B /* Shared (App) */ = {
			isa = PBXGroup;
			children = (
				B34D448E2FC9828F0066618B /* ViewController.swift */,
				B34D448F2FC982900066618B /* Assets.xcassets */,
				B34D44882FC9828F0066618B /* Resources */,
			);
			path = "Shared (App)";
			sourceTree = "<group>";
		};
		B34D44882FC9828F0066618B /* Resources */ = {
			isa = PBXGroup;
			children = (
				B34D44892FC9828F0066618B /* Main.html */,
				B34D448B2FC9828F0066618B /* Icon.png */,
				B34D448C2FC9828F0066618B /* Style.css */,
				B34D448D2FC9828F0066618B /* Script.js */,
			);
			path = Resources;
			sourceTree = "<group>";
		};
		B34D44902FC982900066618B /* Shared (Extension) */ = {
			isa = PBXGroup;
			children = (
				B34D44E22FC982910066618B /* Resources */,
				B34D44912FC982900066618B /* SafariWebExtensionHandler.swift */,
			);
			path = "Shared (Extension)";
			sourceTree = "<group>";
		};
		B34D44972FC982900066618B /* Products */ = {
			isa = PBXGroup;
			children = (
				B34D44962FC982900066618B /* Teams but (actually) good.app */,
				B34D44A82FC982900066618B /* Teams but (actually) good.app */,
				B34D44B42FC982900066618B /* Teams but (actually) good Extension.appex */,
				B34D44BE2FC982900066618B /* Teams but (actually) good Extension.appex */,
			);
			name = Products;
			sourceTree = "<group>";
		};
		B34D44982FC982900066618B /* iOS (App) */ = {
			isa = PBXGroup;
			children = (
				B34D44992FC982900066618B /* AppDelegate.swift */,
				B34D449B2FC982900066618B /* SceneDelegate.swift */,
				B34D449D2FC982900066618B /* LaunchScreen.storyboard */,
				B34D44A02FC982900066618B /* Main.storyboard */,
				B34D44A32FC982900066618B /* Info.plist */,
			);
			path = "iOS (App)";
			sourceTree = "<group>";
		};
		B34D44A92FC982900066618B /* macOS (App) */ = {
			isa = PBXGroup;
			children = (
				B34D44AA2FC982900066618B /* AppDelegate.swift */,
				B34D44AC2FC982900066618B /* Main.storyboard */,
				B34D44AF2FC982900066618B /* Info.plist */,
			);
			path = "macOS (App)";
			sourceTree = "<group>";
		};
		B34D44B82FC982900066618B /* iOS (Extension) */ = {
			isa = PBXGroup;
			children = (
				B34D44B92FC982900066618B /* Info.plist */,
			);
			path = "iOS (Extension)";
			sourceTree = "<group>";
		};
		B34D44C22FC982900066618B /* macOS (Extension) */ = {
			isa = PBXGroup;
			children = (
				B34D44C32FC982900066618B /* Info.plist */,
			);
			path = "macOS (Extension)";
			sourceTree = "<group>";
		};
		B34D44E22FC982910066618B /* Resources */ = {
			isa = PBXGroup;
			children = (
				B34D44E32FC982910066618B /* manifest.safari.json */,
				B34D44E42FC982910066618B /* popup.js */,
				B34D44E52FC982910066618B /* background.js */,
				B34D44E62FC982910066618B /* popup.html */,
				B34D44E72FC982910066618B /* injection.js */,
				B34D44E82FC982910066618B /* manifest.firefox.json */,
				B34D44E92FC982910066618B /* manifest.chrome.json */,
				B34D44EA2FC982910066618B /* icons */,
				B34D44EB2FC982910066618B /* manifest.json */,
			);
			name = Resources;
			path = "Shared (Extension)";
			sourceTree = SOURCE_ROOT;
		};
/* End PBXGroup section */

/* Begin PBXNativeTarget section */
		B34D44952FC982900066618B /* Teams but (actually) good (iOS) */ = {
			isa = PBXNativeTarget;
			buildConfigurationList = B34D44D82FC982900066618B /* Build configuration list for PBXNativeTarget "Teams but (actually) good (iOS)" */;
			buildPhases = (
				B34D44922FC982900066618B /* Sources */,
				B34D44932FC982900066618B /* Frameworks */,
				B34D44942FC982900066618B /* Resources */,
				B34D44D72FC982900066618B /* Embed Foundation Extensions */,
			);
			buildRules = (
			);
			dependencies = (
				B34D44B72FC982900066618B /* PBXTargetDependency */,
			);
			name = "Teams but (actually) good (iOS)";
			packageProductDependencies = (
			);
			productName = "Teams but (actually) good (iOS)";
			productReference = B34D44962FC982900066618B /* Teams but (actually) good.app */;
			productType = "com.apple.product-type.application";
		};
		B34D44A72FC982900066618B /* Teams but (actually) good (macOS) */ = {
			isa = PBXNativeTarget;
			buildConfigurationList = B34D44DF2FC982900066618B /* Build configuration list for PBXNativeTarget "Teams but (actually) good (macOS)" */;
			buildPhases = (
				B34D44A42FC982900066618B /* Sources */,
				B34D44A52FC982900066618B /* Frameworks */,
				B34D44A62FC982900066618B /* Resources */,
				B34D44DE2FC982900066618B /* Embed Foundation Extensions */,
			);
			buildRules = (
			);
			dependencies = (
				B34D44C12FC982900066618B /* PBXTargetDependency */,
			);
			name = "Teams but (actually) good (macOS)";
			packageProductDependencies = (
			);
			productName = "Teams but (actually) good (macOS)";
			productReference = B34D44A82FC982900066618B /* Teams but (actually) good.app */;
			productType = "com.apple.product-type.application";
		};
		B34D44B32FC982900066618B /* Teams but (actually) good Extension (iOS) */ = {
			isa = PBXNativeTarget;
			buildConfigurationList = B34D44D42FC982900066618B /* Build configuration list for PBXNativeTarget "Teams but (actually) good Extension (iOS)" */;
			buildPhases = (
				B34D44B02FC982900066618B /* Sources */,
				B34D44B12FC982900066618B /* Frameworks */,
				B34D44B22FC982900066618B /* Resources */,
			);
			buildRules = (
			);
			dependencies = (
			);
			name = "Teams but (actually) good Extension (iOS)";
			packageProductDependencies = (
			);
			productName = "Teams but (actually) good Extension (iOS)";
			productReference = B34D44B42FC982900066618B /* Teams but (actually) good Extension.appex */;
			productType = "com.apple.product-type.app-extension";
		};
		B34D44BD2FC982900066618B /* Teams but (actually) good Extension (macOS) */ = {
			isa = PBXNativeTarget;
			buildConfigurationList = B34D44DB2FC982900066618B /* Build configuration list for PBXNativeTarget "Teams but (actually) good Extension (macOS)" */;
			buildPhases = (
				B34D44BA2FC982900066618B /* Sources */,
				B34D44BB2FC982900066618B /* Frameworks */,
				B34D44BC2FC982900066618B /* Resources */,
			);
			buildRules = (
			);
			dependencies = (
			);
			name = "Teams but (actually) good Extension (macOS)";
			packageProductDependencies = (
			);
			productName = "Teams but (actually) good Extension (macOS)";
			productReference = B34D44BE2FC982900066618B /* Teams but (actually) good Extension.appex */;
			productType = "com.apple.product-type.app-extension";
		};
/* End PBXNativeTarget section */

/* Begin PBXProject section */
		B34D44832FC9828E0066618B /* Project object */ = {
			isa = PBXProject;
			attributes = {
				BuildIndependentTargetsInParallel = 1;
				LastSwiftUpdateCheck = 2650;
				LastUpgradeCheck = 2650;
				TargetAttributes = {
					B34D44952FC982900066618B = {
						CreatedOnToolsVersion = 26.5;
					};
					B34D44A72FC982900066618B = {
						CreatedOnToolsVersion = 26.5;
					};
					B34D44B32FC982900066618B = {
						CreatedOnToolsVersion = 26.5;
					};
					B34D44BD2FC982900066618B = {
						CreatedOnToolsVersion = 26.5;
					};
				};
			};
			buildConfigurationList = B34D44862FC9828E0066618B /* Build configuration list for PBXProject "Teams but (actually) good" */;
			developmentRegion = en;
			hasScannedForEncodings = 0;
			knownRegions = (
				en,
				Base,
			);
			mainGroup = B34D44822FC9828E0066618B;
			minimizedProjectReferenceProxies = 1;
			preferredProjectObjectVersion = 77;
			productRefGroup = B34D44972FC982900066618B /* Products */;
			projectDirPath = "";
			projectRoot = "";
			targets = (
				B34D44952FC982900066618B /* Teams but (actually) good (iOS) */,
				B34D44A72FC982900066618B /* Teams but (actually) good (macOS) */,
				B34D44B32FC982900066618B /* Teams but (actually) good Extension (iOS) */,
				B34D44BD2FC982900066618B /* Teams but (actually) good Extension (macOS) */,
			);
		};
/* End PBXProject section */

/* Begin PBXResourcesBuildPhase section */
		B34D44942FC982900066618B /* Resources */ = {
			isa = PBXResourcesBuildPhase;
			buildActionMask = 2147483647;
			files = (
				B34D44C62FC982900066618B /* Icon.png in Resources */,
				B34D449F2FC982900066618B /* LaunchScreen.storyboard in Resources */,
				B34D44C42FC982900066618B /* Main.html in Resources */,
				B34D44CA2FC982900066618B /* Script.js in Resources */,
				B34D44CE2FC982900066618B /* Assets.xcassets in Resources */,
				B34D44A22FC982900066618B /* Main.storyboard in Resources */,
				B34D44C82FC982900066618B /* Style.css in Resources */,
			);
			runOnlyForDeploymentPostprocessing = 0;
		};
		B34D44A62FC982900066618B /* Resources */ = {
			isa = PBXResourcesBuildPhase;
			buildActionMask = 2147483647;
			files = (
				B34D44C72FC982900066618B /* Icon.png in Resources */,
				B34D44C92FC982900066618B /* Style.css in Resources */,
				B34D44AE2FC982900066618B /* Main.storyboard in Resources */,
				B34D44CB2FC982900066618B /* Script.js in Resources */,
				B34D44CF2FC982900066618B /* Assets.xcassets in Resources */,
				B34D44C52FC982900066618B /* Main.html in Resources */,
			);
			runOnlyForDeploymentPostprocessing = 0;
		};
		B34D44B22FC982900066618B /* Resources */ = {
			isa = PBXResourcesBuildPhase;
			buildActionMask = 2147483647;
			files = (
				B34D44FB2FC982910066618B /* manifest.chrome.json in Resources */,
				B34D44FC2FC982910066618B /* icons in Resources */,
				B34D44F52FC982910066618B /* manifest.safari.json in Resources */,
				B34D44F82FC982910066618B /* popup.html in Resources */,
				B34D44FD2FC982910066618B /* manifest.json in Resources */,
				B34D44F72FC982910066618B /* background.js in Resources */,
				B34D44FA2FC982910066618B /* manifest.firefox.json in Resources */,
				B34D44F62FC982910066618B /* popup.js in Resources */,
				B34D44F92FC982910066618B /* injection.js in Resources */,
			);
			runOnlyForDeploymentPostprocessing = 0;
		};
		B34D44BC2FC982900066618B /* Resources */ = {
			isa = PBXResourcesBuildPhase;
			buildActionMask = 2147483647;
			files = (
				B34D44F22FC982910066618B /* manifest.chrome.json in Resources */,
				B34D44F32FC982910066618B /* icons in Resources */,
				B34D44EC2FC982910066618B /* manifest.safari.json in Resources */,
				B34D44EF2FC982910066618B /* popup.html in Resources */,
				B34D44F42FC982910066618B /* manifest.json in Resources */,
				B34D44EE2FC982910066618B /* background.js in Resources */,
				B34D44F12FC982910066618B /* manifest.firefox.json in Resources */,
				B34D44ED2FC982910066618B /* popup.js in Resources */,
				B34D44F02FC982910066618B /* injection.js in Resources */,
			);
			runOnlyForDeploymentPostprocessing = 0;
		};
/* End PBXResourcesBuildPhase section */

/* Begin PBXSourcesBuildPhase section */
		B34D44922FC982900066618B /* Sources */ = {
			isa = PBXSourcesBuildPhase;
			buildActionMask = 2147483647;
			files = (
				B34D44CC2FC982900066618B /* ViewController.swift in Sources */,
				B34D449A2FC982900066618B /* AppDelegate.swift in Sources */,
				B34D449C2FC982900066618B /* SceneDelegate.swift in Sources */,
			);
			runOnlyForDeploymentPostprocessing = 0;
		};
		B34D44A42FC982900066618B /* Sources */ = {
			isa = PBXSourcesBuildPhase;
			buildActionMask = 2147483647;
			files = (
				B34D44CD2FC982900066618B /* ViewController.swift in Sources */,
				B34D44AB2FC982900066618B /* AppDelegate.swift in Sources */,
			);
			runOnlyForDeploymentPostprocessing = 0;
		};
		B34D44B02FC982900066618B /* Sources */ = {
			isa = PBXSourcesBuildPhase;
			buildActionMask = 2147483647;
			files = (
				B34D44D02FC982900066618B /* SafariWebExtensionHandler.swift in Sources */,
			);
			runOnlyForDeploymentPostprocessing = 0;
		};
		B34D44BA2FC982900066618B /* Sources */ = {
			isa = PBXSourcesBuildPhase;
			buildActionMask = 2147483647;
			files = (
				B34D44D12FC982900066618B /* SafariWebExtensionHandler.swift in Sources */,
			);
			runOnlyForDeploymentPostprocessing = 0;
		};
/* End PBXSourcesBuildPhase section */

/* Begin PBXTargetDependency section */
		B34D44B72FC982900066618B /* PBXTargetDependency */ = {
			isa = PBXTargetDependency;
			target = B34D44B32FC982900066618B /* Teams but (actually) good Extension (iOS) */;
			targetProxy = B34D44B62FC982900066618B /* PBXContainerItemProxy */;
		};
		B34D44C12FC982900066618B /* PBXTargetDependency */ = {
			isa = PBXTargetDependency;
			target = B34D44BD2FC982900066618B /* Teams but (actually) good Extension (macOS) */;
			targetProxy = B34D44C02FC982900066618B /* PBXContainerItemProxy */;
		};
/* End PBXTargetDependency section */

/* Begin PBXVariantGroup section */
		B34D44892FC9828F0066618B /* Main.html */ = {
			isa = PBXVariantGroup;
			children = (
				B34D448A2FC9828F0066618B /* Base */,
			);
			name = Main.html;
			sourceTree = "<group>";
		};
		B34D449D2FC982900066618B /* LaunchScreen.storyboard */ = {
			isa = PBXVariantGroup;
			children = (
				B34D449E2FC982900066618B /* Base */,
			);
			name = LaunchScreen.storyboard;
			sourceTree = "<group>";
		};
		B34D44A02FC982900066618B /* Main.storyboard */ = {
			isa = PBXVariantGroup;
			children = (
				B34D44A12FC982900066618B /* Base */,
			);
			name = Main.storyboard;
			sourceTree = "<group>";
		};
		B34D44AC2FC982900066618B /* Main.storyboard */ = {
			isa = PBXVariantGroup;
			children = (
				B34D44AD2FC982900066618B /* Base */,
			);
			name = Main.storyboard;
			sourceTree = "<group>";
		};
/* End PBXVariantGroup section */

/* Begin XCBuildConfiguration section */
		B34D44D22FC982900066618B /* Debug */ = {
			isa = XCBuildConfiguration;
			buildSettings = {
				ALWAYS_SEARCH_USER_PATHS = NO;
				ASSETCATALOG_COMPILER_GENERATE_SWIFT_ASSET_SYMBOL_EXTENSIONS = YES;
				CLANG_ANALYZER_NONNULL = YES;
				CLANG_ANALYZER_NUMBER_OBJECT_CONVERSION = YES_AGGRESSIVE;
				CLANG_CXX_LANGUAGE_STANDARD = "gnu++20";
				CLANG_ENABLE_MODULES = YES;
				CLANG_ENABLE_OBJC_ARC = YES;
				CLANG_ENABLE_OBJC_WEAK = YES;
				CLANG_WARN_BLOCK_CAPTURE_AUTORELEASING = YES;
				CLANG_WARN_BOOL_CONVERSION = YES;
				CLANG_WARN_COMMA = YES;
				CLANG_WARN_CONSTANT_CONVERSION = YES;
				CLANG_WARN_DEPRECATED_OBJC_IMPLEMENTATIONS = YES;
				CLANG_WARN_DIRECT_OBJC_ISA_USAGE = YES_ERROR;
				CLANG_WARN_DOCUMENTATION_COMMENTS = YES;
				CLANG_WARN_EMPTY_BODY = YES;
				CLANG_WARN_ENUM_CONVERSION = YES;
				CLANG_WARN_INFINITE_RECURSION = YES;
				CLANG_WARN_INT_CONVERSION = YES;
				CLANG_WARN_NON_LITERAL_NULL_CONVERSION = YES;
				CLANG_WARN_OBJC_IMPLICIT_RETAIN_SELF = YES;
				CLANG_WARN_OBJC_LITERAL_CONVERSION = YES;
				CLANG_WARN_OBJC_ROOT_CLASS = YES_ERROR;
				CLANG_WARN_QUOTED_INCLUDE_IN_FRAMEWORK_HEADER = YES;
				CLANG_WARN_RANGE_LOOP_ANALYSIS = YES;
				CLANG_WARN_STRICT_PROTOTYPES = YES;
				CLANG_WARN_SUSPICIOUS_MOVE = YES;
				CLANG_WARN_UNGUARDED_AVAILABILITY = YES_AGGRESSIVE;
				CLANG_WARN_UNREACHABLE_CODE = YES;
				CLANG_WARN__DUPLICATE_METHOD_MATCH = YES;
				COPY_PHASE_STRIP = NO;
				DEBUG_INFORMATION_FORMAT = dwarf;
				ENABLE_STRICT_OBJC_MSGSEND = YES;
				ENABLE_TESTABILITY = YES;
				ENABLE_USER_SCRIPT_SANDBOXING = YES;
				GCC_C_LANGUAGE_STANDARD = gnu17;
				GCC_DYNAMIC_NO_PIC = NO;
				GCC_NO_COMMON_BLOCKS = YES;
				GCC_OPTIMIZATION_LEVEL = 0;
				GCC_PREPROCESSOR_DEFINITIONS = (
					"DEBUG=1",
					"$(inherited)",
				);
				GCC_WARN_64_TO_32_BIT_CONVERSION = YES;
				GCC_WARN_ABOUT_RETURN_TYPE = YES_ERROR;
				GCC_WARN_UNDECLARED_SELECTOR = YES;
				GCC_WARN_UNINITIALIZED_AUTOS = YES_AGGRESSIVE;
				GCC_WARN_UNUSED_FUNCTION = YES;
				GCC_WARN_UNUSED_VARIABLE = YES;
				LOCALIZATION_PREFERS_STRING_CATALOGS = YES;
				MTL_ENABLE_DEBUG_INFO = INCLUDE_SOURCE;
				MTL_FAST_MATH = YES;
				ONLY_ACTIVE_ARCH = YES;
				SWIFT_ACTIVE_COMPILATION_CONDITIONS = "DEBUG $(inherited)";
				SWIFT_OPTIMIZATION_LEVEL = "-Onone";
			};
			name = Debug;
		};
		B34D44D32FC982900066618B /* Release */ = {
			isa = XCBuildConfiguration;
			buildSettings = {
				ALWAYS_SEARCH_USER_PATHS = NO;
				ASSETCATALOG_COMPILER_GENERATE_SWIFT_ASSET_SYMBOL_EXTENSIONS = YES;
				CLANG_ANALYZER_NONNULL = YES;
				CLANG_ANALYZER_NUMBER_OBJECT_CONVERSION = YES_AGGRESSIVE;
				CLANG_CXX_LANGUAGE_STANDARD = "gnu++20";
				CLANG_ENABLE_MODULES = YES;
				CLANG_ENABLE_OBJC_ARC = YES;
				CLANG_ENABLE_OBJC_WEAK = YES;
				CLANG_WARN_BLOCK_CAPTURE_AUTORELEASING = YES;
				CLANG_WARN_BOOL_CONVERSION = YES;
				CLANG_WARN_COMMA = YES;
				CLANG_WARN_CONSTANT_CONVERSION = YES;
				CLANG_WARN_DEPRECATED_OBJC_IMPLEMENTATIONS = YES;
				CLANG_WARN_DIRECT_OBJC_ISA_USAGE = YES_ERROR;
				CLANG_WARN_DOCUMENTATION_COMMENTS = YES;
				CLANG_WARN_EMPTY_BODY = YES;
				CLANG_WARN_ENUM_CONVERSION = YES;
				CLANG_WARN_INFINITE_RECURSION = YES;
				CLANG_WARN_INT_CONVERSION = YES;
				CLANG_WARN_NON_LITERAL_NULL_CONVERSION = YES;
				CLANG_WARN_OBJC_IMPLICIT_RETAIN_SELF = YES;
				CLANG_WARN_OBJC_LITERAL_CONVERSION = YES;
				CLANG_WARN_OBJC_ROOT_CLASS = YES_ERROR;
				CLANG_WARN_QUOTED_INCLUDE_IN_FRAMEWORK_HEADER = YES;
				CLANG_WARN_RANGE_LOOP_ANALYSIS = YES;
				CLANG_WARN_STRICT_PROTOTYPES = YES;
				CLANG_WARN_SUSPICIOUS_MOVE = YES;
				CLANG_WARN_UNGUARDED_AVAILABILITY = YES_AGGRESSIVE;
				CLANG_WARN_UNREACHABLE_CODE = YES;
				CLANG_WARN__DUPLICATE_METHOD_MATCH = YES;
				COPY_PHASE_STRIP = NO;
				DEBUG_INFORMATION_FORMAT = "dwarf-with-dsym";
				ENABLE_NS_ASSERTIONS = NO;
				ENABLE_STRICT_OBJC_MSGSEND = YES;
				ENABLE_USER_SCRIPT_SANDBOXING = YES;
				GCC_C_LANGUAGE_STANDARD = gnu17;
				GCC_NO_COMMON_BLOCKS = YES;
				GCC_WARN_64_TO_32_BIT_CONVERSION = YES;
				GCC_WARN_ABOUT_RETURN_TYPE = YES_ERROR;
				GCC_WARN_UNDECLARED_SELECTOR = YES;
				GCC_WARN_UNINITIALIZED_AUTOS = YES_AGGRESSIVE;
				GCC_WARN_UNUSED_FUNCTION = YES;
				GCC_WARN_UNUSED_VARIABLE = YES;
				LOCALIZATION_PREFERS_STRING_CATALOGS = YES;
				MTL_ENABLE_DEBUG_INFO = NO;
				MTL_FAST_MATH = YES;
				SWIFT_COMPILATION_MODE = wholemodule;
			};
			name = Release;
		};
		B34D44D52FC982900066618B /* Debug */ = {
			isa = XCBuildConfiguration;
			buildSettings = {
				CODE_SIGN_STYLE = Automatic;
				CURRENT_PROJECT_VERSION = 1;
				DEVELOPMENT_TEAM = WB4C79N2JW;
				GENERATE_INFOPLIST_FILE = YES;
				INFOPLIST_FILE = "iOS (Extension)/Info.plist";
				INFOPLIST_KEY_CFBundleDisplayName = "Teams but (actually) good Extension";
				INFOPLIST_KEY_NSHumanReadableCopyright = "";
				IPHONEOS_DEPLOYMENT_TARGET = 15.0;
				LD_RUNPATH_SEARCH_PATHS = (
					"$(inherited)",
					"@executable_path/Frameworks",
					"@executable_path/../../Frameworks",
				);
				MARKETING_VERSION = 1.0;
				OTHER_LDFLAGS = (
					"-framework",
					SafariServices,
				);
				PRODUCT_BUNDLE_IDENTIFIER = "com.leonimust.teams-but-actually-good.Extension";
				PRODUCT_NAME = "Teams but (actually) good Extension";
				SDKROOT = iphoneos;
				SKIP_INSTALL = YES;
				STRING_CATALOG_GENERATE_SYMBOLS = YES;
				SWIFT_APPROACHABLE_CONCURRENCY = YES;
				SWIFT_EMIT_LOC_STRINGS = YES;
				SWIFT_UPCOMING_FEATURE_MEMBER_IMPORT_VISIBILITY = YES;
				SWIFT_VERSION = 5.0;
				TARGETED_DEVICE_FAMILY = "1,2";
			};
			name = Debug;
		};
		B34D44D62FC982900066618B /* Release */ = {
			isa = XCBuildConfiguration;
			buildSettings = {
				CODE_SIGN_STYLE = Automatic;
				CURRENT_PROJECT_VERSION = 1;
				DEVELOPMENT_TEAM = WB4C79N2JW;
				GENERATE_INFOPLIST_FILE = YES;
				INFOPLIST_FILE = "iOS (Extension)/Info.plist";
				INFOPLIST_KEY_CFBundleDisplayName = "Teams but (actually) good Extension";
				INFOPLIST_KEY_NSHumanReadableCopyright = "";
				IPHONEOS_DEPLOYMENT_TARGET = 15.0;
				LD_RUNPATH_SEARCH_PATHS = (
					"$(inherited)",
					"@executable_path/Frameworks",
					"@executable_path/../../Frameworks",
				);
				MARKETING_VERSION = 1.0;
				OTHER_LDFLAGS = (
					"-framework",
					SafariServices,
				);
				PRODUCT_BUNDLE_IDENTIFIER = "com.leonimust.teams-but-actually-good.Extension";
				PRODUCT_NAME = "Teams but (actually) good Extension";
				SDKROOT = iphoneos;
				SKIP_INSTALL = YES;
				STRING_CATALOG_GENERATE_SYMBOLS = YES;
				SWIFT_APPROACHABLE_CONCURRENCY = YES;
				SWIFT_EMIT_LOC_STRINGS = YES;
				SWIFT_UPCOMING_FEATURE_MEMBER_IMPORT_VISIBILITY = YES;
				SWIFT_VERSION = 5.0;
				TARGETED_DEVICE_FAMILY = "1,2";
				VALIDATE_PRODUCT = YES;
			};
			name = Release;
		};
		B34D44D92FC982900066618B /* Debug */ = {
			isa = XCBuildConfiguration;
			buildSettings = {
				ASSETCATALOG_COMPILER_APPICON_NAME = AppIcon;
				ASSETCATALOG_COMPILER_GLOBAL_ACCENT_COLOR_NAME = AccentColor;
				CODE_SIGN_STYLE = Automatic;
				CURRENT_PROJECT_VERSION = 1;
				DEVELOPMENT_TEAM = WB4C79N2JW;
				GENERATE_INFOPLIST_FILE = YES;
				INFOPLIST_FILE = "iOS (App)/Info.plist";
				INFOPLIST_KEY_CFBundleDisplayName = "Teams but (actually) good";
				INFOPLIST_KEY_UIApplicationSupportsIndirectInputEvents = YES;
				INFOPLIST_KEY_UILaunchStoryboardName = LaunchScreen;
				INFOPLIST_KEY_UIMainStoryboardFile = Main;
				INFOPLIST_KEY_UISupportedInterfaceOrientations = "UIInterfaceOrientationPortrait UIInterfaceOrientationLandscapeLeft UIInterfaceOrientationLandscapeRight";
				INFOPLIST_KEY_UISupportedInterfaceOrientations_iPad = "UIInterfaceOrientationPortrait UIInterfaceOrientationPortraitUpsideDown UIInterfaceOrientationLandscapeLeft UIInterfaceOrientationLandscapeRight";
				IPHONEOS_DEPLOYMENT_TARGET = 15.0;
				LD_RUNPATH_SEARCH_PATHS = (
					"$(inherited)",
					"@executable_path/Frameworks",
				);
				MARKETING_VERSION = 1.0;
				OTHER_LDFLAGS = (
					"-framework",
					SafariServices,
					"-framework",
					WebKit,
				);
				PRODUCT_BUNDLE_IDENTIFIER = "com.leonimust.teams-but-actually-good";
				PRODUCT_NAME = "Teams but (actually) good";
				SDKROOT = iphoneos;
				STRING_CATALOG_GENERATE_SYMBOLS = YES;
				SWIFT_APPROACHABLE_CONCURRENCY = YES;
				SWIFT_DEFAULT_ACTOR_ISOLATION = MainActor;
				SWIFT_EMIT_LOC_STRINGS = YES;
				SWIFT_UPCOMING_FEATURE_MEMBER_IMPORT_VISIBILITY = YES;
				SWIFT_VERSION = 5.0;
				TARGETED_DEVICE_FAMILY = "1,2";
			};
			name = Debug;
		};
		B34D44DA2FC982900066618B /* Release */ = {
			isa = XCBuildConfiguration;
			buildSettings = {
				ASSETCATALOG_COMPILER_APPICON_NAME = AppIcon;
				ASSETCATALOG_COMPILER_GLOBAL_ACCENT_COLOR_NAME = AccentColor;
				CODE_SIGN_STYLE = Automatic;
				CURRENT_PROJECT_VERSION = 1;
				DEVELOPMENT_TEAM = WB4C79N2JW;
				GENERATE_INFOPLIST_FILE = YES;
				INFOPLIST_FILE = "iOS (App)/Info.plist";
				INFOPLIST_KEY_CFBundleDisplayName = "Teams but (actually) good";
				INFOPLIST_KEY_UIApplicationSupportsIndirectInputEvents = YES;
				INFOPLIST_KEY_UILaunchStoryboardName = LaunchScreen;
				INFOPLIST_KEY_UIMainStoryboardFile = Main;
				INFOPLIST_KEY_UISupportedInterfaceOrientations = "UIInterfaceOrientationPortrait UIInterfaceOrientationLandscapeLeft UIInterfaceOrientationLandscapeRight";
				INFOPLIST_KEY_UISupportedInterfaceOrientations_iPad = "UIInterfaceOrientationPortrait UIInterfaceOrientationPortraitUpsideDown UIInterfaceOrientationLandscapeLeft UIInterfaceOrientationLandscapeRight";
				IPHONEOS_DEPLOYMENT_TARGET = 15.0;
				LD_RUNPATH_SEARCH_PATHS = (
					"$(inherited)",
					"@executable_path/Frameworks",
				);
				MARKETING_VERSION = 1.0;
				OTHER_LDFLAGS = (
					"-framework",
					SafariServices,
					"-framework",
					WebKit,
				);
				PRODUCT_BUNDLE_IDENTIFIER = "com.leonimust.teams-but-actually-good";
				PRODUCT_NAME = "Teams but (actually) good";
				SDKROOT = iphoneos;
				STRING_CATALOG_GENERATE_SYMBOLS = YES;
				SWIFT_APPROACHABLE_CONCURRENCY = YES;
				SWIFT_DEFAULT_ACTOR_ISOLATION = MainActor;
				SWIFT_EMIT_LOC_STRINGS = YES;
				SWIFT_UPCOMING_FEATURE_MEMBER_IMPORT_VISIBILITY = YES;
				SWIFT_VERSION = 5.0;
				TARGETED_DEVICE_FAMILY = "1,2";
				VALIDATE_PRODUCT = YES;
			};
			name = Release;
		};
		B34D44DC2FC982900066618B /* Debug */ = {
			isa = XCBuildConfiguration;
			buildSettings = {
				CODE_SIGN_STYLE = Automatic;
				CURRENT_PROJECT_VERSION = 1;
				DEVELOPMENT_TEAM = WB4C79N2JW;
				ENABLE_APP_SANDBOX = YES;
				ENABLE_HARDENED_RUNTIME = YES;
				ENABLE_USER_SELECTED_FILES = readonly;
				GENERATE_INFOPLIST_FILE = YES;
				INFOPLIST_FILE = "macOS (Extension)/Info.plist";
				INFOPLIST_KEY_CFBundleDisplayName = "Teams but (actually) good Extension";
				INFOPLIST_KEY_NSHumanReadableCopyright = "";
				LD_RUNPATH_SEARCH_PATHS = (
					"$(inherited)",
					"@executable_path/../Frameworks",
					"@executable_path/../../../../Frameworks",
				);
				MACOSX_DEPLOYMENT_TARGET = 10.14;
				MARKETING_VERSION = 1.0;
				OTHER_LDFLAGS = (
					"-framework",
					SafariServices,
				);
				PRODUCT_BUNDLE_IDENTIFIER = "com.leonimust.teams-but-actually-good.Extension";
				PRODUCT_NAME = "Teams but (actually) good Extension";
				SDKROOT = macosx;
				SKIP_INSTALL = YES;
				STRING_CATALOG_GENERATE_SYMBOLS = YES;
				SWIFT_APPROACHABLE_CONCURRENCY = YES;
				SWIFT_EMIT_LOC_STRINGS = YES;
				SWIFT_UPCOMING_FEATURE_MEMBER_IMPORT_VISIBILITY = YES;
				SWIFT_VERSION = 5.0;
			};
			name = Debug;
		};
		B34D44DD2FC982900066618B /* Release */ = {
			isa = XCBuildConfiguration;
			buildSettings = {
				CODE_SIGN_STYLE = Automatic;
				CURRENT_PROJECT_VERSION = 1;
				DEVELOPMENT_TEAM = WB4C79N2JW;
				ENABLE_APP_SANDBOX = YES;
				ENABLE_HARDENED_RUNTIME = YES;
				ENABLE_USER_SELECTED_FILES = readonly;
				GENERATE_INFOPLIST_FILE = YES;
				INFOPLIST_FILE = "macOS (Extension)/Info.plist";
				INFOPLIST_KEY_CFBundleDisplayName = "Teams but (actually) good Extension";
				INFOPLIST_KEY_NSHumanReadableCopyright = "";
				LD_RUNPATH_SEARCH_PATHS = (
					"$(inherited)",
					"@executable_path/../Frameworks",
					"@executable_path/../../../../Frameworks",
				);
				MACOSX_DEPLOYMENT_TARGET = 10.14;
				MARKETING_VERSION = 1.0;
				OTHER_LDFLAGS = (
					"-framework",
					SafariServices,
				);
				PRODUCT_BUNDLE_IDENTIFIER = "com.leonimust.teams-but-actually-good.Extension";
				PRODUCT_NAME = "Teams but (actually) good Extension";
				SDKROOT = macosx;
				SKIP_INSTALL = YES;
				STRING_CATALOG_GENERATE_SYMBOLS = YES;
				SWIFT_APPROACHABLE_CONCURRENCY = YES;
				SWIFT_EMIT_LOC_STRINGS = YES;
				SWIFT_UPCOMING_FEATURE_MEMBER_IMPORT_VISIBILITY = YES;
				SWIFT_VERSION = 5.0;
			};
			name = Release;
		};
		B34D44E02FC982900066618B /* Debug */ = {
			isa = XCBuildConfiguration;
			buildSettings = {
				ASSETCATALOG_COMPILER_APPICON_NAME = AppIcon;
				ASSETCATALOG_COMPILER_GLOBAL_ACCENT_COLOR_NAME = AccentColor;
				CODE_SIGN_STYLE = Automatic;
				CURRENT_PROJECT_VERSION = 1;
				DEVELOPMENT_TEAM = WB4C79N2JW;
				ENABLE_APP_SANDBOX = YES;
				ENABLE_HARDENED_RUNTIME = YES;
				ENABLE_OUTGOING_NETWORK_CONNECTIONS = YES;
				ENABLE_USER_SELECTED_FILES = readonly;
				GENERATE_INFOPLIST_FILE = YES;
				INFOPLIST_FILE = "macOS (App)/Info.plist";
				INFOPLIST_KEY_CFBundleDisplayName = "Teams but (actually) good";
				INFOPLIST_KEY_NSMainStoryboardFile = Main;
				INFOPLIST_KEY_NSPrincipalClass = NSApplication;
				LD_RUNPATH_SEARCH_PATHS = (
					"$(inherited)",
					"@executable_path/../Frameworks",
				);
				MACOSX_DEPLOYMENT_TARGET = 10.14;
				MARKETING_VERSION = 1.0;
				OTHER_LDFLAGS = (
					"-framework",
					SafariServices,
					"-framework",
					WebKit,
				);
				PRODUCT_BUNDLE_IDENTIFIER = "com.leonimust.teams-but-actually-good";
				PRODUCT_NAME = "Teams but (actually) good";
				REGISTER_APP_GROUPS = YES;
				SDKROOT = macosx;
				STRING_CATALOG_GENERATE_SYMBOLS = YES;
				SWIFT_APPROACHABLE_CONCURRENCY = YES;
				SWIFT_DEFAULT_ACTOR_ISOLATION = MainActor;
				SWIFT_EMIT_LOC_STRINGS = YES;
				SWIFT_UPCOMING_FEATURE_MEMBER_IMPORT_VISIBILITY = YES;
				SWIFT_VERSION = 5.0;
			};
			name = Debug;
		};
		B34D44E12FC982900066618B /* Release */ = {
			isa = XCBuildConfiguration;
			buildSettings = {
				ASSETCATALOG_COMPILER_APPICON_NAME = AppIcon;
				ASSETCATALOG_COMPILER_GLOBAL_ACCENT_COLOR_NAME = AccentColor;
				CODE_SIGN_STYLE = Automatic;
				CURRENT_PROJECT_VERSION = 1;
				DEVELOPMENT_TEAM = WB4C79N2JW;
				ENABLE_APP_SANDBOX = YES;
				ENABLE_HARDENED_RUNTIME = YES;
				ENABLE_OUTGOING_NETWORK_CONNECTIONS = YES;
				ENABLE_USER_SELECTED_FILES = readonly;
				GENERATE_INFOPLIST_FILE = YES;
				INFOPLIST_FILE = "macOS (App)/Info.plist";
				INFOPLIST_KEY_CFBundleDisplayName = "Teams but (actually) good";
				INFOPLIST_KEY_NSMainStoryboardFile = Main;
				INFOPLIST_KEY_NSPrincipalClass = NSApplication;
				LD_RUNPATH_SEARCH_PATHS = (
					"$(inherited)",
					"@executable_path/../Frameworks",
				);
				MACOSX_DEPLOYMENT_TARGET = 10.14;
				MARKETING_VERSION = 1.0;
				OTHER_LDFLAGS = (
					"-framework",
					SafariServices,
					"-framework",
					WebKit,
				);
				PRODUCT_BUNDLE_IDENTIFIER = "com.leonimust.teams-but-actually-good";
				PRODUCT_NAME = "Teams but (actually) good";
				REGISTER_APP_GROUPS = YES;
				SDKROOT = macosx;
				STRING_CATALOG_GENERATE_SYMBOLS = YES;
				SWIFT_APPROACHABLE_CONCURRENCY = YES;
				SWIFT_DEFAULT_ACTOR_ISOLATION = MainActor;
				SWIFT_EMIT_LOC_STRINGS = YES;
				SWIFT_UPCOMING_FEATURE_MEMBER_IMPORT_VISIBILITY = YES;
				SWIFT_VERSION = 5.0;
			};
			name = Release;
		};
/* End XCBuildConfiguration section */

/* Begin XCConfigurationList section */
		B34D44862FC9828E0066618B /* Build configuration list for PBXProject "Teams but (actually) good" */ = {
			isa = XCConfigurationList;
			buildConfigurations = (
				B34D44D22FC982900066618B /* Debug */,
				B34D44D32FC982900066618B /* Release */,
			);
			defaultConfigurationIsVisible = 0;
			defaultConfigurationName = Release;
		};
		B34D44D42FC982900066618B /* Build configuration list for PBXNativeTarget "Teams but (actually) good Extension (iOS)" */ = {
			isa = XCConfigurationList;
			buildConfigurations = (
				B34D44D52FC982900066618B /* Debug */,
				B34D44D62FC982900066618B /* Release */,
			);
			defaultConfigurationIsVisible = 0;
			defaultConfigurationName = Release;
		};
		B34D44D82FC982900066618B /* Build configuration list for PBXNativeTarget "Teams but (actually) good (iOS)" */ = {
			isa = XCConfigurationList;
			buildConfigurations = (
				B34D44D92FC982900066618B /* Debug */,
				B34D44DA2FC982900066618B /* Release */,
			);
			defaultConfigurationIsVisible = 0;
			defaultConfigurationName = Release;
		};
		B34D44DB2FC982900066618B /* Build configuration list for PBXNativeTarget "Teams but (actually) good Extension (macOS)" */ = {
			isa = XCConfigurationList;
			buildConfigurations = (
				B34D44DC2FC982900066618B /* Debug */,
				B34D44DD2FC982900066618B /* Release */,
			);
			defaultConfigurationIsVisible = 0;
			defaultConfigurationName = Release;
		};
		B34D44DF2FC982900066618B /* Build configuration list for PBXNativeTarget "Teams but (actually) good (macOS)" */ = {
			isa = XCConfigurationList;
			buildConfigurations = (
				B34D44E02FC982900066618B /* Debug */,
				B34D44E12FC982900066618B /* Release */,
			);
			defaultConfigurationIsVisible = 0;
			defaultConfigurationName = Release;
		};
/* End XCConfigurationList section */
	};
	rootObject = B34D44832FC9828E0066618B /* Project object */;
}
