// !$*UTF8*$!
{
	archiveVersion = 1;
	classes = {
	};
	objectVersion = 77;
	objects = {

/* Begin PBXBuildFile section */
		B314272F2F7E3DDD000DBA52 /* AppDelegate.swift in Sources */ = {isa = PBXBuildFile; fileRef = B314272E2F7E3DDD000DBA52 /* AppDelegate.swift */; };
		B31427312F7E3DDD000DBA52 /* SceneDelegate.swift in Sources */ = {isa = PBXBuildFile; fileRef = B31427302F7E3DDD000DBA52 /* SceneDelegate.swift */; };
		B31427342F7E3DDD000DBA52 /* LaunchScreen.storyboard in Resources */ = {isa = PBXBuildFile; fileRef = B31427322F7E3DDD000DBA52 /* LaunchScreen.storyboard */; };
		B31427372F7E3DDD000DBA52 /* Main.storyboard in Resources */ = {isa = PBXBuildFile; fileRef = B31427352F7E3DDD000DBA52 /* Main.storyboard */; };
		B31427402F7E3DDD000DBA52 /* AppDelegate.swift in Sources */ = {isa = PBXBuildFile; fileRef = B314273F2F7E3DDD000DBA52 /* AppDelegate.swift */; };
		B31427432F7E3DDD000DBA52 /* Main.storyboard in Resources */ = {isa = PBXBuildFile; fileRef = B31427412F7E3DDD000DBA52 /* Main.storyboard */; };
		B314274A2F7E3DDD000DBA52 /* Teams but (actually) good Extension.appex in Embed Foundation Extensions */ = {isa = PBXBuildFile; fileRef = B31427492F7E3DDD000DBA52 /* Teams but (actually) good Extension.appex */; settings = {ATTRIBUTES = (RemoveHeadersOnCopy, ); }; };
		B31427542F7E3DDD000DBA52 /* Teams but (actually) good Extension.appex in Embed Foundation Extensions */ = {isa = PBXBuildFile; fileRef = B31427532F7E3DDD000DBA52 /* Teams but (actually) good Extension.appex */; settings = {ATTRIBUTES = (RemoveHeadersOnCopy, ); }; };
		B31427592F7E3DDD000DBA52 /* Main.html in Resources */ = {isa = PBXBuildFile; fileRef = B314271E2F7E3DDC000DBA52 /* Main.html */; };
		B314275A2F7E3DDD000DBA52 /* Main.html in Resources */ = {isa = PBXBuildFile; fileRef = B314271E2F7E3DDC000DBA52 /* Main.html */; };
		B314275B2F7E3DDD000DBA52 /* Icon.png in Resources */ = {isa = PBXBuildFile; fileRef = B31427202F7E3DDC000DBA52 /* Icon.png */; };
		B314275C2F7E3DDD000DBA52 /* Icon.png in Resources */ = {isa = PBXBuildFile; fileRef = B31427202F7E3DDC000DBA52 /* Icon.png */; };
		B314275D2F7E3DDD000DBA52 /* Style.css in Resources */ = {isa = PBXBuildFile; fileRef = B31427212F7E3DDC000DBA52 /* Style.css */; };
		B314275E2F7E3DDD000DBA52 /* Style.css in Resources */ = {isa = PBXBuildFile; fileRef = B31427212F7E3DDC000DBA52 /* Style.css */; };
		B314275F2F7E3DDD000DBA52 /* Script.js in Resources */ = {isa = PBXBuildFile; fileRef = B31427222F7E3DDC000DBA52 /* Script.js */; };
		B31427602F7E3DDD000DBA52 /* Script.js in Resources */ = {isa = PBXBuildFile; fileRef = B31427222F7E3DDC000DBA52 /* Script.js */; };
		B31427612F7E3DDD000DBA52 /* ViewController.swift in Sources */ = {isa = PBXBuildFile; fileRef = B31427232F7E3DDC000DBA52 /* ViewController.swift */; };
		B31427622F7E3DDD000DBA52 /* ViewController.swift in Sources */ = {isa = PBXBuildFile; fileRef = B31427232F7E3DDC000DBA52 /* ViewController.swift */; };
		B31427632F7E3DDD000DBA52 /* Assets.xcassets in Resources */ = {isa = PBXBuildFile; fileRef = B31427242F7E3DDD000DBA52 /* Assets.xcassets */; };
		B31427642F7E3DDD000DBA52 /* Assets.xcassets in Resources */ = {isa = PBXBuildFile; fileRef = B31427242F7E3DDD000DBA52 /* Assets.xcassets */; };
		B31427652F7E3DDD000DBA52 /* SafariWebExtensionHandler.swift in Sources */ = {isa = PBXBuildFile; fileRef = B31427262F7E3DDD000DBA52 /* SafariWebExtensionHandler.swift */; };
		B31427662F7E3DDD000DBA52 /* SafariWebExtensionHandler.swift in Sources */ = {isa = PBXBuildFile; fileRef = B31427262F7E3DDD000DBA52 /* SafariWebExtensionHandler.swift */; };
		B31427812F7E3DDD000DBA52 /* manifest.safari.json in Resources */ = {isa = PBXBuildFile; fileRef = B31427782F7E3DDD000DBA52 /* manifest.safari.json */; };
		B31427822F7E3DDD000DBA52 /* popup.js in Resources */ = {isa = PBXBuildFile; fileRef = B31427792F7E3DDD000DBA52 /* popup.js */; };
		B31427832F7E3DDD000DBA52 /* background.js in Resources */ = {isa = PBXBuildFile; fileRef = B314277A2F7E3DDD000DBA52 /* background.js */; };
		B31427842F7E3DDD000DBA52 /* popup.html in Resources */ = {isa = PBXBuildFile; fileRef = B314277B2F7E3DDD000DBA52 /* popup.html */; };
		B31427852F7E3DDD000DBA52 /* injection.js in Resources */ = {isa = PBXBuildFile; fileRef = B314277C2F7E3DDD000DBA52 /* injection.js */; };
		B31427862F7E3DDD000DBA52 /* manifest.firefox.json in Resources */ = {isa = PBXBuildFile; fileRef = B314277D2F7E3DDD000DBA52 /* manifest.firefox.json */; };
		B31427872F7E3DDD000DBA52 /* manifest.chrome.json in Resources */ = {isa = PBXBuildFile; fileRef = B314277E2F7E3DDD000DBA52 /* manifest.chrome.json */; };
		B31427882F7E3DDD000DBA52 /* icons in Resources */ = {isa = PBXBuildFile; fileRef = B314277F2F7E3DDD000DBA52 /* icons */; };
		B31427892F7E3DDD000DBA52 /* manifest.json in Resources */ = {isa = PBXBuildFile; fileRef = B31427802F7E3DDD000DBA52 /* manifest.json */; };
		B314278A2F7E3DDD000DBA52 /* manifest.safari.json in Resources */ = {isa = PBXBuildFile; fileRef = B31427782F7E3DDD000DBA52 /* manifest.safari.json */; };
		B314278B2F7E3DDD000DBA52 /* popup.js in Resources */ = {isa = PBXBuildFile; fileRef = B31427792F7E3DDD000DBA52 /* popup.js */; };
		B314278C2F7E3DDD000DBA52 /* background.js in Resources */ = {isa = PBXBuildFile; fileRef = B314277A2F7E3DDD000DBA52 /* background.js */; };
		B314278D2F7E3DDD000DBA52 /* popup.html in Resources */ = {isa = PBXBuildFile; fileRef = B314277B2F7E3DDD000DBA52 /* popup.html */; };
		B314278E2F7E3DDD000DBA52 /* injection.js in Resources */ = {isa = PBXBuildFile; fileRef = B314277C2F7E3DDD000DBA52 /* injection.js */; };
		B314278F2F7E3DDD000DBA52 /* manifest.firefox.json in Resources */ = {isa = PBXBuildFile; fileRef = B314277D2F7E3DDD000DBA52 /* manifest.firefox.json */; };
		B31427902F7E3DDD000DBA52 /* manifest.chrome.json in Resources */ = {isa = PBXBuildFile; fileRef = B314277E2F7E3DDD000DBA52 /* manifest.chrome.json */; };
		B31427912F7E3DDD000DBA52 /* icons in Resources */ = {isa = PBXBuildFile; fileRef = B314277F2F7E3DDD000DBA52 /* icons */; };
		B31427922F7E3DDD000DBA52 /* manifest.json in Resources */ = {isa = PBXBuildFile; fileRef = B31427802F7E3DDD000DBA52 /* manifest.json */; };
/* End PBXBuildFile section */

/* Begin PBXContainerItemProxy section */
		B314274B2F7E3DDD000DBA52 /* PBXContainerItemProxy */ = {
			isa = PBXContainerItemProxy;
			containerPortal = B31427182F7E3DDB000DBA52 /* Project object */;
			proxyType = 1;
			remoteGlobalIDString = B31427482F7E3DDD000DBA52;
			remoteInfo = "Teams but (actually) good Extension (iOS)";
		};
		B31427552F7E3DDD000DBA52 /* PBXContainerItemProxy */ = {
			isa = PBXContainerItemProxy;
			containerPortal = B31427182F7E3DDB000DBA52 /* Project object */;
			proxyType = 1;
			remoteGlobalIDString = B31427522F7E3DDD000DBA52;
			remoteInfo = "Teams but (actually) good Extension (macOS)";
		};
/* End PBXContainerItemProxy section */

/* Begin PBXCopyFilesBuildPhase section */
		B314276C2F7E3DDD000DBA52 /* Embed Foundation Extensions */ = {
			isa = PBXCopyFilesBuildPhase;
			buildActionMask = 2147483647;
			dstPath = "";
			dstSubfolderSpec = 13;
			files = (
				B314274A2F7E3DDD000DBA52 /* Teams but (actually) good Extension.appex in Embed Foundation Extensions */,
			);
			name = "Embed Foundation Extensions";
			runOnlyForDeploymentPostprocessing = 0;
		};
		B31427732F7E3DDD000DBA52 /* Embed Foundation Extensions */ = {
			isa = PBXCopyFilesBuildPhase;
			buildActionMask = 2147483647;
			dstPath = "";
			dstSubfolderSpec = 13;
			files = (
				B31427542F7E3DDD000DBA52 /* Teams but (actually) good Extension.appex in Embed Foundation Extensions */,
			);
			name = "Embed Foundation Extensions";
			runOnlyForDeploymentPostprocessing = 0;
		};
/* End PBXCopyFilesBuildPhase section */

/* Begin PBXFileReference section */
		B314271F2F7E3DDC000DBA52 /* Base */ = {isa = PBXFileReference; lastKnownFileType = text.html; name = Base; path = Base.lproj/Main.html; sourceTree = "<group>"; };
		B31427202F7E3DDC000DBA52 /* Icon.png */ = {isa = PBXFileReference; lastKnownFileType = image.png; path = Icon.png; sourceTree = "<group>"; };
		B31427212F7E3DDC000DBA52 /* Style.css */ = {isa = PBXFileReference; lastKnownFileType = text.css; path = Style.css; sourceTree = "<group>"; };
		B31427222F7E3DDC000DBA52 /* Script.js */ = {isa = PBXFileReference; lastKnownFileType = sourcecode.javascript; path = Script.js; sourceTree = "<group>"; };
		B31427232F7E3DDC000DBA52 /* ViewController.swift */ = {isa = PBXFileReference; lastKnownFileType = sourcecode.swift; path = ViewController.swift; sourceTree = "<group>"; };
		B31427242F7E3DDD000DBA52 /* Assets.xcassets */ = {isa = PBXFileReference; lastKnownFileType = folder.assetcatalog; path = Assets.xcassets; sourceTree = "<group>"; };
		B31427262F7E3DDD000DBA52 /* SafariWebExtensionHandler.swift */ = {isa = PBXFileReference; lastKnownFileType = sourcecode.swift; path = SafariWebExtensionHandler.swift; sourceTree = "<group>"; };
		B314272B2F7E3DDD000DBA52 /* Teams but (actually) good.app */ = {isa = PBXFileReference; explicitFileType = wrapper.application; includeInIndex = 0; path = "Teams but (actually) good.app"; sourceTree = BUILT_PRODUCTS_DIR; };
		B314272E2F7E3DDD000DBA52 /* AppDelegate.swift */ = {isa = PBXFileReference; lastKnownFileType = sourcecode.swift; path = AppDelegate.swift; sourceTree = "<group>"; };
		B31427302F7E3DDD000DBA52 /* SceneDelegate.swift */ = {isa = PBXFileReference; lastKnownFileType = sourcecode.swift; path = SceneDelegate.swift; sourceTree = "<group>"; };
		B31427332F7E3DDD000DBA52 /* Base */ = {isa = PBXFileReference; lastKnownFileType = file.storyboard; name = Base; path = Base.lproj/LaunchScreen.storyboard; sourceTree = "<group>"; };
		B31427362F7E3DDD000DBA52 /* Base */ = {isa = PBXFileReference; lastKnownFileType = file.storyboard; name = Base; path = Base.lproj/Main.storyboard; sourceTree = "<group>"; };
		B31427382F7E3DDD000DBA52 /* Info.plist */ = {isa = PBXFileReference; lastKnownFileType = text.plist.xml; path = Info.plist; sourceTree = "<group>"; };
		B314273D2F7E3DDD000DBA52 /* Teams but (actually) good.app */ = {isa = PBXFileReference; explicitFileType = wrapper.application; includeInIndex = 0; path = "Teams but (actually) good.app"; sourceTree = BUILT_PRODUCTS_DIR; };
		B314273F2F7E3DDD000DBA52 /* AppDelegate.swift */ = {isa = PBXFileReference; lastKnownFileType = sourcecode.swift; path = AppDelegate.swift; sourceTree = "<group>"; };
		B31427422F7E3DDD000DBA52 /* Base */ = {isa = PBXFileReference; lastKnownFileType = file.storyboard; name = Base; path = Base.lproj/Main.storyboard; sourceTree = "<group>"; };
		B31427442F7E3DDD000DBA52 /* Info.plist */ = {isa = PBXFileReference; lastKnownFileType = text.plist.xml; path = Info.plist; sourceTree = "<group>"; };
		B31427492F7E3DDD000DBA52 /* Teams but (actually) good Extension.appex */ = {isa = PBXFileReference; explicitFileType = "wrapper.app-extension"; includeInIndex = 0; path = "Teams but (actually) good Extension.appex"; sourceTree = BUILT_PRODUCTS_DIR; };
		B314274E2F7E3DDD000DBA52 /* Info.plist */ = {isa = PBXFileReference; lastKnownFileType = text.plist.xml; path = Info.plist; sourceTree = "<group>"; };
		B31427532F7E3DDD000DBA52 /* Teams but (actually) good Extension.appex */ = {isa = PBXFileReference; explicitFileType = "wrapper.app-extension"; includeInIndex = 0; path = "Teams but (actually) good Extension.appex"; sourceTree = BUILT_PRODUCTS_DIR; };
		B31427582F7E3DDD000DBA52 /* Info.plist */ = {isa = PBXFileReference; lastKnownFileType = text.plist.xml; path = Info.plist; sourceTree = "<group>"; };
		B31427782F7E3DDD000DBA52 /* manifest.safari.json */ = {isa = PBXFileReference; lastKnownFileType = text.json; name = manifest.safari.json; path = ../../../extension/manifest.safari.json; sourceTree = "<group>"; };
		B31427792F7E3DDD000DBA52 /* popup.js */ = {isa = PBXFileReference; lastKnownFileType = sourcecode.javascript; name = popup.js; path = ../../../extension/popup.js; sourceTree = "<group>"; };
		B314277A2F7E3DDD000DBA52 /* background.js */ = {isa = PBXFileReference; lastKnownFileType = sourcecode.javascript; name = background.js; path = ../../../extension/background.js; sourceTree = "<group>"; };
		B314277B2F7E3DDD000DBA52 /* popup.html */ = {isa = PBXFileReference; lastKnownFileType = text.html; name = popup.html; path = ../../../extension/popup.html; sourceTree = "<group>"; };
		B314277C2F7E3DDD000DBA52 /* injection.js */ = {isa = PBXFileReference; lastKnownFileType = sourcecode.javascript; name = injection.js; path = ../../../extension/injection.js; sourceTree = "<group>"; };
		B314277D2F7E3DDD000DBA52 /* manifest.firefox.json */ = {isa = PBXFileReference; lastKnownFileType = text.json; name = manifest.firefox.json; path = ../../../extension/manifest.firefox.json; sourceTree = "<group>"; };
		B314277E2F7E3DDD000DBA52 /* manifest.chrome.json */ = {isa = PBXFileReference; lastKnownFileType = text.json; name = manifest.chrome.json; path = ../../../extension/manifest.chrome.json; sourceTree = "<group>"; };
		B314277F2F7E3DDD000DBA52 /* icons */ = {isa = PBXFileReference; lastKnownFileType = folder; name = icons; path = ../../../extension/icons; sourceTree = "<group>"; };
		B31427802F7E3DDD000DBA52 /* manifest.json */ = {isa = PBXFileReference; lastKnownFileType = text.json; name = manifest.json; path = ../../../extension/manifest.json; sourceTree = "<group>"; };
/* End PBXFileReference section */

/* Begin PBXFrameworksBuildPhase section */
		B31427282F7E3DDD000DBA52 /* Frameworks */ = {
			isa = PBXFrameworksBuildPhase;
			buildActionMask = 2147483647;
			files = (
			);
			runOnlyForDeploymentPostprocessing = 0;
		};
		B314273A2F7E3DDD000DBA52 /* Frameworks */ = {
			isa = PBXFrameworksBuildPhase;
			buildActionMask = 2147483647;
			files = (
			);
			runOnlyForDeploymentPostprocessing = 0;
		};
		B31427462F7E3DDD000DBA52 /* Frameworks */ = {
			isa = PBXFrameworksBuildPhase;
			buildActionMask = 2147483647;
			files = (
			);
			runOnlyForDeploymentPostprocessing = 0;
		};
		B31427502F7E3DDD000DBA52 /* Frameworks */ = {
			isa = PBXFrameworksBuildPhase;
			buildActionMask = 2147483647;
			files = (
			);
			runOnlyForDeploymentPostprocessing = 0;
		};
/* End PBXFrameworksBuildPhase section */

/* Begin PBXGroup section */
		B31427172F7E3DDB000DBA52 = {
			isa = PBXGroup;
			children = (
				B314271C2F7E3DDC000DBA52 /* Shared (App) */,
				B31427252F7E3DDD000DBA52 /* Shared (Extension) */,
				B314272D2F7E3DDD000DBA52 /* iOS (App) */,
				B314273E2F7E3DDD000DBA52 /* macOS (App) */,
				B314274D2F7E3DDD000DBA52 /* iOS (Extension) */,
				B31427572F7E3DDD000DBA52 /* macOS (Extension) */,
				B314272C2F7E3DDD000DBA52 /* Products */,
			);
			sourceTree = "<group>";
		};
		B314271C2F7E3DDC000DBA52 /* Shared (App) */ = {
			isa = PBXGroup;
			children = (
				B31427232F7E3DDC000DBA52 /* ViewController.swift */,
				B31427242F7E3DDD000DBA52 /* Assets.xcassets */,
				B314271D2F7E3DDC000DBA52 /* Resources */,
			);
			path = "Shared (App)";
			sourceTree = "<group>";
		};
		B314271D2F7E3DDC000DBA52 /* Resources */ = {
			isa = PBXGroup;
			children = (
				B314271E2F7E3DDC000DBA52 /* Main.html */,
				B31427202F7E3DDC000DBA52 /* Icon.png */,
				B31427212F7E3DDC000DBA52 /* Style.css */,
				B31427222F7E3DDC000DBA52 /* Script.js */,
			);
			path = Resources;
			sourceTree = "<group>";
		};
		B31427252F7E3DDD000DBA52 /* Shared (Extension) */ = {
			isa = PBXGroup;
			children = (
				B31427772F7E3DDD000DBA52 /* Resources */,
				B31427262F7E3DDD000DBA52 /* SafariWebExtensionHandler.swift */,
			);
			path = "Shared (Extension)";
			sourceTree = "<group>";
		};
		B314272C2F7E3DDD000DBA52 /* Products */ = {
			isa = PBXGroup;
			children = (
				B314272B2F7E3DDD000DBA52 /* Teams but (actually) good.app */,
				B314273D2F7E3DDD000DBA52 /* Teams but (actually) good.app */,
				B31427492F7E3DDD000DBA52 /* Teams but (actually) good Extension.appex */,
				B31427532F7E3DDD000DBA52 /* Teams but (actually) good Extension.appex */,
			);
			name = Products;
			sourceTree = "<group>";
		};
		B314272D2F7E3DDD000DBA52 /* iOS (App) */ = {
			isa = PBXGroup;
			children = (
				B314272E2F7E3DDD000DBA52 /* AppDelegate.swift */,
				B31427302F7E3DDD000DBA52 /* SceneDelegate.swift */,
				B31427322F7E3DDD000DBA52 /* LaunchScreen.storyboard */,
				B31427352F7E3DDD000DBA52 /* Main.storyboard */,
				B31427382F7E3DDD000DBA52 /* Info.plist */,
			);
			path = "iOS (App)";
			sourceTree = "<group>";
		};
		B314273E2F7E3DDD000DBA52 /* macOS (App) */ = {
			isa = PBXGroup;
			children = (
				B314273F2F7E3DDD000DBA52 /* AppDelegate.swift */,
				B31427412F7E3DDD000DBA52 /* Main.storyboard */,
				B31427442F7E3DDD000DBA52 /* Info.plist */,
			);
			path = "macOS (App)";
			sourceTree = "<group>";
		};
		B314274D2F7E3DDD000DBA52 /* iOS (Extension) */ = {
			isa = PBXGroup;
			children = (
				B314274E2F7E3DDD000DBA52 /* Info.plist */,
			);
			path = "iOS (Extension)";
			sourceTree = "<group>";
		};
		B31427572F7E3DDD000DBA52 /* macOS (Extension) */ = {
			isa = PBXGroup;
			children = (
				B31427582F7E3DDD000DBA52 /* Info.plist */,
			);
			path = "macOS (Extension)";
			sourceTree = "<group>";
		};
		B31427772F7E3DDD000DBA52 /* Resources */ = {
			isa = PBXGroup;
			children = (
				B31427782F7E3DDD000DBA52 /* manifest.safari.json */,
				B31427792F7E3DDD000DBA52 /* popup.js */,
				B314277A2F7E3DDD000DBA52 /* background.js */,
				B314277B2F7E3DDD000DBA52 /* popup.html */,
				B314277C2F7E3DDD000DBA52 /* injection.js */,
				B314277D2F7E3DDD000DBA52 /* manifest.firefox.json */,
				B314277E2F7E3DDD000DBA52 /* manifest.chrome.json */,
				B314277F2F7E3DDD000DBA52 /* icons */,
				B31427802F7E3DDD000DBA52 /* manifest.json */,
			);
			name = Resources;
			path = "Shared (Extension)";
			sourceTree = SOURCE_ROOT;
		};
/* End PBXGroup section */

/* Begin PBXNativeTarget section */
		B314272A2F7E3DDD000DBA52 /* Teams but (actually) good (iOS) */ = {
			isa = PBXNativeTarget;
			buildConfigurationList = B314276D2F7E3DDD000DBA52 /* Build configuration list for PBXNativeTarget "Teams but (actually) good (iOS)" */;
			buildPhases = (
				B31427272F7E3DDD000DBA52 /* Sources */,
				B31427282F7E3DDD000DBA52 /* Frameworks */,
				B31427292F7E3DDD000DBA52 /* Resources */,
				B314276C2F7E3DDD000DBA52 /* Embed Foundation Extensions */,
			);
			buildRules = (
			);
			dependencies = (
				B314274C2F7E3DDD000DBA52 /* PBXTargetDependency */,
			);
			name = "Teams but (actually) good (iOS)";
			packageProductDependencies = (
			);
			productName = "Teams but (actually) good (iOS)";
			productReference = B314272B2F7E3DDD000DBA52 /* Teams but (actually) good.app */;
			productType = "com.apple.product-type.application";
		};
		B314273C2F7E3DDD000DBA52 /* Teams but (actually) good (macOS) */ = {
			isa = PBXNativeTarget;
			buildConfigurationList = B31427742F7E3DDD000DBA52 /* Build configuration list for PBXNativeTarget "Teams but (actually) good (macOS)" */;
			buildPhases = (
				B31427392F7E3DDD000DBA52 /* Sources */,
				B314273A2F7E3DDD000DBA52 /* Frameworks */,
				B314273B2F7E3DDD000DBA52 /* Resources */,
				B31427732F7E3DDD000DBA52 /* Embed Foundation Extensions */,
			);
			buildRules = (
			);
			dependencies = (
				B31427562F7E3DDD000DBA52 /* PBXTargetDependency */,
			);
			name = "Teams but (actually) good (macOS)";
			packageProductDependencies = (
			);
			productName = "Teams but (actually) good (macOS)";
			productReference = B314273D2F7E3DDD000DBA52 /* Teams but (actually) good.app */;
			productType = "com.apple.product-type.application";
		};
		B31427482F7E3DDD000DBA52 /* Teams but (actually) good Extension (iOS) */ = {
			isa = PBXNativeTarget;
			buildConfigurationList = B31427692F7E3DDD000DBA52 /* Build configuration list for PBXNativeTarget "Teams but (actually) good Extension (iOS)" */;
			buildPhases = (
				B31427452F7E3DDD000DBA52 /* Sources */,
				B31427462F7E3DDD000DBA52 /* Frameworks */,
				B31427472F7E3DDD000DBA52 /* Resources */,
			);
			buildRules = (
			);
			dependencies = (
			);
			name = "Teams but (actually) good Extension (iOS)";
			packageProductDependencies = (
			);
			productName = "Teams but (actually) good Extension (iOS)";
			productReference = B31427492F7E3DDD000DBA52 /* Teams but (actually) good Extension.appex */;
			productType = "com.apple.product-type.app-extension";
		};
		B31427522F7E3DDD000DBA52 /* Teams but (actually) good Extension (macOS) */ = {
			isa = PBXNativeTarget;
			buildConfigurationList = B31427702F7E3DDD000DBA52 /* Build configuration list for PBXNativeTarget "Teams but (actually) good Extension (macOS)" */;
			buildPhases = (
				B314274F2F7E3DDD000DBA52 /* Sources */,
				B31427502F7E3DDD000DBA52 /* Frameworks */,
				B31427512F7E3DDD000DBA52 /* Resources */,
			);
			buildRules = (
			);
			dependencies = (
			);
			name = "Teams but (actually) good Extension (macOS)";
			packageProductDependencies = (
			);
			productName = "Teams but (actually) good Extension (macOS)";
			productReference = B31427532F7E3DDD000DBA52 /* Teams but (actually) good Extension.appex */;
			productType = "com.apple.product-type.app-extension";
		};
/* End PBXNativeTarget section */

/* Begin PBXProject section */
		B31427182F7E3DDB000DBA52 /* Project object */ = {
			isa = PBXProject;
			attributes = {
				BuildIndependentTargetsInParallel = 1;
				LastSwiftUpdateCheck = 2630;
				LastUpgradeCheck = 2630;
				TargetAttributes = {
					B314272A2F7E3DDD000DBA52 = {
						CreatedOnToolsVersion = 26.3;
					};
					B314273C2F7E3DDD000DBA52 = {
						CreatedOnToolsVersion = 26.3;
					};
					B31427482F7E3DDD000DBA52 = {
						CreatedOnToolsVersion = 26.3;
					};
					B31427522F7E3DDD000DBA52 = {
						CreatedOnToolsVersion = 26.3;
					};
				};
			};
			buildConfigurationList = B314271B2F7E3DDB000DBA52 /* Build configuration list for PBXProject "Teams but (actually) good" */;
			developmentRegion = en;
			hasScannedForEncodings = 0;
			knownRegions = (
				en,
				Base,
			);
			mainGroup = B31427172F7E3DDB000DBA52;
			minimizedProjectReferenceProxies = 1;
			preferredProjectObjectVersion = 77;
			productRefGroup = B314272C2F7E3DDD000DBA52 /* Products */;
			projectDirPath = "";
			projectRoot = "";
			targets = (
				B314272A2F7E3DDD000DBA52 /* Teams but (actually) good (iOS) */,
				B314273C2F7E3DDD000DBA52 /* Teams but (actually) good (macOS) */,
				B31427482F7E3DDD000DBA52 /* Teams but (actually) good Extension (iOS) */,
				B31427522F7E3DDD000DBA52 /* Teams but (actually) good Extension (macOS) */,
			);
		};
/* End PBXProject section */

/* Begin PBXResourcesBuildPhase section */
		B31427292F7E3DDD000DBA52 /* Resources */ = {
			isa = PBXResourcesBuildPhase;
			buildActionMask = 2147483647;
			files = (
				B314275B2F7E3DDD000DBA52 /* Icon.png in Resources */,
				B31427342F7E3DDD000DBA52 /* LaunchScreen.storyboard in Resources */,
				B31427592F7E3DDD000DBA52 /* Main.html in Resources */,
				B314275F2F7E3DDD000DBA52 /* Script.js in Resources */,
				B31427632F7E3DDD000DBA52 /* Assets.xcassets in Resources */,
				B31427372F7E3DDD000DBA52 /* Main.storyboard in Resources */,
				B314275D2F7E3DDD000DBA52 /* Style.css in Resources */,
			);
			runOnlyForDeploymentPostprocessing = 0;
		};
		B314273B2F7E3DDD000DBA52 /* Resources */ = {
			isa = PBXResourcesBuildPhase;
			buildActionMask = 2147483647;
			files = (
				B314275C2F7E3DDD000DBA52 /* Icon.png in Resources */,
				B314275E2F7E3DDD000DBA52 /* Style.css in Resources */,
				B31427432F7E3DDD000DBA52 /* Main.storyboard in Resources */,
				B31427602F7E3DDD000DBA52 /* Script.js in Resources */,
				B31427642F7E3DDD000DBA52 /* Assets.xcassets in Resources */,
				B314275A2F7E3DDD000DBA52 /* Main.html in Resources */,
			);
			runOnlyForDeploymentPostprocessing = 0;
		};
		B31427472F7E3DDD000DBA52 /* Resources */ = {
			isa = PBXResourcesBuildPhase;
			buildActionMask = 2147483647;
			files = (
				B31427902F7E3DDD000DBA52 /* manifest.chrome.json in Resources */,
				B31427912F7E3DDD000DBA52 /* icons in Resources */,
				B314278A2F7E3DDD000DBA52 /* manifest.safari.json in Resources */,
				B314278D2F7E3DDD000DBA52 /* popup.html in Resources */,
				B31427922F7E3DDD000DBA52 /* manifest.json in Resources */,
				B314278C2F7E3DDD000DBA52 /* background.js in Resources */,
				B314278F2F7E3DDD000DBA52 /* manifest.firefox.json in Resources */,
				B314278B2F7E3DDD000DBA52 /* popup.js in Resources */,
				B314278E2F7E3DDD000DBA52 /* injection.js in Resources */,
			);
			runOnlyForDeploymentPostprocessing = 0;
		};
		B31427512F7E3DDD000DBA52 /* Resources */ = {
			isa = PBXResourcesBuildPhase;
			buildActionMask = 2147483647;
			files = (
				B31427872F7E3DDD000DBA52 /* manifest.chrome.json in Resources */,
				B31427882F7E3DDD000DBA52 /* icons in Resources */,
				B31427812F7E3DDD000DBA52 /* manifest.safari.json in Resources */,
				B31427842F7E3DDD000DBA52 /* popup.html in Resources */,
				B31427892F7E3DDD000DBA52 /* manifest.json in Resources */,
				B31427832F7E3DDD000DBA52 /* background.js in Resources */,
				B31427862F7E3DDD000DBA52 /* manifest.firefox.json in Resources */,
				B31427822F7E3DDD000DBA52 /* popup.js in Resources */,
				B31427852F7E3DDD000DBA52 /* injection.js in Resources */,
			);
			runOnlyForDeploymentPostprocessing = 0;
		};
/* End PBXResourcesBuildPhase section */

/* Begin PBXSourcesBuildPhase section */
		B31427272F7E3DDD000DBA52 /* Sources */ = {
			isa = PBXSourcesBuildPhase;
			buildActionMask = 2147483647;
			files = (
				B31427612F7E3DDD000DBA52 /* ViewController.swift in Sources */,
				B314272F2F7E3DDD000DBA52 /* AppDelegate.swift in Sources */,
				B31427312F7E3DDD000DBA52 /* SceneDelegate.swift in Sources */,
			);
			runOnlyForDeploymentPostprocessing = 0;
		};
		B31427392F7E3DDD000DBA52 /* Sources */ = {
			isa = PBXSourcesBuildPhase;
			buildActionMask = 2147483647;
			files = (
				B31427622F7E3DDD000DBA52 /* ViewController.swift in Sources */,
				B31427402F7E3DDD000DBA52 /* AppDelegate.swift in Sources */,
			);
			runOnlyForDeploymentPostprocessing = 0;
		};
		B31427452F7E3DDD000DBA52 /* Sources */ = {
			isa = PBXSourcesBuildPhase;
			buildActionMask = 2147483647;
			files = (
				B31427652F7E3DDD000DBA52 /* SafariWebExtensionHandler.swift in Sources */,
			);
			runOnlyForDeploymentPostprocessing = 0;
		};
		B314274F2F7E3DDD000DBA52 /* Sources */ = {
			isa = PBXSourcesBuildPhase;
			buildActionMask = 2147483647;
			files = (
				B31427662F7E3DDD000DBA52 /* SafariWebExtensionHandler.swift in Sources */,
			);
			runOnlyForDeploymentPostprocessing = 0;
		};
/* End PBXSourcesBuildPhase section */

/* Begin PBXTargetDependency section */
		B314274C2F7E3DDD000DBA52 /* PBXTargetDependency */ = {
			isa = PBXTargetDependency;
			target = B31427482F7E3DDD000DBA52 /* Teams but (actually) good Extension (iOS) */;
			targetProxy = B314274B2F7E3DDD000DBA52 /* PBXContainerItemProxy */;
		};
		B31427562F7E3DDD000DBA52 /* PBXTargetDependency */ = {
			isa = PBXTargetDependency;
			target = B31427522F7E3DDD000DBA52 /* Teams but (actually) good Extension (macOS) */;
			targetProxy = B31427552F7E3DDD000DBA52 /* PBXContainerItemProxy */;
		};
/* End PBXTargetDependency section */

/* Begin PBXVariantGroup section */
		B314271E2F7E3DDC000DBA52 /* Main.html */ = {
			isa = PBXVariantGroup;
			children = (
				B314271F2F7E3DDC000DBA52 /* Base */,
			);
			name = Main.html;
			sourceTree = "<group>";
		};
		B31427322F7E3DDD000DBA52 /* LaunchScreen.storyboard */ = {
			isa = PBXVariantGroup;
			children = (
				B31427332F7E3DDD000DBA52 /* Base */,
			);
			name = LaunchScreen.storyboard;
			sourceTree = "<group>";
		};
		B31427352F7E3DDD000DBA52 /* Main.storyboard */ = {
			isa = PBXVariantGroup;
			children = (
				B31427362F7E3DDD000DBA52 /* Base */,
			);
			name = Main.storyboard;
			sourceTree = "<group>";
		};
		B31427412F7E3DDD000DBA52 /* Main.storyboard */ = {
			isa = PBXVariantGroup;
			children = (
				B31427422F7E3DDD000DBA52 /* Base */,
			);
			name = Main.storyboard;
			sourceTree = "<group>";
		};
/* End PBXVariantGroup section */

/* Begin XCBuildConfiguration section */
		B31427672F7E3DDD000DBA52 /* Debug */ = {
			isa = XCBuildConfiguration;
			buildSettings = {
				ALWAYS_SEARCH_USER_PATHS = NO;
				ASSETCATALOG_COMPILER_GENERATE_SWIFT_ASSET_SYMBOL_EXTENSIONS = YES;
				CLANG_ANALYZER_NONNULL = YES;
				CLANG_ANALYZER_NUMBER_OBJECT_CONVERSION = YES_AGGRESSIVE;
				CLANG_CXX_LANGUAGE_STANDARD = "gnu++20";
				CLANG_ENABLE_MODULES = YES;
				CLANG_ENABLE_OBJC_ARC = YES;
				CLANG_ENABLE_OBJC_WEAK = YES;
				CLANG_WARN_BLOCK_CAPTURE_AUTORELEASING = YES;
				CLANG_WARN_BOOL_CONVERSION = YES;
				CLANG_WARN_COMMA = YES;
				CLANG_WARN_CONSTANT_CONVERSION = YES;
				CLANG_WARN_DEPRECATED_OBJC_IMPLEMENTATIONS = YES;
				CLANG_WARN_DIRECT_OBJC_ISA_USAGE = YES_ERROR;
				CLANG_WARN_DOCUMENTATION_COMMENTS = YES;
				CLANG_WARN_EMPTY_BODY = YES;
				CLANG_WARN_ENUM_CONVERSION = YES;
				CLANG_WARN_INFINITE_RECURSION = YES;
				CLANG_WARN_INT_CONVERSION = YES;
				CLANG_WARN_NON_LITERAL_NULL_CONVERSION = YES;
				CLANG_WARN_OBJC_IMPLICIT_RETAIN_SELF = YES;
				CLANG_WARN_OBJC_LITERAL_CONVERSION = YES;
				CLANG_WARN_OBJC_ROOT_CLASS = YES_ERROR;
				CLANG_WARN_QUOTED_INCLUDE_IN_FRAMEWORK_HEADER = YES;
				CLANG_WARN_RANGE_LOOP_ANALYSIS = YES;
				CLANG_WARN_STRICT_PROTOTYPES = YES;
				CLANG_WARN_SUSPICIOUS_MOVE = YES;
				CLANG_WARN_UNGUARDED_AVAILABILITY = YES_AGGRESSIVE;
				CLANG_WARN_UNREACHABLE_CODE = YES;
				CLANG_WARN__DUPLICATE_METHOD_MATCH = YES;
				COPY_PHASE_STRIP = NO;
				DEBUG_INFORMATION_FORMAT = dwarf;
				ENABLE_STRICT_OBJC_MSGSEND = YES;
				ENABLE_TESTABILITY = YES;
				ENABLE_USER_SCRIPT_SANDBOXING = YES;
				GCC_C_LANGUAGE_STANDARD = gnu17;
				GCC_DYNAMIC_NO_PIC = NO;
				GCC_NO_COMMON_BLOCKS = YES;
				GCC_OPTIMIZATION_LEVEL = 0;
				GCC_PREPROCESSOR_DEFINITIONS = (
					"DEBUG=1",
					"$(inherited)",
				);
				GCC_WARN_64_TO_32_BIT_CONVERSION = YES;
				GCC_WARN_ABOUT_RETURN_TYPE = YES_ERROR;
				GCC_WARN_UNDECLARED_SELECTOR = YES;
				GCC_WARN_UNINITIALIZED_AUTOS = YES_AGGRESSIVE;
				GCC_WARN_UNUSED_FUNCTION = YES;
				GCC_WARN_UNUSED_VARIABLE = YES;
				LOCALIZATION_PREFERS_STRING_CATALOGS = YES;
				MTL_ENABLE_DEBUG_INFO = INCLUDE_SOURCE;
				MTL_FAST_MATH = YES;
				ONLY_ACTIVE_ARCH = YES;
				SWIFT_ACTIVE_COMPILATION_CONDITIONS = "DEBUG $(inherited)";
				SWIFT_OPTIMIZATION_LEVEL = "-Onone";
			};
			name = Debug;
		};
		B31427682F7E3DDD000DBA52 /* Release */ = {
			isa = XCBuildConfiguration;
			buildSettings = {
				ALWAYS_SEARCH_USER_PATHS = NO;
				ASSETCATALOG_COMPILER_GENERATE_SWIFT_ASSET_SYMBOL_EXTENSIONS = YES;
				CLANG_ANALYZER_NONNULL = YES;
				CLANG_ANALYZER_NUMBER_OBJECT_CONVERSION = YES_AGGRESSIVE;
				CLANG_CXX_LANGUAGE_STANDARD = "gnu++20";
				CLANG_ENABLE_MODULES = YES;
				CLANG_ENABLE_OBJC_ARC = YES;
				CLANG_ENABLE_OBJC_WEAK = YES;
				CLANG_WARN_BLOCK_CAPTURE_AUTORELEASING = YES;
				CLANG_WARN_BOOL_CONVERSION = YES;
				CLANG_WARN_COMMA = YES;
				CLANG_WARN_CONSTANT_CONVERSION = YES;
				CLANG_WARN_DEPRECATED_OBJC_IMPLEMENTATIONS = YES;
				CLANG_WARN_DIRECT_OBJC_ISA_USAGE = YES_ERROR;
				CLANG_WARN_DOCUMENTATION_COMMENTS = YES;
				CLANG_WARN_EMPTY_BODY = YES;
				CLANG_WARN_ENUM_CONVERSION = YES;
				CLANG_WARN_INFINITE_RECURSION = YES;
				CLANG_WARN_INT_CONVERSION = YES;
				CLANG_WARN_NON_LITERAL_NULL_CONVERSION = YES;
				CLANG_WARN_OBJC_IMPLICIT_RETAIN_SELF = YES;
				CLANG_WARN_OBJC_LITERAL_CONVERSION = YES;
				CLANG_WARN_OBJC_ROOT_CLASS = YES_ERROR;
				CLANG_WARN_QUOTED_INCLUDE_IN_FRAMEWORK_HEADER = YES;
				CLANG_WARN_RANGE_LOOP_ANALYSIS = YES;
				CLANG_WARN_STRICT_PROTOTYPES = YES;
				CLANG_WARN_SUSPICIOUS_MOVE = YES;
				CLANG_WARN_UNGUARDED_AVAILABILITY = YES_AGGRESSIVE;
				CLANG_WARN_UNREACHABLE_CODE = YES;
				CLANG_WARN__DUPLICATE_METHOD_MATCH = YES;
				COPY_PHASE_STRIP = NO;
				DEBUG_INFORMATION_FORMAT = "dwarf-with-dsym";
				ENABLE_NS_ASSERTIONS = NO;
				ENABLE_STRICT_OBJC_MSGSEND = YES;
				ENABLE_USER_SCRIPT_SANDBOXING = YES;
				GCC_C_LANGUAGE_STANDARD = gnu17;
				GCC_NO_COMMON_BLOCKS = YES;
				GCC_WARN_64_TO_32_BIT_CONVERSION = YES;
				GCC_WARN_ABOUT_RETURN_TYPE = YES_ERROR;
				GCC_WARN_UNDECLARED_SELECTOR = YES;
				GCC_WARN_UNINITIALIZED_AUTOS = YES_AGGRESSIVE;
				GCC_WARN_UNUSED_FUNCTION = YES;
				GCC_WARN_UNUSED_VARIABLE = YES;
				LOCALIZATION_PREFERS_STRING_CATALOGS = YES;
				MTL_ENABLE_DEBUG_INFO = NO;
				MTL_FAST_MATH = YES;
				SWIFT_COMPILATION_MODE = wholemodule;
			};
			name = Release;
		};
		B314276A2F7E3DDD000DBA52 /* Debug */ = {
			isa = XCBuildConfiguration;
			buildSettings = {
				CODE_SIGN_STYLE = Automatic;
				CURRENT_PROJECT_VERSION = 1;
				DEVELOPMENT_TEAM = WB4C79N2JW;
				GENERATE_INFOPLIST_FILE = YES;
				INFOPLIST_FILE = "iOS (Extension)/Info.plist";
				INFOPLIST_KEY_CFBundleDisplayName = "Teams but (actually) good Extension";
				INFOPLIST_KEY_NSHumanReadableCopyright = "";
				IPHONEOS_DEPLOYMENT_TARGET = 15.0;
				LD_RUNPATH_SEARCH_PATHS = (
					"$(inherited)",
					"@executable_path/Frameworks",
					"@executable_path/../../Frameworks",
				);
				MARKETING_VERSION = 1.0;
				OTHER_LDFLAGS = (
					"-framework",
					SafariServices,
				);
				PRODUCT_BUNDLE_IDENTIFIER = "com.leonimust.teams-but-actually-good.Extension";
				PRODUCT_NAME = "Teams but (actually) good Extension";
				SDKROOT = iphoneos;
				SKIP_INSTALL = YES;
				STRING_CATALOG_GENERATE_SYMBOLS = YES;
				SWIFT_APPROACHABLE_CONCURRENCY = YES;
				SWIFT_EMIT_LOC_STRINGS = YES;
				SWIFT_UPCOMING_FEATURE_MEMBER_IMPORT_VISIBILITY = YES;
				SWIFT_VERSION = 5.0;
				TARGETED_DEVICE_FAMILY = "1,2";
			};
			name = Debug;
		};
		B314276B2F7E3DDD000DBA52 /* Release */ = {
			isa = XCBuildConfiguration;
			buildSettings = {
				CODE_SIGN_STYLE = Automatic;
				CURRENT_PROJECT_VERSION = 1;
				DEVELOPMENT_TEAM = WB4C79N2JW;
				GENERATE_INFOPLIST_FILE = YES;
				INFOPLIST_FILE = "iOS (Extension)/Info.plist";
				INFOPLIST_KEY_CFBundleDisplayName = "Teams but (actually) good Extension";
				INFOPLIST_KEY_NSHumanReadableCopyright = "";
				IPHONEOS_DEPLOYMENT_TARGET = 15.0;
				LD_RUNPATH_SEARCH_PATHS = (
					"$(inherited)",
					"@executable_path/Frameworks",
					"@executable_path/../../Frameworks",
				);
				MARKETING_VERSION = 1.0;
				OTHER_LDFLAGS = (
					"-framework",
					SafariServices,
				);
				PRODUCT_BUNDLE_IDENTIFIER = "com.leonimust.teams-but-actually-good.Extension";
				PRODUCT_NAME = "Teams but (actually) good Extension";
				SDKROOT = iphoneos;
				SKIP_INSTALL = YES;
				STRING_CATALOG_GENERATE_SYMBOLS = YES;
				SWIFT_APPROACHABLE_CONCURRENCY = YES;
				SWIFT_EMIT_LOC_STRINGS = YES;
				SWIFT_UPCOMING_FEATURE_MEMBER_IMPORT_VISIBILITY = YES;
				SWIFT_VERSION = 5.0;
				TARGETED_DEVICE_FAMILY = "1,2";
				VALIDATE_PRODUCT = YES;
			};
			name = Release;
		};
		B314276E2F7E3DDD000DBA52 /* Debug */ = {
			isa = XCBuildConfiguration;
			buildSettings = {
				ASSETCATALOG_COMPILER_APPICON_NAME = AppIcon;
				ASSETCATALOG_COMPILER_GLOBAL_ACCENT_COLOR_NAME = AccentColor;
				CODE_SIGN_STYLE = Automatic;
				CURRENT_PROJECT_VERSION = 1;
				DEVELOPMENT_TEAM = WB4C79N2JW;
				GENERATE_INFOPLIST_FILE = YES;
				INFOPLIST_FILE = "iOS (App)/Info.plist";
				INFOPLIST_KEY_CFBundleDisplayName = "Teams but (actually) good";
				INFOPLIST_KEY_UIApplicationSupportsIndirectInputEvents = YES;
				INFOPLIST_KEY_UILaunchStoryboardName = LaunchScreen;
				INFOPLIST_KEY_UIMainStoryboardFile = Main;
				INFOPLIST_KEY_UISupportedInterfaceOrientations = "UIInterfaceOrientationPortrait UIInterfaceOrientationLandscapeLeft UIInterfaceOrientationLandscapeRight";
				INFOPLIST_KEY_UISupportedInterfaceOrientations_iPad = "UIInterfaceOrientationPortrait UIInterfaceOrientationPortraitUpsideDown UIInterfaceOrientationLandscapeLeft UIInterfaceOrientationLandscapeRight";
				IPHONEOS_DEPLOYMENT_TARGET = 15.0;
				LD_RUNPATH_SEARCH_PATHS = (
					"$(inherited)",
					"@executable_path/Frameworks",
				);
				MARKETING_VERSION = 1.0;
				OTHER_LDFLAGS = (
					"-framework",
					SafariServices,
					"-framework",
					WebKit,
				);
				PRODUCT_BUNDLE_IDENTIFIER = "com.leonimust.teams-but-actually-good";
				PRODUCT_NAME = "Teams but (actually) good";
				SDKROOT = iphoneos;
				STRING_CATALOG_GENERATE_SYMBOLS = YES;
				SWIFT_APPROACHABLE_CONCURRENCY = YES;
				SWIFT_DEFAULT_ACTOR_ISOLATION = MainActor;
				SWIFT_EMIT_LOC_STRINGS = YES;
				SWIFT_UPCOMING_FEATURE_MEMBER_IMPORT_VISIBILITY = YES;
				SWIFT_VERSION = 5.0;
				TARGETED_DEVICE_FAMILY = "1,2";
			};
			name = Debug;
		};
		B314276F2F7E3DDD000DBA52 /* Release */ = {
			isa = XCBuildConfiguration;
			buildSettings = {
				ASSETCATALOG_COMPILER_APPICON_NAME = AppIcon;
				ASSETCATALOG_COMPILER_GLOBAL_ACCENT_COLOR_NAME = AccentColor;
				CODE_SIGN_STYLE = Automatic;
				CURRENT_PROJECT_VERSION = 1;
				DEVELOPMENT_TEAM = WB4C79N2JW;
				GENERATE_INFOPLIST_FILE = YES;
				INFOPLIST_FILE = "iOS (App)/Info.plist";
				INFOPLIST_KEY_CFBundleDisplayName = "Teams but (actually) good";
				INFOPLIST_KEY_UIApplicationSupportsIndirectInputEvents = YES;
				INFOPLIST_KEY_UILaunchStoryboardName = LaunchScreen;
				INFOPLIST_KEY_UIMainStoryboardFile = Main;
				INFOPLIST_KEY_UISupportedInterfaceOrientations = "UIInterfaceOrientationPortrait UIInterfaceOrientationLandscapeLeft UIInterfaceOrientationLandscapeRight";
				INFOPLIST_KEY_UISupportedInterfaceOrientations_iPad = "UIInterfaceOrientationPortrait UIInterfaceOrientationPortraitUpsideDown UIInterfaceOrientationLandscapeLeft UIInterfaceOrientationLandscapeRight";
				IPHONEOS_DEPLOYMENT_TARGET = 15.0;
				LD_RUNPATH_SEARCH_PATHS = (
					"$(inherited)",
					"@executable_path/Frameworks",
				);
				MARKETING_VERSION = 1.0;
				OTHER_LDFLAGS = (
					"-framework",
					SafariServices,
					"-framework",
					WebKit,
				);
				PRODUCT_BUNDLE_IDENTIFIER = "com.leonimust.teams-but-actually-good";
				PRODUCT_NAME = "Teams but (actually) good";
				SDKROOT = iphoneos;
				STRING_CATALOG_GENERATE_SYMBOLS = YES;
				SWIFT_APPROACHABLE_CONCURRENCY = YES;
				SWIFT_DEFAULT_ACTOR_ISOLATION = MainActor;
				SWIFT_EMIT_LOC_STRINGS = YES;
				SWIFT_UPCOMING_FEATURE_MEMBER_IMPORT_VISIBILITY = YES;
				SWIFT_VERSION = 5.0;
				TARGETED_DEVICE_FAMILY = "1,2";
				VALIDATE_PRODUCT = YES;
			};
			name = Release;
		};
		B31427712F7E3DDD000DBA52 /* Debug */ = {
			isa = XCBuildConfiguration;
			buildSettings = {
				"CODE_SIGN_IDENTITY[sdk=macosx*]" = "Apple Development";
				CODE_SIGN_STYLE = Automatic;
				CURRENT_PROJECT_VERSION = 1;
				DEVELOPMENT_TEAM = WB4C79N2JW;
				ENABLE_APP_SANDBOX = YES;
				ENABLE_HARDENED_RUNTIME = YES;
				ENABLE_USER_SELECTED_FILES = readonly;
				GENERATE_INFOPLIST_FILE = YES;
				INFOPLIST_FILE = "macOS (Extension)/Info.plist";
				INFOPLIST_KEY_CFBundleDisplayName = "Teams but (actually) good Extension";
				INFOPLIST_KEY_NSHumanReadableCopyright = "";
				LD_RUNPATH_SEARCH_PATHS = (
					"$(inherited)",
					"@executable_path/../Frameworks",
					"@executable_path/../../../../Frameworks",
				);
				MACOSX_DEPLOYMENT_TARGET = 10.14;
				MARKETING_VERSION = 1.0;
				OTHER_LDFLAGS = (
					"-framework",
					SafariServices,
				);
				PRODUCT_BUNDLE_IDENTIFIER = "com.leonimust.teams-but-actually-good.Extension";
				PRODUCT_NAME = "Teams but (actually) good Extension";
				SDKROOT = macosx;
				SKIP_INSTALL = YES;
				STRING_CATALOG_GENERATE_SYMBOLS = YES;
				SWIFT_APPROACHABLE_CONCURRENCY = YES;
				SWIFT_EMIT_LOC_STRINGS = YES;
				SWIFT_UPCOMING_FEATURE_MEMBER_IMPORT_VISIBILITY = YES;
				SWIFT_VERSION = 5.0;
			};
			name = Debug;
		};
		B31427722F7E3DDD000DBA52 /* Release */ = {
			isa = XCBuildConfiguration;
			buildSettings = {
				"CODE_SIGN_IDENTITY[sdk=macosx*]" = "Apple Development";
				CODE_SIGN_STYLE = Automatic;
				CURRENT_PROJECT_VERSION = 1;
				DEVELOPMENT_TEAM = WB4C79N2JW;
				ENABLE_APP_SANDBOX = YES;
				ENABLE_HARDENED_RUNTIME = YES;
				ENABLE_USER_SELECTED_FILES = readonly;
				GENERATE_INFOPLIST_FILE = YES;
				INFOPLIST_FILE = "macOS (Extension)/Info.plist";
				INFOPLIST_KEY_CFBundleDisplayName = "Teams but (actually) good Extension";
				INFOPLIST_KEY_NSHumanReadableCopyright = "";
				LD_RUNPATH_SEARCH_PATHS = (
					"$(inherited)",
					"@executable_path/../Frameworks",
					"@executable_path/../../../../Frameworks",
				);
				MACOSX_DEPLOYMENT_TARGET = 10.14;
				MARKETING_VERSION = 1.0;
				OTHER_LDFLAGS = (
					"-framework",
					SafariServices,
				);
				PRODUCT_BUNDLE_IDENTIFIER = "com.leonimust.teams-but-actually-good.Extension";
				PRODUCT_NAME = "Teams but (actually) good Extension";
				SDKROOT = macosx;
				SKIP_INSTALL = YES;
				STRING_CATALOG_GENERATE_SYMBOLS = YES;
				SWIFT_APPROACHABLE_CONCURRENCY = YES;
				SWIFT_EMIT_LOC_STRINGS = YES;
				SWIFT_UPCOMING_FEATURE_MEMBER_IMPORT_VISIBILITY = YES;
				SWIFT_VERSION = 5.0;
			};
			name = Release;
		};
		B31427752F7E3DDD000DBA52 /* Debug */ = {
			isa = XCBuildConfiguration;
			buildSettings = {
				ASSETCATALOG_COMPILER_APPICON_NAME = AppIcon;
				ASSETCATALOG_COMPILER_GLOBAL_ACCENT_COLOR_NAME = AccentColor;
				CODE_SIGN_STYLE = Automatic;
				CURRENT_PROJECT_VERSION = 1;
				DEVELOPMENT_TEAM = WB4C79N2JW;
				ENABLE_APP_SANDBOX = YES;
				ENABLE_HARDENED_RUNTIME = YES;
				ENABLE_OUTGOING_NETWORK_CONNECTIONS = YES;
				ENABLE_USER_SELECTED_FILES = readonly;
				GENERATE_INFOPLIST_FILE = YES;
				INFOPLIST_FILE = "macOS (App)/Info.plist";
				INFOPLIST_KEY_CFBundleDisplayName = "Teams but (actually) good";
				INFOPLIST_KEY_NSMainStoryboardFile = Main;
				INFOPLIST_KEY_NSPrincipalClass = NSApplication;
				LD_RUNPATH_SEARCH_PATHS = (
					"$(inherited)",
					"@executable_path/../Frameworks",
				);
				MACOSX_DEPLOYMENT_TARGET = 10.14;
				MARKETING_VERSION = 1.0;
				OTHER_LDFLAGS = (
					"-framework",
					SafariServices,
					"-framework",
					WebKit,
				);
				PRODUCT_BUNDLE_IDENTIFIER = "com.leonimust.teams-but-actually-good";
				PRODUCT_NAME = "Teams but (actually) good";
				REGISTER_APP_GROUPS = YES;
				SDKROOT = macosx;
				STRING_CATALOG_GENERATE_SYMBOLS = YES;
				SWIFT_APPROACHABLE_CONCURRENCY = YES;
				SWIFT_DEFAULT_ACTOR_ISOLATION = MainActor;
				SWIFT_EMIT_LOC_STRINGS = YES;
				SWIFT_UPCOMING_FEATURE_MEMBER_IMPORT_VISIBILITY = YES;
				SWIFT_VERSION = 5.0;
			};
			name = Debug;
		};
		B31427762F7E3DDD000DBA52 /* Release */ = {
			isa = XCBuildConfiguration;
			buildSettings = {
				ASSETCATALOG_COMPILER_APPICON_NAME = AppIcon;
				ASSETCATALOG_COMPILER_GLOBAL_ACCENT_COLOR_NAME = AccentColor;
				CODE_SIGN_STYLE = Automatic;
				CURRENT_PROJECT_VERSION = 1;
				DEVELOPMENT_TEAM = WB4C79N2JW;
				ENABLE_APP_SANDBOX = YES;
				ENABLE_HARDENED_RUNTIME = YES;
				ENABLE_OUTGOING_NETWORK_CONNECTIONS = YES;
				ENABLE_USER_SELECTED_FILES = readonly;
				GENERATE_INFOPLIST_FILE = YES;
				INFOPLIST_FILE = "macOS (App)/Info.plist";
				INFOPLIST_KEY_CFBundleDisplayName = "Teams but (actually) good";
				INFOPLIST_KEY_NSMainStoryboardFile = Main;
				INFOPLIST_KEY_NSPrincipalClass = NSApplication;
				LD_RUNPATH_SEARCH_PATHS = (
					"$(inherited)",
					"@executable_path/../Frameworks",
				);
				MACOSX_DEPLOYMENT_TARGET = 10.14;
				MARKETING_VERSION = 1.0;
				OTHER_LDFLAGS = (
					"-framework",
					SafariServices,
					"-framework",
					WebKit,
				);
				PRODUCT_BUNDLE_IDENTIFIER = "com.leonimust.teams-but-actually-good";
				PRODUCT_NAME = "Teams but (actually) good";
				REGISTER_APP_GROUPS = YES;
				SDKROOT = macosx;
				STRING_CATALOG_GENERATE_SYMBOLS = YES;
				SWIFT_APPROACHABLE_CONCURRENCY = YES;
				SWIFT_DEFAULT_ACTOR_ISOLATION = MainActor;
				SWIFT_EMIT_LOC_STRINGS = YES;
				SWIFT_UPCOMING_FEATURE_MEMBER_IMPORT_VISIBILITY = YES;
				SWIFT_VERSION = 5.0;
			};
			name = Release;
		};
/* End XCBuildConfiguration section */

/* Begin XCConfigurationList section */
		B314271B2F7E3DDB000DBA52 /* Build configuration list for PBXProject "Teams but (actually) good" */ = {
			isa = XCConfigurationList;
			buildConfigurations = (
				B31427672F7E3DDD000DBA52 /* Debug */,
				B31427682F7E3DDD000DBA52 /* Release */,
			);
			defaultConfigurationIsVisible = 0;
			defaultConfigurationName = Release;
		};
		B31427692F7E3DDD000DBA52 /* Build configuration list for PBXNativeTarget "Teams but (actually) good Extension (iOS)" */ = {
			isa = XCConfigurationList;
			buildConfigurations = (
				B314276A2F7E3DDD000DBA52 /* Debug */,
				B314276B2F7E3DDD000DBA52 /* Release */,
			);
			defaultConfigurationIsVisible = 0;
			defaultConfigurationName = Release;
		};
		B314276D2F7E3DDD000DBA52 /* Build configuration list for PBXNativeTarget "Teams but (actually) good (iOS)" */ = {
			isa = XCConfigurationList;
			buildConfigurations = (
				B314276E2F7E3DDD000DBA52 /* Debug */,
				B314276F2F7E3DDD000DBA52 /* Release */,
			);
			defaultConfigurationIsVisible = 0;
			defaultConfigurationName = Release;
		};
		B31427702F7E3DDD000DBA52 /* Build configuration list for PBXNativeTarget "Teams but (actually) good Extension (macOS)" */ = {
			isa = XCConfigurationList;
			buildConfigurations = (
				B31427712F7E3DDD000DBA52 /* Debug */,
				B31427722F7E3DDD000DBA52 /* Release */,
			);
			defaultConfigurationIsVisible = 0;
			defaultConfigurationName = Release;
		};
		B31427742F7E3DDD000DBA52 /* Build configuration list for PBXNativeTarget "Teams but (actually) good (macOS)" */ = {
			isa = XCConfigurationList;
			buildConfigurations = (
				B31427752F7E3DDD000DBA52 /* Debug */,
				B31427762F7E3DDD000DBA52 /* Release */,
			);
			defaultConfigurationIsVisible = 0;
			defaultConfigurationName = Release;
		};
/* End XCConfigurationList section */
	};
	rootObject = B31427182F7E3DDB000DBA52 /* Project object */;
}
