// !$*UTF8*$!
{
	archiveVersion = 1;
	classes = {
	};
	objectVersion = 77;
	objects = {

/* Begin PBXBuildFile section */
		B3FA8BC62F62F694009B34BD /* AppDelegate.swift in Sources */ = {isa = PBXBuildFile; fileRef = B3FA8BC52F62F694009B34BD /* AppDelegate.swift */; };
		B3FA8BC82F62F694009B34BD /* SceneDelegate.swift in Sources */ = {isa = PBXBuildFile; fileRef = B3FA8BC72F62F694009B34BD /* SceneDelegate.swift */; };
		B3FA8BCB2F62F694009B34BD /* LaunchScreen.storyboard in Resources */ = {isa = PBXBuildFile; fileRef = B3FA8BC92F62F694009B34BD /* LaunchScreen.storyboard */; };
		B3FA8BCE2F62F694009B34BD /* Main.storyboard in Resources */ = {isa = PBXBuildFile; fileRef = B3FA8BCC2F62F694009B34BD /* Main.storyboard */; };
		B3FA8BD72F62F694009B34BD /* AppDelegate.swift in Sources */ = {isa = PBXBuildFile; fileRef = B3FA8BD62F62F694009B34BD /* AppDelegate.swift */; };
		B3FA8BDA2F62F694009B34BD /* Main.storyboard in Resources */ = {isa = PBXBuildFile; fileRef = B3FA8BD82F62F694009B34BD /* Main.storyboard */; };
		B3FA8BE12F62F694009B34BD /* Teams But Actually Good Extension.appex in Embed Foundation Extensions */ = {isa = PBXBuildFile; fileRef = B3FA8BE02F62F694009B34BD /* Teams But Actually Good Extension.appex */; settings = {ATTRIBUTES = (RemoveHeadersOnCopy, ); }; };
		B3FA8BEB2F62F694009B34BD /* Teams But Actually Good Extension.appex in Embed Foundation Extensions */ = {isa = PBXBuildFile; fileRef = B3FA8BEA2F62F694009B34BD /* Teams But Actually Good Extension.appex */; settings = {ATTRIBUTES = (RemoveHeadersOnCopy, ); }; };
		B3FA8BF02F62F694009B34BD /* Main.html in Resources */ = {isa = PBXBuildFile; fileRef = B3FA8BB52F62F694009B34BD /* Main.html */; };
		B3FA8BF12F62F694009B34BD /* Main.html in Resources */ = {isa = PBXBuildFile; fileRef = B3FA8BB52F62F694009B34BD /* Main.html */; };
		B3FA8BF22F62F694009B34BD /* Icon.png in Resources */ = {isa = PBXBuildFile; fileRef = B3FA8BB72F62F694009B34BD /* Icon.png */; };
		B3FA8BF32F62F694009B34BD /* Icon.png in Resources */ = {isa = PBXBuildFile; fileRef = B3FA8BB72F62F694009B34BD /* Icon.png */; };
		B3FA8BF42F62F694009B34BD /* Style.css in Resources */ = {isa = PBXBuildFile; fileRef = B3FA8BB82F62F694009B34BD /* Style.css */; };
		B3FA8BF52F62F694009B34BD /* Style.css in Resources */ = {isa = PBXBuildFile; fileRef = B3FA8BB82F62F694009B34BD /* Style.css */; };
		B3FA8BF62F62F694009B34BD /* Script.js in Resources */ = {isa = PBXBuildFile; fileRef = B3FA8BB92F62F694009B34BD /* Script.js */; };
		B3FA8BF72F62F694009B34BD /* Script.js in Resources */ = {isa = PBXBuildFile; fileRef = B3FA8BB92F62F694009B34BD /* Script.js */; };
		B3FA8BF82F62F694009B34BD /* ViewController.swift in Sources */ = {isa = PBXBuildFile; fileRef = B3FA8BBA2F62F694009B34BD /* ViewController.swift */; };
		B3FA8BF92F62F694009B34BD /* ViewController.swift in Sources */ = {isa = PBXBuildFile; fileRef = B3FA8BBA2F62F694009B34BD /* ViewController.swift */; };
		B3FA8BFA2F62F694009B34BD /* Assets.xcassets in Resources */ = {isa = PBXBuildFile; fileRef = B3FA8BBB2F62F694009B34BD /* Assets.xcassets */; };
		B3FA8BFB2F62F694009B34BD /* Assets.xcassets in Resources */ = {isa = PBXBuildFile; fileRef = B3FA8BBB2F62F694009B34BD /* Assets.xcassets */; };
		B3FA8BFC2F62F694009B34BD /* SafariWebExtensionHandler.swift in Sources */ = {isa = PBXBuildFile; fileRef = B3FA8BBD2F62F694009B34BD /* SafariWebExtensionHandler.swift */; };
		B3FA8BFD2F62F694009B34BD /* SafariWebExtensionHandler.swift in Sources */ = {isa = PBXBuildFile; fileRef = B3FA8BBD2F62F694009B34BD /* SafariWebExtensionHandler.swift */; };
		B3FA8C172F62F695009B34BD /* manifest.safari.json in Resources */ = {isa = PBXBuildFile; fileRef = B3FA8C0F2F62F695009B34BD /* manifest.safari.json */; };
		B3FA8C182F62F695009B34BD /* popup.js in Resources */ = {isa = PBXBuildFile; fileRef = B3FA8C102F62F695009B34BD /* popup.js */; };
		B3FA8C192F62F695009B34BD /* background.js in Resources */ = {isa = PBXBuildFile; fileRef = B3FA8C112F62F695009B34BD /* background.js */; };
		B3FA8C1A2F62F695009B34BD /* popup.html in Resources */ = {isa = PBXBuildFile; fileRef = B3FA8C122F62F695009B34BD /* popup.html */; };
		B3FA8C1B2F62F695009B34BD /* injection.js in Resources */ = {isa = PBXBuildFile; fileRef = B3FA8C132F62F695009B34BD /* injection.js */; };
		B3FA8C1C2F62F695009B34BD /* manifest.firefox.json in Resources */ = {isa = PBXBuildFile; fileRef = B3FA8C142F62F695009B34BD /* manifest.firefox.json */; };
		B3FA8C1D2F62F695009B34BD /* manifest.chrome.json in Resources */ = {isa = PBXBuildFile; fileRef = B3FA8C152F62F695009B34BD /* manifest.chrome.json */; };
		B3FA8C1E2F62F695009B34BD /* manifest.json in Resources */ = {isa = PBXBuildFile; fileRef = B3FA8C162F62F695009B34BD /* manifest.json */; };
		B3FA8C1F2F62F695009B34BD /* manifest.safari.json in Resources */ = {isa = PBXBuildFile; fileRef = B3FA8C0F2F62F695009B34BD /* manifest.safari.json */; };
		B3FA8C202F62F695009B34BD /* popup.js in Resources */ = {isa = PBXBuildFile; fileRef = B3FA8C102F62F695009B34BD /* popup.js */; };
		B3FA8C212F62F695009B34BD /* background.js in Resources */ = {isa = PBXBuildFile; fileRef = B3FA8C112F62F695009B34BD /* background.js */; };
		B3FA8C222F62F695009B34BD /* popup.html in Resources */ = {isa = PBXBuildFile; fileRef = B3FA8C122F62F695009B34BD /* popup.html */; };
		B3FA8C232F62F695009B34BD /* injection.js in Resources */ = {isa = PBXBuildFile; fileRef = B3FA8C132F62F695009B34BD /* injection.js */; };
		B3FA8C242F62F695009B34BD /* manifest.firefox.json in Resources */ = {isa = PBXBuildFile; fileRef = B3FA8C142F62F695009B34BD /* manifest.firefox.json */; };
		B3FA8C252F62F695009B34BD /* manifest.chrome.json in Resources */ = {isa = PBXBuildFile; fileRef = B3FA8C152F62F695009B34BD /* manifest.chrome.json */; };
		B3FA8C262F62F695009B34BD /* manifest.json in Resources */ = {isa = PBXBuildFile; fileRef = B3FA8C162F62F695009B34BD /* manifest.json */; };
/* End PBXBuildFile section */

/* Begin PBXContainerItemProxy section */
		B3FA8BE22F62F694009B34BD /* PBXContainerItemProxy */ = {
			isa = PBXContainerItemProxy;
			containerPortal = B3FA8BAF2F62F693009B34BD /* Project object */;
			proxyType = 1;
			remoteGlobalIDString = B3FA8BDF2F62F694009B34BD;
			remoteInfo = "Teams But Actually Good Extension (iOS)";
		};
		B3FA8BEC2F62F694009B34BD /* PBXContainerItemProxy */ = {
			isa = PBXContainerItemProxy;
			containerPortal = B3FA8BAF2F62F693009B34BD /* Project object */;
			proxyType = 1;
			remoteGlobalIDString = B3FA8BE92F62F694009B34BD;
			remoteInfo = "Teams But Actually Good Extension (macOS)";
		};
/* End PBXContainerItemProxy section */

/* Begin PBXCopyFilesBuildPhase section */
		B3FA8C032F62F694009B34BD /* Embed Foundation Extensions */ = {
			isa = PBXCopyFilesBuildPhase;
			buildActionMask = 2147483647;
			dstPath = "";
			dstSubfolderSpec = 13;
			files = (
				B3FA8BE12F62F694009B34BD /* Teams But Actually Good Extension.appex in Embed Foundation Extensions */,
			);
			name = "Embed Foundation Extensions";
			runOnlyForDeploymentPostprocessing = 0;
		};
		B3FA8C0A2F62F694009B34BD /* Embed Foundation Extensions */ = {
			isa = PBXCopyFilesBuildPhase;
			buildActionMask = 2147483647;
			dstPath = "";
			dstSubfolderSpec = 13;
			files = (
				B3FA8BEB2F62F694009B34BD /* Teams But Actually Good Extension.appex in Embed Foundation Extensions */,
			);
			name = "Embed Foundation Extensions";
			runOnlyForDeploymentPostprocessing = 0;
		};
/* End PBXCopyFilesBuildPhase section */

/* Begin PBXFileReference section */
		B3FA8BB62F62F694009B34BD /* Base */ = {isa = PBXFileReference; lastKnownFileType = text.html; name = Base; path = Base.lproj/Main.html; sourceTree = "<group>"; };
		B3FA8BB72F62F694009B34BD /* Icon.png */ = {isa = PBXFileReference; lastKnownFileType = image.png; path = Icon.png; sourceTree = "<group>"; };
		B3FA8BB82F62F694009B34BD /* Style.css */ = {isa = PBXFileReference; lastKnownFileType = text.css; path = Style.css; sourceTree = "<group>"; };
		B3FA8BB92F62F694009B34BD /* Script.js */ = {isa = PBXFileReference; lastKnownFileType = sourcecode.javascript; path = Script.js; sourceTree = "<group>"; };
		B3FA8BBA2F62F694009B34BD /* ViewController.swift */ = {isa = PBXFileReference; lastKnownFileType = sourcecode.swift; path = ViewController.swift; sourceTree = "<group>"; };
		B3FA8BBB2F62F694009B34BD /* Assets.xcassets */ = {isa = PBXFileReference; lastKnownFileType = folder.assetcatalog; path = Assets.xcassets; sourceTree = "<group>"; };
		B3FA8BBD2F62F694009B34BD /* SafariWebExtensionHandler.swift */ = {isa = PBXFileReference; lastKnownFileType = sourcecode.swift; path = SafariWebExtensionHandler.swift; sourceTree = "<group>"; };
		B3FA8BC22F62F694009B34BD /* Teams But Actually Good.app */ = {isa = PBXFileReference; explicitFileType = wrapper.application; includeInIndex = 0; path = "Teams But Actually Good.app"; sourceTree = BUILT_PRODUCTS_DIR; };
		B3FA8BC52F62F694009B34BD /* AppDelegate.swift */ = {isa = PBXFileReference; lastKnownFileType = sourcecode.swift; path = AppDelegate.swift; sourceTree = "<group>"; };
		B3FA8BC72F62F694009B34BD /* SceneDelegate.swift */ = {isa = PBXFileReference; lastKnownFileType = sourcecode.swift; path = SceneDelegate.swift; sourceTree = "<group>"; };
		B3FA8BCA2F62F694009B34BD /* Base */ = {isa = PBXFileReference; lastKnownFileType = file.storyboard; name = Base; path = Base.lproj/LaunchScreen.storyboard; sourceTree = "<group>"; };
		B3FA8BCD2F62F694009B34BD /* Base */ = {isa = PBXFileReference; lastKnownFileType = file.storyboard; name = Base; path = Base.lproj/Main.storyboard; sourceTree = "<group>"; };
		B3FA8BCF2F62F694009B34BD /* Info.plist */ = {isa = PBXFileReference; lastKnownFileType = text.plist.xml; path = Info.plist; sourceTree = "<group>"; };
		B3FA8BD42F62F694009B34BD /* Teams But Actually Good.app */ = {isa = PBXFileReference; explicitFileType = wrapper.application; includeInIndex = 0; path = "Teams But Actually Good.app"; sourceTree = BUILT_PRODUCTS_DIR; };
		B3FA8BD62F62F694009B34BD /* AppDelegate.swift */ = {isa = PBXFileReference; lastKnownFileType = sourcecode.swift; path = AppDelegate.swift; sourceTree = "<group>"; };
		B3FA8BD92F62F694009B34BD /* Base */ = {isa = PBXFileReference; lastKnownFileType = file.storyboard; name = Base; path = Base.lproj/Main.storyboard; sourceTree = "<group>"; };
		B3FA8BDB2F62F694009B34BD /* Info.plist */ = {isa = PBXFileReference; lastKnownFileType = text.plist.xml; path = Info.plist; sourceTree = "<group>"; };
		B3FA8BE02F62F694009B34BD /* Teams But Actually Good Extension.appex */ = {isa = PBXFileReference; explicitFileType = "wrapper.app-extension"; includeInIndex = 0; path = "Teams But Actually Good Extension.appex"; sourceTree = BUILT_PRODUCTS_DIR; };
		B3FA8BE52F62F694009B34BD /* Info.plist */ = {isa = PBXFileReference; lastKnownFileType = text.plist.xml; path = Info.plist; sourceTree = "<group>"; };
		B3FA8BEA2F62F694009B34BD /* Teams But Actually Good Extension.appex */ = {isa = PBXFileReference; explicitFileType = "wrapper.app-extension"; includeInIndex = 0; path = "Teams But Actually Good Extension.appex"; sourceTree = BUILT_PRODUCTS_DIR; };
		B3FA8BEF2F62F694009B34BD /* Info.plist */ = {isa = PBXFileReference; lastKnownFileType = text.plist.xml; path = Info.plist; sourceTree = "<group>"; };
		B3FA8C0F2F62F695009B34BD /* manifest.safari.json */ = {isa = PBXFileReference; lastKnownFileType = text.json; name = manifest.safari.json; path = ../../../extension/manifest.safari.json; sourceTree = "<group>"; };
		B3FA8C102F62F695009B34BD /* popup.js */ = {isa = PBXFileReference; lastKnownFileType = sourcecode.javascript; name = popup.js; path = ../../../extension/popup.js; sourceTree = "<group>"; };
		B3FA8C112F62F695009B34BD /* background.js */ = {isa = PBXFileReference; lastKnownFileType = sourcecode.javascript; name = background.js; path = ../../../extension/background.js; sourceTree = "<group>"; };
		B3FA8C122F62F695009B34BD /* popup.html */ = {isa = PBXFileReference; lastKnownFileType = text.html; name = popup.html; path = ../../../extension/popup.html; sourceTree = "<group>"; };
		B3FA8C132F62F695009B34BD /* injection.js */ = {isa = PBXFileReference; lastKnownFileType = sourcecode.javascript; name = injection.js; path = ../../../extension/injection.js; sourceTree = "<group>"; };
		B3FA8C142F62F695009B34BD /* manifest.firefox.json */ = {isa = PBXFileReference; lastKnownFileType = text.json; name = manifest.firefox.json; path = ../../../extension/manifest.firefox.json; sourceTree = "<group>"; };
		B3FA8C152F62F695009B34BD /* manifest.chrome.json */ = {isa = PBXFileReference; lastKnownFileType = text.json; name = manifest.chrome.json; path = ../../../extension/manifest.chrome.json; sourceTree = "<group>"; };
		B3FA8C162F62F695009B34BD /* manifest.json */ = {isa = PBXFileReference; lastKnownFileType = text.json; name = manifest.json; path = ../../../extension/manifest.json; sourceTree = "<group>"; };
/* End PBXFileReference section */

/* Begin PBXFrameworksBuildPhase section */
		B3FA8BBF2F62F694009B34BD /* Frameworks */ = {
			isa = PBXFrameworksBuildPhase;
			buildActionMask = 2147483647;
			files = (
			);
			runOnlyForDeploymentPostprocessing = 0;
		};
		B3FA8BD12F62F694009B34BD /* Frameworks */ = {
			isa = PBXFrameworksBuildPhase;
			buildActionMask = 2147483647;
			files = (
			);
			runOnlyForDeploymentPostprocessing = 0;
		};
		B3FA8BDD2F62F694009B34BD /* Frameworks */ = {
			isa = PBXFrameworksBuildPhase;
			buildActionMask = 2147483647;
			files = (
			);
			runOnlyForDeploymentPostprocessing = 0;
		};
		B3FA8BE72F62F694009B34BD /* Frameworks */ = {
			isa = PBXFrameworksBuildPhase;
			buildActionMask = 2147483647;
			files = (
			);
			runOnlyForDeploymentPostprocessing = 0;
		};
/* End PBXFrameworksBuildPhase section */

/* Begin PBXGroup section */
		B3FA8BAE2F62F693009B34BD = {
			isa = PBXGroup;
			children = (
				B3FA8BB32F62F694009B34BD /* Shared (App) */,
				B3FA8BBC2F62F694009B34BD /* Shared (Extension) */,
				B3FA8BC42F62F694009B34BD /* iOS (App) */,
				B3FA8BD52F62F694009B34BD /* macOS (App) */,
				B3FA8BE42F62F694009B34BD /* iOS (Extension) */,
				B3FA8BEE2F62F694009B34BD /* macOS (Extension) */,
				B3FA8BC32F62F694009B34BD /* Products */,
			);
			sourceTree = "<group>";
		};
		B3FA8BB32F62F694009B34BD /* Shared (App) */ = {
			isa = PBXGroup;
			children = (
				B3FA8BBA2F62F694009B34BD /* ViewController.swift */,
				B3FA8BBB2F62F694009B34BD /* Assets.xcassets */,
				B3FA8BB42F62F694009B34BD /* Resources */,
			);
			path = "Shared (App)";
			sourceTree = "<group>";
		};
		B3FA8BB42F62F694009B34BD /* Resources */ = {
			isa = PBXGroup;
			children = (
				B3FA8BB52F62F694009B34BD /* Main.html */,
				B3FA8BB72F62F694009B34BD /* Icon.png */,
				B3FA8BB82F62F694009B34BD /* Style.css */,
				B3FA8BB92F62F694009B34BD /* Script.js */,
			);
			path = Resources;
			sourceTree = "<group>";
		};
		B3FA8BBC2F62F694009B34BD /* Shared (Extension) */ = {
			isa = PBXGroup;
			children = (
				B3FA8C0E2F62F695009B34BD /* Resources */,
				B3FA8BBD2F62F694009B34BD /* SafariWebExtensionHandler.swift */,
			);
			path = "Shared (Extension)";
			sourceTree = "<group>";
		};
		B3FA8BC32F62F694009B34BD /* Products */ = {
			isa = PBXGroup;
			children = (
				B3FA8BC22F62F694009B34BD /* Teams But Actually Good.app */,
				B3FA8BD42F62F694009B34BD /* Teams But Actually Good.app */,
				B3FA8BE02F62F694009B34BD /* Teams But Actually Good Extension.appex */,
				B3FA8BEA2F62F694009B34BD /* Teams But Actually Good Extension.appex */,
			);
			name = Products;
			sourceTree = "<group>";
		};
		B3FA8BC42F62F694009B34BD /* iOS (App) */ = {
			isa = PBXGroup;
			children = (
				B3FA8BC52F62F694009B34BD /* AppDelegate.swift */,
				B3FA8BC72F62F694009B34BD /* SceneDelegate.swift */,
				B3FA8BC92F62F694009B34BD /* LaunchScreen.storyboard */,
				B3FA8BCC2F62F694009B34BD /* Main.storyboard */,
				B3FA8BCF2F62F694009B34BD /* Info.plist */,
			);
			path = "iOS (App)";
			sourceTree = "<group>";
		};
		B3FA8BD52F62F694009B34BD /* macOS (App) */ = {
			isa = PBXGroup;
			children = (
				B3FA8BD62F62F694009B34BD /* AppDelegate.swift */,
				B3FA8BD82F62F694009B34BD /* Main.storyboard */,
				B3FA8BDB2F62F694009B34BD /* Info.plist */,
			);
			path = "macOS (App)";
			sourceTree = "<group>";
		};
		B3FA8BE42F62F694009B34BD /* iOS (Extension) */ = {
			isa = PBXGroup;
			children = (
				B3FA8BE52F62F694009B34BD /* Info.plist */,
			);
			path = "iOS (Extension)";
			sourceTree = "<group>";
		};
		B3FA8BEE2F62F694009B34BD /* macOS (Extension) */ = {
			isa = PBXGroup;
			children = (
				B3FA8BEF2F62F694009B34BD /* Info.plist */,
			);
			path = "macOS (Extension)";
			sourceTree = "<group>";
		};
		B3FA8C0E2F62F695009B34BD /* Resources */ = {
			isa = PBXGroup;
			children = (
				B3FA8C0F2F62F695009B34BD /* manifest.safari.json */,
				B3FA8C102F62F695009B34BD /* popup.js */,
				B3FA8C112F62F695009B34BD /* background.js */,
				B3FA8C122F62F695009B34BD /* popup.html */,
				B3FA8C132F62F695009B34BD /* injection.js */,
				B3FA8C142F62F695009B34BD /* manifest.firefox.json */,
				B3FA8C152F62F695009B34BD /* manifest.chrome.json */,
				B3FA8C162F62F695009B34BD /* manifest.json */,
			);
			name = Resources;
			path = "Shared (Extension)";
			sourceTree = SOURCE_ROOT;
		};
/* End PBXGroup section */

/* Begin PBXNativeTarget section */
		B3FA8BC12F62F694009B34BD /* Teams But Actually Good (iOS) */ = {
			isa = PBXNativeTarget;
			buildConfigurationList = B3FA8C042F62F694009B34BD /* Build configuration list for PBXNativeTarget "Teams But Actually Good (iOS)" */;
			buildPhases = (
				B3FA8BBE2F62F694009B34BD /* Sources */,
				B3FA8BBF2F62F694009B34BD /* Frameworks */,
				B3FA8BC02F62F694009B34BD /* Resources */,
				B3FA8C032F62F694009B34BD /* Embed Foundation Extensions */,
			);
			buildRules = (
			);
			dependencies = (
				B3FA8BE32F62F694009B34BD /* PBXTargetDependency */,
			);
			name = "Teams But Actually Good (iOS)";
			packageProductDependencies = (
			);
			productName = "Teams But Actually Good (iOS)";
			productReference = B3FA8BC22F62F694009B34BD /* Teams But Actually Good.app */;
			productType = "com.apple.product-type.application";
		};
		B3FA8BD32F62F694009B34BD /* Teams But Actually Good (macOS) */ = {
			isa = PBXNativeTarget;
			buildConfigurationList = B3FA8C0B2F62F694009B34BD /* Build configuration list for PBXNativeTarget "Teams But Actually Good (macOS)" */;
			buildPhases = (
				B3FA8BD02F62F694009B34BD /* Sources */,
				B3FA8BD12F62F694009B34BD /* Frameworks */,
				B3FA8BD22F62F694009B34BD /* Resources */,
				B3FA8C0A2F62F694009B34BD /* Embed Foundation Extensions */,
			);
			buildRules = (
			);
			dependencies = (
				B3FA8BED2F62F694009B34BD /* PBXTargetDependency */,
			);
			name = "Teams But Actually Good (macOS)";
			packageProductDependencies = (
			);
			productName = "Teams But Actually Good (macOS)";
			productReference = B3FA8BD42F62F694009B34BD /* Teams But Actually Good.app */;
			productType = "com.apple.product-type.application";
		};
		B3FA8BDF2F62F694009B34BD /* Teams But Actually Good Extension (iOS) */ = {
			isa = PBXNativeTarget;
			buildConfigurationList = B3FA8C002F62F694009B34BD /* Build configuration list for PBXNativeTarget "Teams But Actually Good Extension (iOS)" */;
			buildPhases = (
				B3FA8BDC2F62F694009B34BD /* Sources */,
				B3FA8BDD2F62F694009B34BD /* Frameworks */,
				B3FA8BDE2F62F694009B34BD /* Resources */,
			);
			buildRules = (
			);
			dependencies = (
			);
			name = "Teams But Actually Good Extension (iOS)";
			packageProductDependencies = (
			);
			productName = "Teams But Actually Good Extension (iOS)";
			productReference = B3FA8BE02F62F694009B34BD /* Teams But Actually Good Extension.appex */;
			productType = "com.apple.product-type.app-extension";
		};
		B3FA8BE92F62F694009B34BD /* Teams But Actually Good Extension (macOS) */ = {
			isa = PBXNativeTarget;
			buildConfigurationList = B3FA8C072F62F694009B34BD /* Build configuration list for PBXNativeTarget "Teams But Actually Good Extension (macOS)" */;
			buildPhases = (
				B3FA8BE62F62F694009B34BD /* Sources */,
				B3FA8BE72F62F694009B34BD /* Frameworks */,
				B3FA8BE82F62F694009B34BD /* Resources */,
			);
			buildRules = (
			);
			dependencies = (
			);
			name = "Teams But Actually Good Extension (macOS)";
			packageProductDependencies = (
			);
			productName = "Teams But Actually Good Extension (macOS)";
			productReference = B3FA8BEA2F62F694009B34BD /* Teams But Actually Good Extension.appex */;
			productType = "com.apple.product-type.app-extension";
		};
/* End PBXNativeTarget section */

/* Begin PBXProject section */
		B3FA8BAF2F62F693009B34BD /* Project object */ = {
			isa = PBXProject;
			attributes = {
				BuildIndependentTargetsInParallel = 1;
				LastSwiftUpdateCheck = 2620;
				LastUpgradeCheck = 2620;
				TargetAttributes = {
					B3FA8BC12F62F694009B34BD = {
						CreatedOnToolsVersion = 26.2;
					};
					B3FA8BD32F62F694009B34BD = {
						CreatedOnToolsVersion = 26.2;
					};
					B3FA8BDF2F62F694009B34BD = {
						CreatedOnToolsVersion = 26.2;
					};
					B3FA8BE92F62F694009B34BD = {
						CreatedOnToolsVersion = 26.2;
					};
				};
			};
			buildConfigurationList = B3FA8BB22F62F693009B34BD /* Build configuration list for PBXProject "Teams But Actually Good" */;
			developmentRegion = en;
			hasScannedForEncodings = 0;
			knownRegions = (
				en,
				Base,
			);
			mainGroup = B3FA8BAE2F62F693009B34BD;
			minimizedProjectReferenceProxies = 1;
			preferredProjectObjectVersion = 77;
			productRefGroup = B3FA8BC32F62F694009B34BD /* Products */;
			projectDirPath = "";
			projectRoot = "";
			targets = (
				B3FA8BC12F62F694009B34BD /* Teams But Actually Good (iOS) */,
				B3FA8BD32F62F694009B34BD /* Teams But Actually Good (macOS) */,
				B3FA8BDF2F62F694009B34BD /* Teams But Actually Good Extension (iOS) */,
				B3FA8BE92F62F694009B34BD /* Teams But Actually Good Extension (macOS) */,
			);
		};
/* End PBXProject section */

/* Begin PBXResourcesBuildPhase section */
		B3FA8BC02F62F694009B34BD /* Resources */ = {
			isa = PBXResourcesBuildPhase;
			buildActionMask = 2147483647;
			files = (
				B3FA8BF22F62F694009B34BD /* Icon.png in Resources */,
				B3FA8BCB2F62F694009B34BD /* LaunchScreen.storyboard in Resources */,
				B3FA8BF02F62F694009B34BD /* Main.html in Resources */,
				B3FA8BF62F62F694009B34BD /* Script.js in Resources */,
				B3FA8BFA2F62F694009B34BD /* Assets.xcassets in Resources */,
				B3FA8BCE2F62F694009B34BD /* Main.storyboard in Resources */,
				B3FA8BF42F62F694009B34BD /* Style.css in Resources */,
			);
			runOnlyForDeploymentPostprocessing = 0;
		};
		B3FA8BD22F62F694009B34BD /* Resources */ = {
			isa = PBXResourcesBuildPhase;
			buildActionMask = 2147483647;
			files = (
				B3FA8BF32F62F694009B34BD /* Icon.png in Resources */,
				B3FA8BF52F62F694009B34BD /* Style.css in Resources */,
				B3FA8BDA2F62F694009B34BD /* Main.storyboard in Resources */,
				B3FA8BF72F62F694009B34BD /* Script.js in Resources */,
				B3FA8BFB2F62F694009B34BD /* Assets.xcassets in Resources */,
				B3FA8BF12F62F694009B34BD /* Main.html in Resources */,
			);
			runOnlyForDeploymentPostprocessing = 0;
		};
		B3FA8BDE2F62F694009B34BD /* Resources */ = {
			isa = PBXResourcesBuildPhase;
			buildActionMask = 2147483647;
			files = (
				B3FA8C252F62F695009B34BD /* manifest.chrome.json in Resources */,
				B3FA8C1F2F62F695009B34BD /* manifest.safari.json in Resources */,
				B3FA8C222F62F695009B34BD /* popup.html in Resources */,
				B3FA8C212F62F695009B34BD /* background.js in Resources */,
				B3FA8C262F62F695009B34BD /* manifest.json in Resources */,
				B3FA8C242F62F695009B34BD /* manifest.firefox.json in Resources */,
				B3FA8C202F62F695009B34BD /* popup.js in Resources */,
				B3FA8C232F62F695009B34BD /* injection.js in Resources */,
			);
			runOnlyForDeploymentPostprocessing = 0;
		};
		B3FA8BE82F62F694009B34BD /* Resources */ = {
			isa = PBXResourcesBuildPhase;
			buildActionMask = 2147483647;
			files = (
				B3FA8C1D2F62F695009B34BD /* manifest.chrome.json in Resources */,
				B3FA8C172F62F695009B34BD /* manifest.safari.json in Resources */,
				B3FA8C1A2F62F695009B34BD /* popup.html in Resources */,
				B3FA8C192F62F695009B34BD /* background.js in Resources */,
				B3FA8C1E2F62F695009B34BD /* manifest.json in Resources */,
				B3FA8C1C2F62F695009B34BD /* manifest.firefox.json in Resources */,
				B3FA8C182F62F695009B34BD /* popup.js in Resources */,
				B3FA8C1B2F62F695009B34BD /* injection.js in Resources */,
			);
			runOnlyForDeploymentPostprocessing = 0;
		};
/* End PBXResourcesBuildPhase section */

/* Begin PBXSourcesBuildPhase section */
		B3FA8BBE2F62F694009B34BD /* Sources */ = {
			isa = PBXSourcesBuildPhase;
			buildActionMask = 2147483647;
			files = (
				B3FA8BF82F62F694009B34BD /* ViewController.swift in Sources */,
				B3FA8BC62F62F694009B34BD /* AppDelegate.swift in Sources */,
				B3FA8BC82F62F694009B34BD /* SceneDelegate.swift in Sources */,
			);
			runOnlyForDeploymentPostprocessing = 0;
		};
		B3FA8BD02F62F694009B34BD /* Sources */ = {
			isa = PBXSourcesBuildPhase;
			buildActionMask = 2147483647;
			files = (
				B3FA8BF92F62F694009B34BD /* ViewController.swift in Sources */,
				B3FA8BD72F62F694009B34BD /* AppDelegate.swift in Sources */,
			);
			runOnlyForDeploymentPostprocessing = 0;
		};
		B3FA8BDC2F62F694009B34BD /* Sources */ = {
			isa = PBXSourcesBuildPhase;
			buildActionMask = 2147483647;
			files = (
				B3FA8BFC2F62F694009B34BD /* SafariWebExtensionHandler.swift in Sources */,
			);
			runOnlyForDeploymentPostprocessing = 0;
		};
		B3FA8BE62F62F694009B34BD /* Sources */ = {
			isa = PBXSourcesBuildPhase;
			buildActionMask = 2147483647;
			files = (
				B3FA8BFD2F62F694009B34BD /* SafariWebExtensionHandler.swift in Sources */,
			);
			runOnlyForDeploymentPostprocessing = 0;
		};
/* End PBXSourcesBuildPhase section */

/* Begin PBXTargetDependency section */
		B3FA8BE32F62F694009B34BD /* PBXTargetDependency */ = {
			isa = PBXTargetDependency;
			target = B3FA8BDF2F62F694009B34BD /* Teams But Actually Good Extension (iOS) */;
			targetProxy = B3FA8BE22F62F694009B34BD /* PBXContainerItemProxy */;
		};
		B3FA8BED2F62F694009B34BD /* PBXTargetDependency */ = {
			isa = PBXTargetDependency;
			target = B3FA8BE92F62F694009B34BD /* Teams But Actually Good Extension (macOS) */;
			targetProxy = B3FA8BEC2F62F694009B34BD /* PBXContainerItemProxy */;
		};
/* End PBXTargetDependency section */

/* Begin PBXVariantGroup section */
		B3FA8BB52F62F694009B34BD /* Main.html */ = {
			isa = PBXVariantGroup;
			children = (
				B3FA8BB62F62F694009B34BD /* Base */,
			);
			name = Main.html;
			sourceTree = "<group>";
		};
		B3FA8BC92F62F694009B34BD /* LaunchScreen.storyboard */ = {
			isa = PBXVariantGroup;
			children = (
				B3FA8BCA2F62F694009B34BD /* Base */,
			);
			name = LaunchScreen.storyboard;
			sourceTree = "<group>";
		};
		B3FA8BCC2F62F694009B34BD /* Main.storyboard */ = {
			isa = PBXVariantGroup;
			children = (
				B3FA8BCD2F62F694009B34BD /* Base */,
			);
			name = Main.storyboard;
			sourceTree = "<group>";
		};
		B3FA8BD82F62F694009B34BD /* Main.storyboard */ = {
			isa = PBXVariantGroup;
			children = (
				B3FA8BD92F62F694009B34BD /* Base */,
			);
			name = Main.storyboard;
			sourceTree = "<group>";
		};
/* End PBXVariantGroup section */

/* Begin XCBuildConfiguration section */
		B3FA8BFE2F62F694009B34BD /* Debug */ = {
			isa = XCBuildConfiguration;
			buildSettings = {
				ALWAYS_SEARCH_USER_PATHS = NO;
				ASSETCATALOG_COMPILER_GENERATE_SWIFT_ASSET_SYMBOL_EXTENSIONS = YES;
				CLANG_ANALYZER_NONNULL = YES;
				CLANG_ANALYZER_NUMBER_OBJECT_CONVERSION = YES_AGGRESSIVE;
				CLANG_CXX_LANGUAGE_STANDARD = "gnu++20";
				CLANG_ENABLE_MODULES = YES;
				CLANG_ENABLE_OBJC_ARC = YES;
				CLANG_ENABLE_OBJC_WEAK = YES;
				CLANG_WARN_BLOCK_CAPTURE_AUTORELEASING = YES;
				CLANG_WARN_BOOL_CONVERSION = YES;
				CLANG_WARN_COMMA = YES;
				CLANG_WARN_CONSTANT_CONVERSION = YES;
				CLANG_WARN_DEPRECATED_OBJC_IMPLEMENTATIONS = YES;
				CLANG_WARN_DIRECT_OBJC_ISA_USAGE = YES_ERROR;
				CLANG_WARN_DOCUMENTATION_COMMENTS = YES;
				CLANG_WARN_EMPTY_BODY = YES;
				CLANG_WARN_ENUM_CONVERSION = YES;
				CLANG_WARN_INFINITE_RECURSION = YES;
				CLANG_WARN_INT_CONVERSION = YES;
				CLANG_WARN_NON_LITERAL_NULL_CONVERSION = YES;
				CLANG_WARN_OBJC_IMPLICIT_RETAIN_SELF = YES;
				CLANG_WARN_OBJC_LITERAL_CONVERSION = YES;
				CLANG_WARN_OBJC_ROOT_CLASS = YES_ERROR;
				CLANG_WARN_QUOTED_INCLUDE_IN_FRAMEWORK_HEADER = YES;
				CLANG_WARN_RANGE_LOOP_ANALYSIS = YES;
				CLANG_WARN_STRICT_PROTOTYPES = YES;
				CLANG_WARN_SUSPICIOUS_MOVE = YES;
				CLANG_WARN_UNGUARDED_AVAILABILITY = YES_AGGRESSIVE;
				CLANG_WARN_UNREACHABLE_CODE = YES;
				CLANG_WARN__DUPLICATE_METHOD_MATCH = YES;
				COPY_PHASE_STRIP = NO;
				DEBUG_INFORMATION_FORMAT = dwarf;
				ENABLE_STRICT_OBJC_MSGSEND = YES;
				ENABLE_TESTABILITY = YES;
				ENABLE_USER_SCRIPT_SANDBOXING = YES;
				GCC_C_LANGUAGE_STANDARD = gnu17;
				GCC_DYNAMIC_NO_PIC = NO;
				GCC_NO_COMMON_BLOCKS = YES;
				GCC_OPTIMIZATION_LEVEL = 0;
				GCC_PREPROCESSOR_DEFINITIONS = (
					"DEBUG=1",
					"$(inherited)",
				);
				GCC_WARN_64_TO_32_BIT_CONVERSION = YES;
				GCC_WARN_ABOUT_RETURN_TYPE = YES_ERROR;
				GCC_WARN_UNDECLARED_SELECTOR = YES;
				GCC_WARN_UNINITIALIZED_AUTOS = YES_AGGRESSIVE;
				GCC_WARN_UNUSED_FUNCTION = YES;
				GCC_WARN_UNUSED_VARIABLE = YES;
				LOCALIZATION_PREFERS_STRING_CATALOGS = YES;
				MTL_ENABLE_DEBUG_INFO = INCLUDE_SOURCE;
				MTL_FAST_MATH = YES;
				ONLY_ACTIVE_ARCH = YES;
				SWIFT_ACTIVE_COMPILATION_CONDITIONS = "DEBUG $(inherited)";
				SWIFT_OPTIMIZATION_LEVEL = "-Onone";
			};
			name = Debug;
		};
		B3FA8BFF2F62F694009B34BD /* Release */ = {
			isa = XCBuildConfiguration;
			buildSettings = {
				ALWAYS_SEARCH_USER_PATHS = NO;
				ASSETCATALOG_COMPILER_GENERATE_SWIFT_ASSET_SYMBOL_EXTENSIONS = YES;
				CLANG_ANALYZER_NONNULL = YES;
				CLANG_ANALYZER_NUMBER_OBJECT_CONVERSION = YES_AGGRESSIVE;
				CLANG_CXX_LANGUAGE_STANDARD = "gnu++20";
				CLANG_ENABLE_MODULES = YES;
				CLANG_ENABLE_OBJC_ARC = YES;
				CLANG_ENABLE_OBJC_WEAK = YES;
				CLANG_WARN_BLOCK_CAPTURE_AUTORELEASING = YES;
				CLANG_WARN_BOOL_CONVERSION = YES;
				CLANG_WARN_COMMA = YES;
				CLANG_WARN_CONSTANT_CONVERSION = YES;
				CLANG_WARN_DEPRECATED_OBJC_IMPLEMENTATIONS = YES;
				CLANG_WARN_DIRECT_OBJC_ISA_USAGE = YES_ERROR;
				CLANG_WARN_DOCUMENTATION_COMMENTS = YES;
				CLANG_WARN_EMPTY_BODY = YES;
				CLANG_WARN_ENUM_CONVERSION = YES;
				CLANG_WARN_INFINITE_RECURSION = YES;
				CLANG_WARN_INT_CONVERSION = YES;
				CLANG_WARN_NON_LITERAL_NULL_CONVERSION = YES;
				CLANG_WARN_OBJC_IMPLICIT_RETAIN_SELF = YES;
				CLANG_WARN_OBJC_LITERAL_CONVERSION = YES;
				CLANG_WARN_OBJC_ROOT_CLASS = YES_ERROR;
				CLANG_WARN_QUOTED_INCLUDE_IN_FRAMEWORK_HEADER = YES;
				CLANG_WARN_RANGE_LOOP_ANALYSIS = YES;
				CLANG_WARN_STRICT_PROTOTYPES = YES;
				CLANG_WARN_SUSPICIOUS_MOVE = YES;
				CLANG_WARN_UNGUARDED_AVAILABILITY = YES_AGGRESSIVE;
				CLANG_WARN_UNREACHABLE_CODE = YES;
				CLANG_WARN__DUPLICATE_METHOD_MATCH = YES;
				COPY_PHASE_STRIP = NO;
				DEBUG_INFORMATION_FORMAT = "dwarf-with-dsym";
				ENABLE_NS_ASSERTIONS = NO;
				ENABLE_STRICT_OBJC_MSGSEND = YES;
				ENABLE_USER_SCRIPT_SANDBOXING = YES;
				GCC_C_LANGUAGE_STANDARD = gnu17;
				GCC_NO_COMMON_BLOCKS = YES;
				GCC_WARN_64_TO_32_BIT_CONVERSION = YES;
				GCC_WARN_ABOUT_RETURN_TYPE = YES_ERROR;
				GCC_WARN_UNDECLARED_SELECTOR = YES;
				GCC_WARN_UNINITIALIZED_AUTOS = YES_AGGRESSIVE;
				GCC_WARN_UNUSED_FUNCTION = YES;
				GCC_WARN_UNUSED_VARIABLE = YES;
				LOCALIZATION_PREFERS_STRING_CATALOGS = YES;
				MTL_ENABLE_DEBUG_INFO = NO;
				MTL_FAST_MATH = YES;
				SWIFT_COMPILATION_MODE = wholemodule;
			};
			name = Release;
		};
		B3FA8C012F62F694009B34BD /* Debug */ = {
			isa = XCBuildConfiguration;
			buildSettings = {
				CODE_SIGN_STYLE = Automatic;
				CURRENT_PROJECT_VERSION = 1;
				DEVELOPMENT_TEAM = WB4C79N2JW;
				GENERATE_INFOPLIST_FILE = YES;
				INFOPLIST_FILE = "iOS (Extension)/Info.plist";
				INFOPLIST_KEY_CFBundleDisplayName = "Teams But Actually Good Extension";
				INFOPLIST_KEY_NSHumanReadableCopyright = "";
				IPHONEOS_DEPLOYMENT_TARGET = 15.0;
				LD_RUNPATH_SEARCH_PATHS = (
					"$(inherited)",
					"@executable_path/Frameworks",
					"@executable_path/../../Frameworks",
				);
				MARKETING_VERSION = 1.0;
				OTHER_LDFLAGS = (
					"-framework",
					SafariServices,
				);
				PRODUCT_BUNDLE_IDENTIFIER = "com.leonimust.teams-but-actually-good.Extension";
				PRODUCT_NAME = "Teams But Actually Good Extension";
				SDKROOT = iphoneos;
				SKIP_INSTALL = YES;
				STRING_CATALOG_GENERATE_SYMBOLS = YES;
				SWIFT_APPROACHABLE_CONCURRENCY = YES;
				SWIFT_EMIT_LOC_STRINGS = YES;
				SWIFT_UPCOMING_FEATURE_MEMBER_IMPORT_VISIBILITY = YES;
				SWIFT_VERSION = 5.0;
				TARGETED_DEVICE_FAMILY = "1,2";
			};
			name = Debug;
		};
		B3FA8C022F62F694009B34BD /* Release */ = {
			isa = XCBuildConfiguration;
			buildSettings = {
				CODE_SIGN_STYLE = Automatic;
				CURRENT_PROJECT_VERSION = 1;
				DEVELOPMENT_TEAM = WB4C79N2JW;
				GENERATE_INFOPLIST_FILE = YES;
				INFOPLIST_FILE = "iOS (Extension)/Info.plist";
				INFOPLIST_KEY_CFBundleDisplayName = "Teams But Actually Good Extension";
				INFOPLIST_KEY_NSHumanReadableCopyright = "";
				IPHONEOS_DEPLOYMENT_TARGET = 15.0;
				LD_RUNPATH_SEARCH_PATHS = (
					"$(inherited)",
					"@executable_path/Frameworks",
					"@executable_path/../../Frameworks",
				);
				MARKETING_VERSION = 1.0;
				OTHER_LDFLAGS = (
					"-framework",
					SafariServices,
				);
				PRODUCT_BUNDLE_IDENTIFIER = "com.leonimust.teams-but-actually-good.Extension";
				PRODUCT_NAME = "Teams But Actually Good Extension";
				SDKROOT = iphoneos;
				SKIP_INSTALL = YES;
				STRING_CATALOG_GENERATE_SYMBOLS = YES;
				SWIFT_APPROACHABLE_CONCURRENCY = YES;
				SWIFT_EMIT_LOC_STRINGS = YES;
				SWIFT_UPCOMING_FEATURE_MEMBER_IMPORT_VISIBILITY = YES;
				SWIFT_VERSION = 5.0;
				TARGETED_DEVICE_FAMILY = "1,2";
				VALIDATE_PRODUCT = YES;
			};
			name = Release;
		};
		B3FA8C052F62F694009B34BD /* Debug */ = {
			isa = XCBuildConfiguration;
			buildSettings = {
				ASSETCATALOG_COMPILER_APPICON_NAME = AppIcon;
				ASSETCATALOG_COMPILER_GLOBAL_ACCENT_COLOR_NAME = AccentColor;
				CODE_SIGN_STYLE = Automatic;
				CURRENT_PROJECT_VERSION = 1;
				DEVELOPMENT_TEAM = WB4C79N2JW;
				GENERATE_INFOPLIST_FILE = YES;
				INFOPLIST_FILE = "iOS (App)/Info.plist";
				INFOPLIST_KEY_CFBundleDisplayName = "Teams But Actually Good";
				INFOPLIST_KEY_UIApplicationSupportsIndirectInputEvents = YES;
				INFOPLIST_KEY_UILaunchStoryboardName = LaunchScreen;
				INFOPLIST_KEY_UIMainStoryboardFile = Main;
				INFOPLIST_KEY_UISupportedInterfaceOrientations = "UIInterfaceOrientationPortrait UIInterfaceOrientationLandscapeLeft UIInterfaceOrientationLandscapeRight";
				INFOPLIST_KEY_UISupportedInterfaceOrientations_iPad = "UIInterfaceOrientationPortrait UIInterfaceOrientationPortraitUpsideDown UIInterfaceOrientationLandscapeLeft UIInterfaceOrientationLandscapeRight";
				IPHONEOS_DEPLOYMENT_TARGET = 15.0;
				LD_RUNPATH_SEARCH_PATHS = (
					"$(inherited)",
					"@executable_path/Frameworks",
				);
				MARKETING_VERSION = 1.0;
				OTHER_LDFLAGS = (
					"-framework",
					SafariServices,
					"-framework",
					WebKit,
				);
				PRODUCT_BUNDLE_IDENTIFIER = "com.leonimust.teams-but-actually-good";
				PRODUCT_NAME = "Teams But Actually Good";
				SDKROOT = iphoneos;
				STRING_CATALOG_GENERATE_SYMBOLS = YES;
				SWIFT_APPROACHABLE_CONCURRENCY = YES;
				SWIFT_DEFAULT_ACTOR_ISOLATION = MainActor;
				SWIFT_EMIT_LOC_STRINGS = YES;
				SWIFT_UPCOMING_FEATURE_MEMBER_IMPORT_VISIBILITY = YES;
				SWIFT_VERSION = 5.0;
				TARGETED_DEVICE_FAMILY = "1,2";
			};
			name = Debug;
		};
		B3FA8C062F62F694009B34BD /* Release */ = {
			isa = XCBuildConfiguration;
			buildSettings = {
				ASSETCATALOG_COMPILER_APPICON_NAME = AppIcon;
				ASSETCATALOG_COMPILER_GLOBAL_ACCENT_COLOR_NAME = AccentColor;
				CODE_SIGN_STYLE = Automatic;
				CURRENT_PROJECT_VERSION = 1;
				DEVELOPMENT_TEAM = WB4C79N2JW;
				GENERATE_INFOPLIST_FILE = YES;
				INFOPLIST_FILE = "iOS (App)/Info.plist";
				INFOPLIST_KEY_CFBundleDisplayName = "Teams But Actually Good";
				INFOPLIST_KEY_UIApplicationSupportsIndirectInputEvents = YES;
				INFOPLIST_KEY_UILaunchStoryboardName = LaunchScreen;
				INFOPLIST_KEY_UIMainStoryboardFile = Main;
				INFOPLIST_KEY_UISupportedInterfaceOrientations = "UIInterfaceOrientationPortrait UIInterfaceOrientationLandscapeLeft UIInterfaceOrientationLandscapeRight";
				INFOPLIST_KEY_UISupportedInterfaceOrientations_iPad = "UIInterfaceOrientationPortrait UIInterfaceOrientationPortraitUpsideDown UIInterfaceOrientationLandscapeLeft UIInterfaceOrientationLandscapeRight";
				IPHONEOS_DEPLOYMENT_TARGET = 15.0;
				LD_RUNPATH_SEARCH_PATHS = (
					"$(inherited)",
					"@executable_path/Frameworks",
				);
				MARKETING_VERSION = 1.0;
				OTHER_LDFLAGS = (
					"-framework",
					SafariServices,
					"-framework",
					WebKit,
				);
				PRODUCT_BUNDLE_IDENTIFIER = "com.leonimust.teams-but-actually-good";
				PRODUCT_NAME = "Teams But Actually Good";
				SDKROOT = iphoneos;
				STRING_CATALOG_GENERATE_SYMBOLS = YES;
				SWIFT_APPROACHABLE_CONCURRENCY = YES;
				SWIFT_DEFAULT_ACTOR_ISOLATION = MainActor;
				SWIFT_EMIT_LOC_STRINGS = YES;
				SWIFT_UPCOMING_FEATURE_MEMBER_IMPORT_VISIBILITY = YES;
				SWIFT_VERSION = 5.0;
				TARGETED_DEVICE_FAMILY = "1,2";
				VALIDATE_PRODUCT = YES;
			};
			name = Release;
		};
		B3FA8C082F62F694009B34BD /* Debug */ = {
			isa = XCBuildConfiguration;
			buildSettings = {
				CODE_SIGN_STYLE = Automatic;
				CURRENT_PROJECT_VERSION = 1;
				DEVELOPMENT_TEAM = WB4C79N2JW;
				ENABLE_APP_SANDBOX = YES;
				ENABLE_HARDENED_RUNTIME = YES;
				ENABLE_USER_SELECTED_FILES = readonly;
				GENERATE_INFOPLIST_FILE = YES;
				INFOPLIST_FILE = "macOS (Extension)/Info.plist";
				INFOPLIST_KEY_CFBundleDisplayName = "Teams But Actually Good Extension";
				INFOPLIST_KEY_NSHumanReadableCopyright = "";
				LD_RUNPATH_SEARCH_PATHS = (
					"$(inherited)",
					"@executable_path/../Frameworks",
					"@executable_path/../../../../Frameworks",
				);
				MACOSX_DEPLOYMENT_TARGET = 10.14;
				MARKETING_VERSION = 1.0;
				OTHER_LDFLAGS = (
					"-framework",
					SafariServices,
				);
				PRODUCT_BUNDLE_IDENTIFIER = "com.leonimust.teams-but-actually-good.Extension";
				PRODUCT_NAME = "Teams But Actually Good Extension";
				SDKROOT = macosx;
				SKIP_INSTALL = YES;
				STRING_CATALOG_GENERATE_SYMBOLS = YES;
				SWIFT_APPROACHABLE_CONCURRENCY = YES;
				SWIFT_EMIT_LOC_STRINGS = YES;
				SWIFT_UPCOMING_FEATURE_MEMBER_IMPORT_VISIBILITY = YES;
				SWIFT_VERSION = 5.0;
			};
			name = Debug;
		};
		B3FA8C092F62F694009B34BD /* Release */ = {
			isa = XCBuildConfiguration;
			buildSettings = {
				CODE_SIGN_STYLE = Automatic;
				CURRENT_PROJECT_VERSION = 1;
				DEVELOPMENT_TEAM = WB4C79N2JW;
				ENABLE_APP_SANDBOX = YES;
				ENABLE_HARDENED_RUNTIME = YES;
				ENABLE_USER_SELECTED_FILES = readonly;
				GENERATE_INFOPLIST_FILE = YES;
				INFOPLIST_FILE = "macOS (Extension)/Info.plist";
				INFOPLIST_KEY_CFBundleDisplayName = "Teams But Actually Good Extension";
				INFOPLIST_KEY_NSHumanReadableCopyright = "";
				LD_RUNPATH_SEARCH_PATHS = (
					"$(inherited)",
					"@executable_path/../Frameworks",
					"@executable_path/../../../../Frameworks",
				);
				MACOSX_DEPLOYMENT_TARGET = 10.14;
				MARKETING_VERSION = 1.0;
				OTHER_LDFLAGS = (
					"-framework",
					SafariServices,
				);
				PRODUCT_BUNDLE_IDENTIFIER = "com.leonimust.teams-but-actually-good.Extension";
				PRODUCT_NAME = "Teams But Actually Good Extension";
				SDKROOT = macosx;
				SKIP_INSTALL = YES;
				STRING_CATALOG_GENERATE_SYMBOLS = YES;
				SWIFT_APPROACHABLE_CONCURRENCY = YES;
				SWIFT_EMIT_LOC_STRINGS = YES;
				SWIFT_UPCOMING_FEATURE_MEMBER_IMPORT_VISIBILITY = YES;
				SWIFT_VERSION = 5.0;
			};
			name = Release;
		};
		B3FA8C0C2F62F694009B34BD /* Debug */ = {
			isa = XCBuildConfiguration;
			buildSettings = {
				ASSETCATALOG_COMPILER_APPICON_NAME = AppIcon;
				ASSETCATALOG_COMPILER_GLOBAL_ACCENT_COLOR_NAME = AccentColor;
				CODE_SIGN_STYLE = Automatic;
				CURRENT_PROJECT_VERSION = 1;
				DEVELOPMENT_TEAM = WB4C79N2JW;
				ENABLE_APP_SANDBOX = YES;
				ENABLE_HARDENED_RUNTIME = YES;
				ENABLE_OUTGOING_NETWORK_CONNECTIONS = YES;
				ENABLE_USER_SELECTED_FILES = readonly;
				GENERATE_INFOPLIST_FILE = YES;
				INFOPLIST_FILE = "macOS (App)/Info.plist";
				INFOPLIST_KEY_CFBundleDisplayName = "Teams But Actually Good";
				INFOPLIST_KEY_NSMainStoryboardFile = Main;
				INFOPLIST_KEY_NSPrincipalClass = NSApplication;
				LD_RUNPATH_SEARCH_PATHS = (
					"$(inherited)",
					"@executable_path/../Frameworks",
				);
				MACOSX_DEPLOYMENT_TARGET = 10.14;
				MARKETING_VERSION = 1.0;
				OTHER_LDFLAGS = (
					"-framework",
					SafariServices,
					"-framework",
					WebKit,
				);
				PRODUCT_BUNDLE_IDENTIFIER = "com.leonimust.teams-but-actually-good";
				PRODUCT_NAME = "Teams But Actually Good";
				REGISTER_APP_GROUPS = YES;
				SDKROOT = macosx;
				STRING_CATALOG_GENERATE_SYMBOLS = YES;
				SWIFT_APPROACHABLE_CONCURRENCY = YES;
				SWIFT_DEFAULT_ACTOR_ISOLATION = MainActor;
				SWIFT_EMIT_LOC_STRINGS = YES;
				SWIFT_UPCOMING_FEATURE_MEMBER_IMPORT_VISIBILITY = YES;
				SWIFT_VERSION = 5.0;
			};
			name = Debug;
		};
		B3FA8C0D2F62F694009B34BD /* Release */ = {
			isa = XCBuildConfiguration;
			buildSettings = {
				ASSETCATALOG_COMPILER_APPICON_NAME = AppIcon;
				ASSETCATALOG_COMPILER_GLOBAL_ACCENT_COLOR_NAME = AccentColor;
				CODE_SIGN_STYLE = Automatic;
				CURRENT_PROJECT_VERSION = 1;
				DEVELOPMENT_TEAM = WB4C79N2JW;
				ENABLE_APP_SANDBOX = YES;
				ENABLE_HARDENED_RUNTIME = YES;
				ENABLE_OUTGOING_NETWORK_CONNECTIONS = YES;
				ENABLE_USER_SELECTED_FILES = readonly;
				GENERATE_INFOPLIST_FILE = YES;
				INFOPLIST_FILE = "macOS (App)/Info.plist";
				INFOPLIST_KEY_CFBundleDisplayName = "Teams But Actually Good";
				INFOPLIST_KEY_NSMainStoryboardFile = Main;
				INFOPLIST_KEY_NSPrincipalClass = NSApplication;
				LD_RUNPATH_SEARCH_PATHS = (
					"$(inherited)",
					"@executable_path/../Frameworks",
				);
				MACOSX_DEPLOYMENT_TARGET = 10.14;
				MARKETING_VERSION = 1.0;
				OTHER_LDFLAGS = (
					"-framework",
					SafariServices,
					"-framework",
					WebKit,
				);
				PRODUCT_BUNDLE_IDENTIFIER = "com.leonimust.teams-but-actually-good";
				PRODUCT_NAME = "Teams But Actually Good";
				REGISTER_APP_GROUPS = YES;
				SDKROOT = macosx;
				STRING_CATALOG_GENERATE_SYMBOLS = YES;
				SWIFT_APPROACHABLE_CONCURRENCY = YES;
				SWIFT_DEFAULT_ACTOR_ISOLATION = MainActor;
				SWIFT_EMIT_LOC_STRINGS = YES;
				SWIFT_UPCOMING_FEATURE_MEMBER_IMPORT_VISIBILITY = YES;
				SWIFT_VERSION = 5.0;
			};
			name = Release;
		};
/* End XCBuildConfiguration section */

/* Begin XCConfigurationList section */
		B3FA8BB22F62F693009B34BD /* Build configuration list for PBXProject "Teams But Actually Good" */ = {
			isa = XCConfigurationList;
			buildConfigurations = (
				B3FA8BFE2F62F694009B34BD /* Debug */,
				B3FA8BFF2F62F694009B34BD /* Release */,
			);
			defaultConfigurationIsVisible = 0;
			defaultConfigurationName = Release;
		};
		B3FA8C002F62F694009B34BD /* Build configuration list for PBXNativeTarget "Teams But Actually Good Extension (iOS)" */ = {
			isa = XCConfigurationList;
			buildConfigurations = (
				B3FA8C012F62F694009B34BD /* Debug */,
				B3FA8C022F62F694009B34BD /* Release */,
			);
			defaultConfigurationIsVisible = 0;
			defaultConfigurationName = Release;
		};
		B3FA8C042F62F694009B34BD /* Build configuration list for PBXNativeTarget "Teams But Actually Good (iOS)" */ = {
			isa = XCConfigurationList;
			buildConfigurations = (
				B3FA8C052F62F694009B34BD /* Debug */,
				B3FA8C062F62F694009B34BD /* Release */,
			);
			defaultConfigurationIsVisible = 0;
			defaultConfigurationName = Release;
		};
		B3FA8C072F62F694009B34BD /* Build configuration list for PBXNativeTarget "Teams But Actually Good Extension (macOS)" */ = {
			isa = XCConfigurationList;
			buildConfigurations = (
				B3FA8C082F62F694009B34BD /* Debug */,
				B3FA8C092F62F694009B34BD /* Release */,
			);
			defaultConfigurationIsVisible = 0;
			defaultConfigurationName = Release;
		};
		B3FA8C0B2F62F694009B34BD /* Build configuration list for PBXNativeTarget "Teams But Actually Good (macOS)" */ = {
			isa = XCConfigurationList;
			buildConfigurations = (
				B3FA8C0C2F62F694009B34BD /* Debug */,
				B3FA8C0D2F62F694009B34BD /* Release */,
			);
			defaultConfigurationIsVisible = 0;
			defaultConfigurationName = Release;
		};
/* End XCConfigurationList section */
	};
	rootObject = B3FA8BAF2F62F693009B34BD /* Project object */;
}
